// !$*UTF8*$!
{
	archiveVersion = 1;
	classes = {
	};
	objectVersion = 46;
	objects = {

/* Begin PBXBuildFile section */
		A6042AD91C3163E1004FA052 /* openningBGM2.mp3 in Resources */ = {isa = PBXBuildFile; fileRef = A6042AD81C3163E1004FA052 /* openningBGM2.mp3 */; };
		A6042ADC1C326763004FA052 /* SingleSceneViewController.m in Sources */ = {isa = PBXBuildFile; fileRef = A6042ADB1C326763004FA052 /* SingleSceneViewController.m */; };
		A6042D5E1C3A8AFB004FA052 /* Main.storyboard in Resources */ = {isa = PBXBuildFile; fileRef = A6CC8EAF1C24008200D9E9B1 /* Main.storyboard */; };
		A6CC8EA81C24008200D9E9B1 /* main.m in Sources */ = {isa = PBXBuildFile; fileRef = A6CC8EA71C24008200D9E9B1 /* main.m */; };
		A6CC8EAB1C24008200D9E9B1 /* AppDelegate.m in Sources */ = {isa = PBXBuildFile; fileRef = A6CC8EAA1C24008200D9E9B1 /* AppDelegate.m */; };
		A6CC8EB31C24008200D9E9B1 /* Assets.xcassets in Resources */ = {isa = PBXBuildFile; fileRef = A6CC8EB21C24008200D9E9B1 /* Assets.xcassets */; };
		A6CC8F161C24050800D9E9B1 /* OpenningViewController.m in Sources */ = {isa = PBXBuildFile; fileRef = A6CC8F151C24050800D9E9B1 /* OpenningViewController.m */; };
		A6CC8F1D1C2446BD00D9E9B1 /* ParkViewController.m in Sources */ = {isa = PBXBuildFile; fileRef = A6CC8F1C1C2446BD00D9E9B1 /* ParkViewController.m */; };
		A6CC8F231C24527700D9E9B1 /* CharacterViewController.m in Sources */ = {isa = PBXBuildFile; fileRef = A6CC8F221C24527700D9E9B1 /* CharacterViewController.m */; };
		A6CFE94E1C247A0400623DBB /* One5ViewController.m in Sources */ = {isa = PBXBuildFile; fileRef = A6CFE94D1C247A0400623DBB /* One5ViewController.m */; };
		A6CFE9531C2493B000623DBB /* StationViewController.m in Sources */ = {isa = PBXBuildFile; fileRef = A6CFE9521C2493B000623DBB /* StationViewController.m */; };
		A6CFE9611C24997D00623DBB /* A.mp3 in Resources */ = {isa = PBXBuildFile; fileRef = A6CFE9561C24997D00623DBB /* A.mp3 */; };
		A6CFE9621C24997D00623DBB /* F.mp3 in Resources */ = {isa = PBXBuildFile; fileRef = A6CFE9571C24997D00623DBB /* F.mp3 */; };
		A6CFE9631C24997D00623DBB /* E.mp3 in Resources */ = {isa = PBXBuildFile; fileRef = A6CFE9581C24997D00623DBB /* E.mp3 */; };
		A6CFE9651C24997D00623DBB /* D.mp3 in Resources */ = {isa = PBXBuildFile; fileRef = A6CFE95A1C24997D00623DBB /* D.mp3 */; };
		A6CFE9661C24997D00623DBB /* H.mp3 in Resources */ = {isa = PBXBuildFile; fileRef = A6CFE95B1C24997D00623DBB /* H.mp3 */; };
		A6CFE9671C24997D00623DBB /* I.mp3 in Resources */ = {isa = PBXBuildFile; fileRef = A6CFE95C1C24997D00623DBB /* I.mp3 */; };
		A6CFE9681C24997D00623DBB /* G.mp3 in Resources */ = {isa = PBXBuildFile; fileRef = A6CFE95D1C24997D00623DBB /* G.mp3 */; };
		A6CFE96A1C24997D00623DBB /* J.mp3 in Resources */ = {isa = PBXBuildFile; fileRef = A6CFE95F1C24997D00623DBB /* J.mp3 */; };
		A6CFE96F1C249D9700623DBB /* CintinGlobalData.m in Sources */ = {isa = PBXBuildFile; fileRef = A6CFE96E1C249D9700623DBB /* CintinGlobalData.m */; };
		A6CFE9711C24A58C00623DBB /* AudioToolbox.framework in Frameworks */ = {isa = PBXBuildFile; fileRef = A6CFE9701C24A58C00623DBB /* AudioToolbox.framework */; };
		A6CFE9731C24A59200623DBB /* AVFoundation.framework in Frameworks */ = {isa = PBXBuildFile; fileRef = A6CFE9721C24A59200623DBB /* AVFoundation.framework */; };
		A6D4885A1C2EBB4E00186A04 /* C.mp3 in Resources */ = {isa = PBXBuildFile; fileRef = A6D488591C2EBB4E00186A04 /* C.mp3 */; };
		A6D4885D1C2ED8CE00186A04 /* FlowerShopViewController.m in Sources */ = {isa = PBXBuildFile; fileRef = A6D4885C1C2ED8CE00186A04 /* FlowerShopViewController.m */; };
		A6DAB5D41C257320001CD22A /* GeneralViewController.m in Sources */ = {isa = PBXBuildFile; fileRef = A6DAB5D31C257320001CD22A /* GeneralViewController.m */; };
		A6DAB5D71C25765F001CD22A /* CafeViewController.m in Sources */ = {isa = PBXBuildFile; fileRef = A6DAB5D61C25765F001CD22A /* CafeViewController.m */; };
		A6DAB5D91C25AB2D001CD22A /* B.mp3 in Resources */ = {isa = PBXBuildFile; fileRef = A6DAB5D81C25AB2D001CD22A /* B.mp3 */; };
		A6FABD331C3CC21D00CF3EE2 /* cover_1@2x.jpg in Resources */ = {isa = PBXBuildFile; fileRef = A6FABCCC1C3CC21D00CF3EE2 /* cover_1@2x.jpg */; };
		A6FABD341C3CC21D00CF3EE2 /* cover_2@2x.jpg in Resources */ = {isa = PBXBuildFile; fileRef = A6FABCCD1C3CC21D00CF3EE2 /* cover_2@2x.jpg */; };
		A6FABD351C3CC21D00CF3EE2 /* cover_3@2x.jpg in Resources */ = {isa = PBXBuildFile; fileRef = A6FABCCE1C3CC21D00CF3EE2 /* cover_3@2x.jpg */; };
		A6FABD361C3CC21D00CF3EE2 /* cover_play@2x.png in Resources */ = {isa = PBXBuildFile; fileRef = A6FABCCF1C3CC21D00CF3EE2 /* cover_play@2x.png */; };
		A6FABD381C3CC21D00CF3EE2 /* 1-1@2x.png in Resources */ = {isa = PBXBuildFile; fileRef = A6FABCD21C3CC21D00CF3EE2 /* 1-1@2x.png */; };
		A6FABD391C3CC21D00CF3EE2 /* 1-2@2x.png in Resources */ = {isa = PBXBuildFile; fileRef = A6FABCD31C3CC21D00CF3EE2 /* 1-2@2x.png */; };
		A6FABD3A1C3CC21D00CF3EE2 /* 1-3@2x.png in Resources */ = {isa = PBXBuildFile; fileRef = A6FABCD41C3CC21D00CF3EE2 /* 1-3@2x.png */; };
		A6FABD3B1C3CC21D00CF3EE2 /* 1-4_end@2x.png in Resources */ = {isa = PBXBuildFile; fileRef = A6FABCD51C3CC21D00CF3EE2 /* 1-4_end@2x.png */; };
		A6FABD3C1C3CC21D00CF3EE2 /* 1-4_long@2x.png in Resources */ = {isa = PBXBuildFile; fileRef = A6FABCD61C3CC21D00CF3EE2 /* 1-4_long@2x.png */; };
		A6FABD3D1C3CC21D00CF3EE2 /* 1-4_start@2x.png in Resources */ = {isa = PBXBuildFile; fileRef = A6FABCD71C3CC21D00CF3EE2 /* 1-4_start@2x.png */; };
		A6FABD3E1C3CC21D00CF3EE2 /* 1-5_bg@2x.png in Resources */ = {isa = PBXBuildFile; fileRef = A6FABCD91C3CC21D00CF3EE2 /* 1-5_bg@2x.png */; };
		A6FABD3F1C3CC21D00CF3EE2 /* 1-5_ol@2x.png in Resources */ = {isa = PBXBuildFile; fileRef = A6FABCDA1C3CC21D00CF3EE2 /* 1-5_ol@2x.png */; };
		A6FABD401C3CC21D00CF3EE2 /* 1-5_smoke2@2x.png in Resources */ = {isa = PBXBuildFile; fileRef = A6FABCDB1C3CC21D00CF3EE2 /* 1-5_smoke2@2x.png */; };
		A6FABD411C3CC21D00CF3EE2 /* 1-5_smoke3@2x.png in Resources */ = {isa = PBXBuildFile; fileRef = A6FABCDC1C3CC21D00CF3EE2 /* 1-5_smoke3@2x.png */; };
		A6FABD421C3CC21D00CF3EE2 /* 1-5_smoke@2x.png in Resources */ = {isa = PBXBuildFile; fileRef = A6FABCDD1C3CC21D00CF3EE2 /* 1-5_smoke@2x.png */; };
		A6FABD431C3CC21D00CF3EE2 /* 1-5text@2x.png in Resources */ = {isa = PBXBuildFile; fileRef = A6FABCDE1C3CC21D00CF3EE2 /* 1-5text@2x.png */; };
		A6FABD451C3CC21D00CF3EE2 /* b1-1@2x.png in Resources */ = {isa = PBXBuildFile; fileRef = A6FABCE01C3CC21D00CF3EE2 /* b1-1@2x.png */; };
		A6FABD461C3CC21D00CF3EE2 /* b1-2@2x.png in Resources */ = {isa = PBXBuildFile; fileRef = A6FABCE11C3CC21D00CF3EE2 /* b1-2@2x.png */; };
		A6FABD471C3CC21D00CF3EE2 /* b1-3@2x.png in Resources */ = {isa = PBXBuildFile; fileRef = A6FABCE21C3CC21D00CF3EE2 /* b1-3@2x.png */; };
		A6FABD481C3CC21D00CF3EE2 /* b1-4_end@2x.png in Resources */ = {isa = PBXBuildFile; fileRef = A6FABCE31C3CC21D00CF3EE2 /* b1-4_end@2x.png */; };
		A6FABD491C3CC21D00CF3EE2 /* b1-4_long@2x.png in Resources */ = {isa = PBXBuildFile; fileRef = A6FABCE41C3CC21D00CF3EE2 /* b1-4_long@2x.png */; };
		A6FABD4A1C3CC21D00CF3EE2 /* b1-4_start@2x.png in Resources */ = {isa = PBXBuildFile; fileRef = A6FABCE51C3CC21D00CF3EE2 /* b1-4_start@2x.png */; };
		A6FABD4B1C3CC21D00CF3EE2 /* how@2x.png in Resources */ = {isa = PBXBuildFile; fileRef = A6FABCE61C3CC21D00CF3EE2 /* how@2x.png */; };
		A6FABD4D1C3CC21D00CF3EE2 /* 2-1_A.png in Resources */ = {isa = PBXBuildFile; fileRef = A6FABCE91C3CC21D00CF3EE2 /* 2-1_A.png */; };
		A6FABD4E1C3CC21D00CF3EE2 /* 2-1_B.png in Resources */ = {isa = PBXBuildFile; fileRef = A6FABCEA1C3CC21D00CF3EE2 /* 2-1_B.png */; };
		A6FABD4F1C3CC21D00CF3EE2 /* 2-1_bg@2x.png in Resources */ = {isa = PBXBuildFile; fileRef = A6FABCEB1C3CC21D00CF3EE2 /* 2-1_bg@2x.png */; };
		A6FABD501C3CC21D00CF3EE2 /* 2-1_text1@2x.png in Resources */ = {isa = PBXBuildFile; fileRef = A6FABCEC1C3CC21D00CF3EE2 /* 2-1_text1@2x.png */; };
		A6FABD511C3CC21D00CF3EE2 /* 2-1_text2@2x.png in Resources */ = {isa = PBXBuildFile; fileRef = A6FABCED1C3CC21D00CF3EE2 /* 2-1_text2@2x.png */; };
		A6FABD521C3CC21D00CF3EE2 /* 2-1_text3@2x.png in Resources */ = {isa = PBXBuildFile; fileRef = A6FABCEE1C3CC21D00CF3EE2 /* 2-1_text3@2x.png */; };
		A6FABD531C3CC21D00CF3EE2 /* 2-1_text4@2x.png in Resources */ = {isa = PBXBuildFile; fileRef = A6FABCEF1C3CC21D00CF3EE2 /* 2-1_text4@2x.png */; };
		A6FABD541C3CC21D00CF3EE2 /* 2-A@2x.png in Resources */ = {isa = PBXBuildFile; fileRef = A6FABCF01C3CC21D00CF3EE2 /* 2-A@2x.png */; };
		A6FABD551C3CC21D00CF3EE2 /* 2-B@2x.png in Resources */ = {isa = PBXBuildFile; fileRef = A6FABCF11C3CC21D00CF3EE2 /* 2-B@2x.png */; };
		A6FABD571C3CC21D00CF3EE2 /* 3-1_A@2x.png in Resources */ = {isa = PBXBuildFile; fileRef = A6FABCF41C3CC21D00CF3EE2 /* 3-1_A@2x.png */; };
		A6FABD581C3CC21D00CF3EE2 /* 3-1_bg1@2x.png in Resources */ = {isa = PBXBuildFile; fileRef = A6FABCF51C3CC21D00CF3EE2 /* 3-1_bg1@2x.png */; };
		A6FABD591C3CC21D00CF3EE2 /* 3-1_bg2@2x.png in Resources */ = {isa = PBXBuildFile; fileRef = A6FABCF61C3CC21D00CF3EE2 /* 3-1_bg2@2x.png */; };
		A6FABD5A1C3CC21D00CF3EE2 /* 3-1_C@2x.png in Resources */ = {isa = PBXBuildFile; fileRef = A6FABCF71C3CC21D00CF3EE2 /* 3-1_C@2x.png */; };
		A6FABD5B1C3CC21D00CF3EE2 /* 3-1_D@2x.png in Resources */ = {isa = PBXBuildFile; fileRef = A6FABCF81C3CC21D00CF3EE2 /* 3-1_D@2x.png */; };
		A6FABD5C1C3CC21D00CF3EE2 /* 3-1_text@2x.png in Resources */ = {isa = PBXBuildFile; fileRef = A6FABCF91C3CC21D00CF3EE2 /* 3-1_text@2x.png */; };
		A6FABD5D1C3CC21D00CF3EE2 /* 3-C@2x.png in Resources */ = {isa = PBXBuildFile; fileRef = A6FABCFA1C3CC21D00CF3EE2 /* 3-C@2x.png */; };
		A6FABD5E1C3CC21D00CF3EE2 /* 3-D@2x.png in Resources */ = {isa = PBXBuildFile; fileRef = A6FABCFB1C3CC21D00CF3EE2 /* 3-D@2x.png */; };
		A6FABD601C3CC21D00CF3EE2 /* 4-0@2x.png in Resources */ = {isa = PBXBuildFile; fileRef = A6FABCFE1C3CC21D00CF3EE2 /* 4-0@2x.png */; };
		A6FABD611C3CC21D00CF3EE2 /* 4-1_bg@2x.png in Resources */ = {isa = PBXBuildFile; fileRef = A6FABCFF1C3CC21D00CF3EE2 /* 4-1_bg@2x.png */; };
		A6FABD621C3CC21D00CF3EE2 /* 4-1_E@2x.png in Resources */ = {isa = PBXBuildFile; fileRef = A6FABD001C3CC21D00CF3EE2 /* 4-1_E@2x.png */; };
		A6FABD631C3CC21D00CF3EE2 /* 4-1_F@2x.png in Resources */ = {isa = PBXBuildFile; fileRef = A6FABD011C3CC21D00CF3EE2 /* 4-1_F@2x.png */; };
		A6FABD641C3CC21D00CF3EE2 /* 4-E@2x.png in Resources */ = {isa = PBXBuildFile; fileRef = A6FABD021C3CC21D00CF3EE2 /* 4-E@2x.png */; };
		A6FABD651C3CC21D00CF3EE2 /* 4-F@2x.png in Resources */ = {isa = PBXBuildFile; fileRef = A6FABD031C3CC21D00CF3EE2 /* 4-F@2x.png */; };
		A6FABD671C3CC21D00CF3EE2 /* 5-1_A@2x.png in Resources */ = {isa = PBXBuildFile; fileRef = A6FABD061C3CC21D00CF3EE2 /* 5-1_A@2x.png */; };
		A6FABD681C3CC21D00CF3EE2 /* 5-1_bg@2x.png in Resources */ = {isa = PBXBuildFile; fileRef = A6FABD071C3CC21D00CF3EE2 /* 5-1_bg@2x.png */; };
		A6FABD691C3CC21D00CF3EE2 /* 5-1_G@2x.png in Resources */ = {isa = PBXBuildFile; fileRef = A6FABD081C3CC21D00CF3EE2 /* 5-1_G@2x.png */; };
		A6FABD6A1C3CC21D00CF3EE2 /* 5-1_H@2x.png in Resources */ = {isa = PBXBuildFile; fileRef = A6FABD091C3CC21D00CF3EE2 /* 5-1_H@2x.png */; };
		A6FABD6B1C3CC21D00CF3EE2 /* 5-G@2x.png in Resources */ = {isa = PBXBuildFile; fileRef = A6FABD0A1C3CC21D00CF3EE2 /* 5-G@2x.png */; };
		A6FABD6C1C3CC21D00CF3EE2 /* 5-H@2x.png in Resources */ = {isa = PBXBuildFile; fileRef = A6FABD0B1C3CC21D00CF3EE2 /* 5-H@2x.png */; };
		A6FABD6E1C3CC21D00CF3EE2 /* 6-1@2x.png in Resources */ = {isa = PBXBuildFile; fileRef = A6FABD0E1C3CC21D00CF3EE2 /* 6-1@2x.png */; };
		A6FABD6F1C3CC21D00CF3EE2 /* 6-1_I@2x.png in Resources */ = {isa = PBXBuildFile; fileRef = A6FABD0F1C3CC21D00CF3EE2 /* 6-1_I@2x.png */; };
		A6FABD701C3CC21D00CF3EE2 /* 6-1_J@2x.png in Resources */ = {isa = PBXBuildFile; fileRef = A6FABD101C3CC21D00CF3EE2 /* 6-1_J@2x.png */; };
		A6FABD711C3CC21D00CF3EE2 /* 6-I@2x.png in Resources */ = {isa = PBXBuildFile; fileRef = A6FABD111C3CC21D00CF3EE2 /* 6-I@2x.png */; };
		A6FABD721C3CC21D00CF3EE2 /* 6-J@2x.png in Resources */ = {isa = PBXBuildFile; fileRef = A6FABD121C3CC21D00CF3EE2 /* 6-J@2x.png */; };
		A6FABD741C3CC21D00CF3EE2 /* 7-1@2x.png in Resources */ = {isa = PBXBuildFile; fileRef = A6FABD151C3CC21D00CF3EE2 /* 7-1@2x.png */; };
		A6FABD751C3CC21D00CF3EE2 /* 7-1_2@2x.png in Resources */ = {isa = PBXBuildFile; fileRef = A6FABD161C3CC21D00CF3EE2 /* 7-1_2@2x.png */; };
		A6FABD771C3CC21D00CF3EE2 /* 8-1@2x.png in Resources */ = {isa = PBXBuildFile; fileRef = A6FABD191C3CC21D00CF3EE2 /* 8-1@2x.png */; };
		A6FABD781C3CC21D00CF3EE2 /* 8-1_record@2x.png in Resources */ = {isa = PBXBuildFile; fileRef = A6FABD1A1C3CC21D00CF3EE2 /* 8-1_record@2x.png */; };
		A6FABD7A1C3CC21D00CF3EE2 /* 8-2_bg@2x.jpg in Resources */ = {isa = PBXBuildFile; fileRef = A6FABD1D1C3CC21D00CF3EE2 /* 8-2_bg@2x.jpg */; };
		A6FABD7C1C3CC21D00CF3EE2 /* record@2x.png in Resources */ = {isa = PBXBuildFile; fileRef = A6FABD1F1C3CC21D00CF3EE2 /* record@2x.png */; };
		A6FABD7D1C3CC21D00CF3EE2 /* stylus_pause@2x.png in Resources */ = {isa = PBXBuildFile; fileRef = A6FABD201C3CC21D00CF3EE2 /* stylus_pause@2x.png */; };
		A6FABD7E1C3CC21D00CF3EE2 /* stylus_play@2x.png in Resources */ = {isa = PBXBuildFile; fileRef = A6FABD211C3CC21D00CF3EE2 /* stylus_play@2x.png */; };
		A6FABD7F1C3CC21D00CF3EE2 /* back@2x.png in Resources */ = {isa = PBXBuildFile; fileRef = A6FABD231C3CC21D00CF3EE2 /* back@2x.png */; };
		A6FABD801C3CC21D00CF3EE2 /* close@2x.png in Resources */ = {isa = PBXBuildFile; fileRef = A6FABD241C3CC21D00CF3EE2 /* close@2x.png */; };
		A6FABD811C3CC21D00CF3EE2 /* download@2x.png in Resources */ = {isa = PBXBuildFile; fileRef = A6FABD251C3CC21D00CF3EE2 /* download@2x.png */; };
		A6FABD821C3CC21D00CF3EE2 /* hint@2x.png in Resources */ = {isa = PBXBuildFile; fileRef = A6FABD261C3CC21D00CF3EE2 /* hint@2x.png */; };
		A6FABD831C3CC21D00CF3EE2 /* hint_music@2x.png in Resources */ = {isa = PBXBuildFile; fileRef = A6FABD271C3CC21D00CF3EE2 /* hint_music@2x.png */; };
		A6FABD841C3CC21D00CF3EE2 /* home@2x.png in Resources */ = {isa = PBXBuildFile; fileRef = A6FABD281C3CC21D00CF3EE2 /* home@2x.png */; };
		A6FABD861C3CC21D00CF3EE2 /* next@2x.png in Resources */ = {isa = PBXBuildFile; fileRef = A6FABD2A1C3CC21D00CF3EE2 /* next@2x.png */; };
		A6FABD871C3CC21D00CF3EE2 /* next_m@2x.png in Resources */ = {isa = PBXBuildFile; fileRef = A6FABD2B1C3CC21D00CF3EE2 /* next_m@2x.png */; };
		A6FABD881C3CC21D00CF3EE2 /* next_m_2@2x.png in Resources */ = {isa = PBXBuildFile; fileRef = A6FABD2C1C3CC21D00CF3EE2 /* next_m_2@2x.png */; };
		A6FABD891C3CC21D00CF3EE2 /* pause@2x.png in Resources */ = {isa = PBXBuildFile; fileRef = A6FABD2D1C3CC21D00CF3EE2 /* pause@2x.png */; };
		A6FABD8A1C3CC21D00CF3EE2 /* play@2x.png in Resources */ = {isa = PBXBuildFile; fileRef = A6FABD2E1C3CC21D00CF3EE2 /* play@2x.png */; };
		A6FABD8B1C3CC21D00CF3EE2 /* window@2x.png in Resources */ = {isa = PBXBuildFile; fileRef = A6FABD2F1C3CC21D00CF3EE2 /* window@2x.png */; };
		A6FABD8D1C3CC21D00CF3EE2 /* launch.png in Resources */ = {isa = PBXBuildFile; fileRef = A6FABD311C3CC21D00CF3EE2 /* launch.png */; };
		A6FABD8E1C3CC21D00CF3EE2 /* logo.png in Resources */ = {isa = PBXBuildFile; fileRef = A6FABD321C3CC21D00CF3EE2 /* logo.png */; };
		A6FABD941C3CFF1500CF3EE2 /* BushiViewController.m in Sources */ = {isa = PBXBuildFile; fileRef = A6FABD931C3CFF1500CF3EE2 /* BushiViewController.m */; };
		A6FABD971C3D36C600CF3EE2 /* UIView+Glow.m in Sources */ = {isa = PBXBuildFile; fileRef = A6FABD961C3D36C600CF3EE2 /* UIView+Glow.m */; };
		A6FABD9B1C3D407800CF3EE2 /* RecoedViewController.m in Sources */ = {isa = PBXBuildFile; fileRef = A6FABD9A1C3D407700CF3EE2 /* RecoedViewController.m */; };
/* End PBXBuildFile section */

/* Begin PBXFileReference section */
		A6042AD81C3163E1004FA052 /* openningBGM2.mp3 */ = {isa = PBXFileReference; lastKnownFileType = audio.mp3; path = openningBGM2.mp3; sourceTree = "<group>"; };
		A6042ADA1C326763004FA052 /* SingleSceneViewController.h */ = {isa = PBXFileReference; fileEncoding = 4; lastKnownFileType = sourcecode.c.h; path = SingleSceneViewController.h; sourceTree = "<group>"; };
		A6042ADB1C326763004FA052 /* SingleSceneViewController.m */ = {isa = PBXFileReference; fileEncoding = 4; lastKnownFileType = sourcecode.c.objc; path = SingleSceneViewController.m; sourceTree = "<group>"; };
		A6CC8EA31C24008200D9E9B1 /* 音樂繪本：心弦之歌.app */ = {isa = PBXFileReference; explicitFileType = wrapper.application; includeInIndex = 0; path = "音樂繪本：心弦之歌.app"; sourceTree = BUILT_PRODUCTS_DIR; };
		A6CC8EA71C24008200D9E9B1 /* main.m */ = {isa = PBXFileReference; lastKnownFileType = sourcecode.c.objc; path = main.m; sourceTree = "<group>"; };
		A6CC8EA91C24008200D9E9B1 /* AppDelegate.h */ = {isa = PBXFileReference; lastKnownFileType = sourcecode.c.h; path = AppDelegate.h; sourceTree = "<group>"; };
		A6CC8EAA1C24008200D9E9B1 /* AppDelegate.m */ = {isa = PBXFileReference; lastKnownFileType = sourcecode.c.objc; path = AppDelegate.m; sourceTree = "<group>"; };
		A6CC8EB01C24008200D9E9B1 /* Base */ = {isa = PBXFileReference; lastKnownFileType = file.storyboard; name = Base; path = Base.lproj/Main.storyboard; sourceTree = "<group>"; };
		A6CC8EB21C24008200D9E9B1 /* Assets.xcassets */ = {isa = PBXFileReference; lastKnownFileType = folder.assetcatalog; path = Assets.xcassets; sourceTree = "<group>"; };
		A6CC8EB71C24008200D9E9B1 /* Info.plist */ = {isa = PBXFileReference; lastKnownFileType = text.plist.xml; path = Info.plist; sourceTree = "<group>"; };
		A6CC8F141C24050800D9E9B1 /* OpenningViewController.h */ = {isa = PBXFileReference; fileEncoding = 4; lastKnownFileType = sourcecode.c.h; path = OpenningViewController.h; sourceTree = "<group>"; };
		A6CC8F151C24050800D9E9B1 /* OpenningViewController.m */ = {isa = PBXFileReference; fileEncoding = 4; lastKnownFileType = sourcecode.c.objc; path = OpenningViewController.m; sourceTree = "<group>"; };
		A6CC8F1B1C2446BD00D9E9B1 /* ParkViewController.h */ = {isa = PBXFileReference; fileEncoding = 4; lastKnownFileType = sourcecode.c.h; path = ParkViewController.h; sourceTree = "<group>"; };
		A6CC8F1C1C2446BD00D9E9B1 /* ParkViewController.m */ = {isa = PBXFileReference; fileEncoding = 4; lastKnownFileType = sourcecode.c.objc; path = ParkViewController.m; sourceTree = "<group>"; };
		A6CC8F211C24527700D9E9B1 /* CharacterViewController.h */ = {isa = PBXFileReference; fileEncoding = 4; lastKnownFileType = sourcecode.c.h; path = CharacterViewController.h; sourceTree = "<group>"; };
		A6CC8F221C24527700D9E9B1 /* CharacterViewController.m */ = {isa = PBXFileReference; fileEncoding = 4; lastKnownFileType = sourcecode.c.objc; path = CharacterViewController.m; sourceTree = "<group>"; };
		A6CFE94C1C247A0400623DBB /* One5ViewController.h */ = {isa = PBXFileReference; fileEncoding = 4; lastKnownFileType = sourcecode.c.h; path = One5ViewController.h; sourceTree = "<group>"; };
		A6CFE94D1C247A0400623DBB /* One5ViewController.m */ = {isa = PBXFileReference; fileEncoding = 4; lastKnownFileType = sourcecode.c.objc; path = One5ViewController.m; sourceTree = "<group>"; };
		A6CFE9511C2493B000623DBB /* StationViewController.h */ = {isa = PBXFileReference; fileEncoding = 4; lastKnownFileType = sourcecode.c.h; path = StationViewController.h; sourceTree = "<group>"; };
		A6CFE9521C2493B000623DBB /* StationViewController.m */ = {isa = PBXFileReference; fileEncoding = 4; lastKnownFileType = sourcecode.c.objc; path = StationViewController.m; sourceTree = "<group>"; };
		A6CFE9561C24997D00623DBB /* A.mp3 */ = {isa = PBXFileReference; lastKnownFileType = audio.mp3; path = A.mp3; sourceTree = "<group>"; };
		A6CFE9571C24997D00623DBB /* F.mp3 */ = {isa = PBXFileReference; lastKnownFileType = audio.mp3; path = F.mp3; sourceTree = "<group>"; };
		A6CFE9581C24997D00623DBB /* E.mp3 */ = {isa = PBXFileReference; lastKnownFileType = audio.mp3; path = E.mp3; sourceTree = "<group>"; };
		A6CFE95A1C24997D00623DBB /* D.mp3 */ = {isa = PBXFileReference; lastKnownFileType = audio.mp3; path = D.mp3; sourceTree = "<group>"; };
		A6CFE95B1C24997D00623DBB /* H.mp3 */ = {isa = PBXFileReference; lastKnownFileType = audio.mp3; path = H.mp3; sourceTree = "<group>"; };
		A6CFE95C1C24997D00623DBB /* I.mp3 */ = {isa = PBXFileReference; lastKnownFileType = audio.mp3; path = I.mp3; sourceTree = "<group>"; };
		A6CFE95D1C24997D00623DBB /* G.mp3 */ = {isa = PBXFileReference; lastKnownFileType = audio.mp3; path = G.mp3; sourceTree = "<group>"; };
		A6CFE95F1C24997D00623DBB /* J.mp3 */ = {isa = PBXFileReference; lastKnownFileType = audio.mp3; path = J.mp3; sourceTree = "<group>"; };
		A6CFE96D1C249D9700623DBB /* CintinGlobalData.h */ = {isa = PBXFileReference; fileEncoding = 4; lastKnownFileType = sourcecode.c.h; path = CintinGlobalData.h; sourceTree = "<group>"; };
		A6CFE96E1C249D9700623DBB /* CintinGlobalData.m */ = {isa = PBXFileReference; fileEncoding = 4; lastKnownFileType = sourcecode.c.objc; path = CintinGlobalData.m; sourceTree = "<group>"; };
		A6CFE9701C24A58C00623DBB /* AudioToolbox.framework */ = {isa = PBXFileReference; lastKnownFileType = wrapper.framework; name = AudioToolbox.framework; path = System/Library/Frameworks/AudioToolbox.framework; sourceTree = SDKROOT; };
		A6CFE9721C24A59200623DBB /* AVFoundation.framework */ = {isa = PBXFileReference; lastKnownFileType = wrapper.framework; name = AVFoundation.framework; path = System/Library/Frameworks/AVFoundation.framework; sourceTree = SDKROOT; };
		A6D488591C2EBB4E00186A04 /* C.mp3 */ = {isa = PBXFileReference; lastKnownFileType = audio.mp3; path = C.mp3; sourceTree = "<group>"; };
		A6D4885B1C2ED8CE00186A04 /* FlowerShopViewController.h */ = {isa = PBXFileReference; fileEncoding = 4; lastKnownFileType = sourcecode.c.h; path = FlowerShopViewController.h; sourceTree = "<group>"; };
		A6D4885C1C2ED8CE00186A04 /* FlowerShopViewController.m */ = {isa = PBXFileReference; fileEncoding = 4; lastKnownFileType = sourcecode.c.objc; path = FlowerShopViewController.m; sourceTree = "<group>"; };
		A6DAB5D21C257320001CD22A /* GeneralViewController.h */ = {isa = PBXFileReference; fileEncoding = 4; lastKnownFileType = sourcecode.c.h; path = GeneralViewController.h; sourceTree = "<group>"; };
		A6DAB5D31C257320001CD22A /* GeneralViewController.m */ = {isa = PBXFileReference; fileEncoding = 4; lastKnownFileType = sourcecode.c.objc; path = GeneralViewController.m; sourceTree = "<group>"; };
		A6DAB5D51C25765F001CD22A /* CafeViewController.h */ = {isa = PBXFileReference; fileEncoding = 4; lastKnownFileType = sourcecode.c.h; path = CafeViewController.h; sourceTree = "<group>"; };
		A6DAB5D61C25765F001CD22A /* CafeViewController.m */ = {isa = PBXFileReference; fileEncoding = 4; lastKnownFileType = sourcecode.c.objc; path = CafeViewController.m; sourceTree = "<group>"; };
		A6DAB5D81C25AB2D001CD22A /* B.mp3 */ = {isa = PBXFileReference; lastKnownFileType = audio.mp3; path = B.mp3; sourceTree = "<group>"; };
		A6FABCCC1C3CC21D00CF3EE2 /* cover_1@2x.jpg */ = {isa = PBXFileReference; lastKnownFileType = image.jpeg; path = "cover_1@2x.jpg"; sourceTree = "<group>"; };
		A6FABCCD1C3CC21D00CF3EE2 /* cover_2@2x.jpg */ = {isa = PBXFileReference; lastKnownFileType = image.jpeg; path = "cover_2@2x.jpg"; sourceTree = "<group>"; };
		A6FABCCE1C3CC21D00CF3EE2 /* cover_3@2x.jpg */ = {isa = PBXFileReference; lastKnownFileType = image.jpeg; path = "cover_3@2x.jpg"; sourceTree = "<group>"; };
		A6FABCCF1C3CC21D00CF3EE2 /* cover_play@2x.png */ = {isa = PBXFileReference; lastKnownFileType = image.png; path = "cover_play@2x.png"; sourceTree = "<group>"; };
		A6FABCD01C3CC21D00CF3EE2 /* Icon */ = {isa = PBXFileReference; fileEncoding = 4; lastKnownFileType = text; path = "Icon"; sourceTree = "<group>"; };
		A6FABCD21C3CC21D00CF3EE2 /* 1-1@2x.png */ = {isa = PBXFileReference; lastKnownFileType = image.png; path = "1-1@2x.png"; sourceTree = "<group>"; };
		A6FABCD31C3CC21D00CF3EE2 /* 1-2@2x.png */ = {isa = PBXFileReference; lastKnownFileType = image.png; path = "1-2@2x.png"; sourceTree = "<group>"; };
		A6FABCD41C3CC21D00CF3EE2 /* 1-3@2x.png */ = {isa = PBXFileReference; lastKnownFileType = image.png; path = "1-3@2x.png"; sourceTree = "<group>"; };
		A6FABCD51C3CC21D00CF3EE2 /* 1-4_end@2x.png */ = {isa = PBXFileReference; lastKnownFileType = image.png; path = "1-4_end@2x.png"; sourceTree = "<group>"; };
		A6FABCD61C3CC21D00CF3EE2 /* 1-4_long@2x.png */ = {isa = PBXFileReference; lastKnownFileType = image.png; path = "1-4_long@2x.png"; sourceTree = "<group>"; };
		A6FABCD71C3CC21D00CF3EE2 /* 1-4_start@2x.png */ = {isa = PBXFileReference; lastKnownFileType = image.png; path = "1-4_start@2x.png"; sourceTree = "<group>"; };
		A6FABCD91C3CC21D00CF3EE2 /* 1-5_bg@2x.png */ = {isa = PBXFileReference; lastKnownFileType = image.png; path = "1-5_bg@2x.png"; sourceTree = "<group>"; };
		A6FABCDA1C3CC21D00CF3EE2 /* 1-5_ol@2x.png */ = {isa = PBXFileReference; lastKnownFileType = image.png; path = "1-5_ol@2x.png"; sourceTree = "<group>"; };
		A6FABCDB1C3CC21D00CF3EE2 /* 1-5_smoke2@2x.png */ = {isa = PBXFileReference; lastKnownFileType = image.png; path = "1-5_smoke2@2x.png"; sourceTree = "<group>"; };
		A6FABCDC1C3CC21D00CF3EE2 /* 1-5_smoke3@2x.png */ = {isa = PBXFileReference; lastKnownFileType = image.png; path = "1-5_smoke3@2x.png"; sourceTree = "<group>"; };
		A6FABCDD1C3CC21D00CF3EE2 /* 1-5_smoke@2x.png */ = {isa = PBXFileReference; lastKnownFileType = image.png; path = "1-5_smoke@2x.png"; sourceTree = "<group>"; };
		A6FABCDE1C3CC21D00CF3EE2 /* 1-5text@2x.png */ = {isa = PBXFileReference; lastKnownFileType = image.png; path = "1-5text@2x.png"; sourceTree = "<group>"; };
		A6FABCDF1C3CC21D00CF3EE2 /* Icon */ = {isa = PBXFileReference; fileEncoding = 4; lastKnownFileType = text; path = "Icon"; sourceTree = "<group>"; };
		A6FABCE01C3CC21D00CF3EE2 /* b1-1@2x.png */ = {isa = PBXFileReference; lastKnownFileType = image.png; path = "b1-1@2x.png"; sourceTree = "<group>"; };
		A6FABCE11C3CC21D00CF3EE2 /* b1-2@2x.png */ = {isa = PBXFileReference; lastKnownFileType = image.png; path = "b1-2@2x.png"; sourceTree = "<group>"; };
		A6FABCE21C3CC21D00CF3EE2 /* b1-3@2x.png */ = {isa = PBXFileReference; lastKnownFileType = image.png; path = "b1-3@2x.png"; sourceTree = "<group>"; };
		A6FABCE31C3CC21D00CF3EE2 /* b1-4_end@2x.png */ = {isa = PBXFileReference; lastKnownFileType = image.png; path = "b1-4_end@2x.png"; sourceTree = "<group>"; };
		A6FABCE41C3CC21D00CF3EE2 /* b1-4_long@2x.png */ = {isa = PBXFileReference; lastKnownFileType = image.png; path = "b1-4_long@2x.png"; sourceTree = "<group>"; };
		A6FABCE51C3CC21D00CF3EE2 /* b1-4_start@2x.png */ = {isa = PBXFileReference; lastKnownFileType = image.png; path = "b1-4_start@2x.png"; sourceTree = "<group>"; };
		A6FABCE61C3CC21D00CF3EE2 /* how@2x.png */ = {isa = PBXFileReference; lastKnownFileType = image.png; path = "how@2x.png"; sourceTree = "<group>"; };
		A6FABCE71C3CC21D00CF3EE2 /* Icon */ = {isa = PBXFileReference; fileEncoding = 4; lastKnownFileType = text; path = "Icon"; sourceTree = "<group>"; };
		A6FABCE91C3CC21D00CF3EE2 /* 2-1_A.png */ = {isa = PBXFileReference; lastKnownFileType = image.png; path = "2-1_A.png"; sourceTree = "<group>"; };
		A6FABCEA1C3CC21D00CF3EE2 /* 2-1_B.png */ = {isa = PBXFileReference; lastKnownFileType = image.png; path = "2-1_B.png"; sourceTree = "<group>"; };
		A6FABCEB1C3CC21D00CF3EE2 /* 2-1_bg@2x.png */ = {isa = PBXFileReference; lastKnownFileType = image.png; path = "2-1_bg@2x.png"; sourceTree = "<group>"; };
		A6FABCEC1C3CC21D00CF3EE2 /* 2-1_text1@2x.png */ = {isa = PBXFileReference; lastKnownFileType = image.png; path = "2-1_text1@2x.png"; sourceTree = "<group>"; };
		A6FABCED1C3CC21D00CF3EE2 /* 2-1_text2@2x.png */ = {isa = PBXFileReference; lastKnownFileType = image.png; path = "2-1_text2@2x.png"; sourceTree = "<group>"; };
		A6FABCEE1C3CC21D00CF3EE2 /* 2-1_text3@2x.png */ = {isa = PBXFileReference; lastKnownFileType = image.png; path = "2-1_text3@2x.png"; sourceTree = "<group>"; };
		A6FABCEF1C3CC21D00CF3EE2 /* 2-1_text4@2x.png */ = {isa = PBXFileReference; lastKnownFileType = image.png; path = "2-1_text4@2x.png"; sourceTree = "<group>"; };
		A6FABCF01C3CC21D00CF3EE2 /* 2-A@2x.png */ = {isa = PBXFileReference; lastKnownFileType = image.png; path = "2-A@2x.png"; sourceTree = "<group>"; };
		A6FABCF11C3CC21D00CF3EE2 /* 2-B@2x.png */ = {isa = PBXFileReference; lastKnownFileType = image.png; path = "2-B@2x.png"; sourceTree = "<group>"; };
		A6FABCF21C3CC21D00CF3EE2 /* Icon */ = {isa = PBXFileReference; fileEncoding = 4; lastKnownFileType = text; path = "Icon"; sourceTree = "<group>"; };
		A6FABCF41C3CC21D00CF3EE2 /* 3-1_A@2x.png */ = {isa = PBXFileReference; lastKnownFileType = image.png; path = "3-1_A@2x.png"; sourceTree = "<group>"; };
		A6FABCF51C3CC21D00CF3EE2 /* 3-1_bg1@2x.png */ = {isa = PBXFileReference; lastKnownFileType = image.png; path = "3-1_bg1@2x.png"; sourceTree = "<group>"; };
		A6FABCF61C3CC21D00CF3EE2 /* 3-1_bg2@2x.png */ = {isa = PBXFileReference; lastKnownFileType = image.png; path = "3-1_bg2@2x.png"; sourceTree = "<group>"; };
		A6FABCF71C3CC21D00CF3EE2 /* 3-1_C@2x.png */ = {isa = PBXFileReference; lastKnownFileType = image.png; path = "3-1_C@2x.png"; sourceTree = "<group>"; };
		A6FABCF81C3CC21D00CF3EE2 /* 3-1_D@2x.png */ = {isa = PBXFileReference; lastKnownFileType = image.png; path = "3-1_D@2x.png"; sourceTree = "<group>"; };
		A6FABCF91C3CC21D00CF3EE2 /* 3-1_text@2x.png */ = {isa = PBXFileReference; lastKnownFileType = image.png; path = "3-1_text@2x.png"; sourceTree = "<group>"; };
		A6FABCFA1C3CC21D00CF3EE2 /* 3-C@2x.png */ = {isa = PBXFileReference; lastKnownFileType = image.png; path = "3-C@2x.png"; sourceTree = "<group>"; };
		A6FABCFB1C3CC21D00CF3EE2 /* 3-D@2x.png */ = {isa = PBXFileReference; lastKnownFileType = image.png; path = "3-D@2x.png"; sourceTree = "<group>"; };
		A6FABCFC1C3CC21D00CF3EE2 /* Icon */ = {isa = PBXFileReference; fileEncoding = 4; lastKnownFileType = text; path = "Icon"; sourceTree = "<group>"; };
		A6FABCFE1C3CC21D00CF3EE2 /* 4-0@2x.png */ = {isa = PBXFileReference; lastKnownFileType = image.png; path = "4-0@2x.png"; sourceTree = "<group>"; };
		A6FABCFF1C3CC21D00CF3EE2 /* 4-1_bg@2x.png */ = {isa = PBXFileReference; lastKnownFileType = image.png; path = "4-1_bg@2x.png"; sourceTree = "<group>"; };
		A6FABD001C3CC21D00CF3EE2 /* 4-1_E@2x.png */ = {isa = PBXFileReference; lastKnownFileType = image.png; path = "4-1_E@2x.png"; sourceTree = "<group>"; };
		A6FABD011C3CC21D00CF3EE2 /* 4-1_F@2x.png */ = {isa = PBXFileReference; lastKnownFileType = image.png; path = "4-1_F@2x.png"; sourceTree = "<group>"; };
		A6FABD021C3CC21D00CF3EE2 /* 4-E@2x.png */ = {isa = PBXFileReference; lastKnownFileType = image.png; path = "4-E@2x.png"; sourceTree = "<group>"; };
		A6FABD031C3CC21D00CF3EE2 /* 4-F@2x.png */ = {isa = PBXFileReference; lastKnownFileType = image.png; path = "4-F@2x.png"; sourceTree = "<group>"; };
		A6FABD061C3CC21D00CF3EE2 /* 5-1_A@2x.png */ = {isa = PBXFileReference; lastKnownFileType = image.png; path = "5-1_A@2x.png"; sourceTree = "<group>"; };
		A6FABD071C3CC21D00CF3EE2 /* 5-1_bg@2x.png */ = {isa = PBXFileReference; lastKnownFileType = image.png; path = "5-1_bg@2x.png"; sourceTree = "<group>"; };
		A6FABD081C3CC21D00CF3EE2 /* 5-1_G@2x.png */ = {isa = PBXFileReference; lastKnownFileType = image.png; path = "5-1_G@2x.png"; sourceTree = "<group>"; };
		A6FABD091C3CC21D00CF3EE2 /* 5-1_H@2x.png */ = {isa = PBXFileReference; lastKnownFileType = image.png; path = "5-1_H@2x.png"; sourceTree = "<group>"; };
		A6FABD0A1C3CC21D00CF3EE2 /* 5-G@2x.png */ = {isa = PBXFileReference; lastKnownFileType = image.png; path = "5-G@2x.png"; sourceTree = "<group>"; };
		A6FABD0B1C3CC21D00CF3EE2 /* 5-H@2x.png */ = {isa = PBXFileReference; lastKnownFileType = image.png; path = "5-H@2x.png"; sourceTree = "<group>"; };
		A6FABD0C1C3CC21D00CF3EE2 /* Icon */ = {isa = PBXFileReference; fileEncoding = 4; lastKnownFileType = text; path = "Icon"; sourceTree = "<group>"; };
		A6FABD0E1C3CC21D00CF3EE2 /* 6-1@2x.png */ = {isa = PBXFileReference; lastKnownFileType = image.png; path = "6-1@2x.png"; sourceTree = "<group>"; };
		A6FABD0F1C3CC21D00CF3EE2 /* 6-1_I@2x.png */ = {isa = PBXFileReference; lastKnownFileType = image.png; path = "6-1_I@2x.png"; sourceTree = "<group>"; };
		A6FABD101C3CC21D00CF3EE2 /* 6-1_J@2x.png */ = {isa = PBXFileReference; lastKnownFileType = image.png; path = "6-1_J@2x.png"; sourceTree = "<group>"; };
		A6FABD111C3CC21D00CF3EE2 /* 6-I@2x.png */ = {isa = PBXFileReference; lastKnownFileType = image.png; path = "6-I@2x.png"; sourceTree = "<group>"; };
		A6FABD121C3CC21D00CF3EE2 /* 6-J@2x.png */ = {isa = PBXFileReference; lastKnownFileType = image.png; path = "6-J@2x.png"; sourceTree = "<group>"; };
		A6FABD131C3CC21D00CF3EE2 /* Icon */ = {isa = PBXFileReference; fileEncoding = 4; lastKnownFileType = text; path = "Icon"; sourceTree = "<group>"; };
		A6FABD151C3CC21D00CF3EE2 /* 7-1@2x.png */ = {isa = PBXFileReference; lastKnownFileType = image.png; path = "7-1@2x.png"; sourceTree = "<group>"; };
		A6FABD161C3CC21D00CF3EE2 /* 7-1_2@2x.png */ = {isa = PBXFileReference; lastKnownFileType = image.png; path = "7-1_2@2x.png"; sourceTree = "<group>"; };
		A6FABD171C3CC21D00CF3EE2 /* Icon */ = {isa = PBXFileReference; fileEncoding = 4; lastKnownFileType = text; path = "Icon"; sourceTree = "<group>"; };
		A6FABD191C3CC21D00CF3EE2 /* 8-1@2x.png */ = {isa = PBXFileReference; lastKnownFileType = image.png; path = "8-1@2x.png"; sourceTree = "<group>"; };
		A6FABD1A1C3CC21D00CF3EE2 /* 8-1_record@2x.png */ = {isa = PBXFileReference; lastKnownFileType = image.png; path = "8-1_record@2x.png"; sourceTree = "<group>"; };
		A6FABD1B1C3CC21D00CF3EE2 /* Icon */ = {isa = PBXFileReference; fileEncoding = 4; lastKnownFileType = text; path = "Icon"; sourceTree = "<group>"; };
		A6FABD1D1C3CC21D00CF3EE2 /* 8-2_bg@2x.jpg */ = {isa = PBXFileReference; lastKnownFileType = image.jpeg; path = "8-2_bg@2x.jpg"; sourceTree = "<group>"; };
		A6FABD1E1C3CC21D00CF3EE2 /* Icon */ = {isa = PBXFileReference; fileEncoding = 4; lastKnownFileType = text; path = "Icon"; sourceTree = "<group>"; };
		A6FABD1F1C3CC21D00CF3EE2 /* record@2x.png */ = {isa = PBXFileReference; lastKnownFileType = image.png; path = "record@2x.png"; sourceTree = "<group>"; };
		A6FABD201C3CC21D00CF3EE2 /* stylus_pause@2x.png */ = {isa = PBXFileReference; lastKnownFileType = image.png; path = "stylus_pause@2x.png"; sourceTree = "<group>"; };
		A6FABD211C3CC21D00CF3EE2 /* stylus_play@2x.png */ = {isa = PBXFileReference; lastKnownFileType = image.png; path = "stylus_play@2x.png"; sourceTree = "<group>"; };
		A6FABD231C3CC21D00CF3EE2 /* back@2x.png */ = {isa = PBXFileReference; lastKnownFileType = image.png; path = "back@2x.png"; sourceTree = "<group>"; };
		A6FABD241C3CC21D00CF3EE2 /* close@2x.png */ = {isa = PBXFileReference; lastKnownFileType = image.png; path = "close@2x.png"; sourceTree = "<group>"; };
		A6FABD251C3CC21D00CF3EE2 /* download@2x.png */ = {isa = PBXFileReference; lastKnownFileType = image.png; path = "download@2x.png"; sourceTree = "<group>"; };
		A6FABD261C3CC21D00CF3EE2 /* hint@2x.png */ = {isa = PBXFileReference; lastKnownFileType = image.png; path = "hint@2x.png"; sourceTree = "<group>"; };
		A6FABD271C3CC21D00CF3EE2 /* hint_music@2x.png */ = {isa = PBXFileReference; lastKnownFileType = image.png; path = "hint_music@2x.png"; sourceTree = "<group>"; };
		A6FABD281C3CC21D00CF3EE2 /* home@2x.png */ = {isa = PBXFileReference; lastKnownFileType = image.png; path = "home@2x.png"; sourceTree = "<group>"; };
		A6FABD2A1C3CC21D00CF3EE2 /* next@2x.png */ = {isa = PBXFileReference; lastKnownFileType = image.png; path = "next@2x.png"; sourceTree = "<group>"; };
		A6FABD2B1C3CC21D00CF3EE2 /* next_m@2x.png */ = {isa = PBXFileReference; lastKnownFileType = image.png; path = "next_m@2x.png"; sourceTree = "<group>"; };
		A6FABD2C1C3CC21D00CF3EE2 /* next_m_2@2x.png */ = {isa = PBXFileReference; lastKnownFileType = image.png; path = "next_m_2@2x.png"; sourceTree = "<group>"; };
		A6FABD2D1C3CC21D00CF3EE2 /* pause@2x.png */ = {isa = PBXFileReference; lastKnownFileType = image.png; path = "pause@2x.png"; sourceTree = "<group>"; };
		A6FABD2E1C3CC21D00CF3EE2 /* play@2x.png */ = {isa = PBXFileReference; lastKnownFileType = image.png; path = "play@2x.png"; sourceTree = "<group>"; };
		A6FABD2F1C3CC21D00CF3EE2 /* window@2x.png */ = {isa = PBXFileReference; lastKnownFileType = image.png; path = "window@2x.png"; sourceTree = "<group>"; };
		A6FABD311C3CC21D00CF3EE2 /* launch.png */ = {isa = PBXFileReference; lastKnownFileType = image.png; path = launch.png; sourceTree = "<group>"; };
		A6FABD321C3CC21D00CF3EE2 /* logo.png */ = {isa = PBXFileReference; lastKnownFileType = image.png; path = logo.png; sourceTree = "<group>"; };
		A6FABD921C3CFF1500CF3EE2 /* BushiViewController.h */ = {isa = PBXFileReference; fileEncoding = 4; lastKnownFileType = sourcecode.c.h; path = BushiViewController.h; sourceTree = "<group>"; };
		A6FABD931C3CFF1500CF3EE2 /* BushiViewController.m */ = {isa = PBXFileReference; fileEncoding = 4; lastKnownFileType = sourcecode.c.objc; path = BushiViewController.m; sourceTree = "<group>"; };
		A6FABD951C3D36C600CF3EE2 /* UIView+Glow.h */ = {isa = PBXFileReference; fileEncoding = 4; lastKnownFileType = sourcecode.c.h; path = "UIView+Glow.h"; sourceTree = "<group>"; };
		A6FABD961C3D36C600CF3EE2 /* UIView+Glow.m */ = {isa = PBXFileReference; fileEncoding = 4; lastKnownFileType = sourcecode.c.objc; path = "UIView+Glow.m"; sourceTree = "<group>"; };
		A6FABD991C3D407700CF3EE2 /* RecoedViewController.h */ = {isa = PBXFileReference; fileEncoding = 4; lastKnownFileType = sourcecode.c.h; path = RecoedViewController.h; sourceTree = "<group>"; };
		A6FABD9A1C3D407700CF3EE2 /* RecoedViewController.m */ = {isa = PBXFileReference; fileEncoding = 4; lastKnownFileType = sourcecode.c.objc; path = RecoedViewController.m; sourceTree = "<group>"; };
/* End PBXFileReference section */

/* Begin PBXFrameworksBuildPhase section */
		A6CC8EA01C24008200D9E9B1 /* Frameworks */ = {
			isa = PBXFrameworksBuildPhase;
			buildActionMask = 2147483647;
			files = (
				A6CFE9731C24A59200623DBB /* AVFoundation.framework in Frameworks */,
				A6CFE9711C24A58C00623DBB /* AudioToolbox.framework in Frameworks */,
			);
			runOnlyForDeploymentPostprocessing = 0;
		};
/* End PBXFrameworksBuildPhase section */

/* Begin PBXGroup section */
		A6CC8E9A1C24008200D9E9B1 = {
			isa = PBXGroup;
			children = (
				A6CC8EA51C24008200D9E9B1 /* CintinWork */,
				A6CC8EA41C24008200D9E9B1 /* Products */,
			);
			sourceTree = "<group>";
		};
		A6CC8EA41C24008200D9E9B1 /* Products */ = {
			isa = PBXGroup;
			children = (
				A6CC8EA31C24008200D9E9B1 /* 音樂繪本：心弦之歌.app */,
			);
			name = Products;
			sourceTree = "<group>";
		};
		A6CC8EA51C24008200D9E9B1 /* CintinWork */ = {
			isa = PBXGroup;
			children = (
				A6FABCCA1C3CC21D00CF3EE2 /* image */,
				A6CFE9541C24997D00623DBB /* Mp3 */,
				A6CC8EAF1C24008200D9E9B1 /* Main.storyboard */,
				A6CC8EA91C24008200D9E9B1 /* AppDelegate.h */,
				A6CC8EAA1C24008200D9E9B1 /* AppDelegate.m */,
				A6CFE96D1C249D9700623DBB /* CintinGlobalData.h */,
				A6CFE96E1C249D9700623DBB /* CintinGlobalData.m */,
				A6DAB5D21C257320001CD22A /* GeneralViewController.h */,
				A6DAB5D31C257320001CD22A /* GeneralViewController.m */,
				A6042ADA1C326763004FA052 /* SingleSceneViewController.h */,
				A6042ADB1C326763004FA052 /* SingleSceneViewController.m */,
				A6CC8F211C24527700D9E9B1 /* CharacterViewController.h */,
				A6CC8F221C24527700D9E9B1 /* CharacterViewController.m */,
				A6CC8F141C24050800D9E9B1 /* OpenningViewController.h */,
				A6CC8F151C24050800D9E9B1 /* OpenningViewController.m */,
				A6CFE94C1C247A0400623DBB /* One5ViewController.h */,
				A6CFE94D1C247A0400623DBB /* One5ViewController.m */,
				A6CC8F1B1C2446BD00D9E9B1 /* ParkViewController.h */,
				A6CC8F1C1C2446BD00D9E9B1 /* ParkViewController.m */,
				A6CFE9511C2493B000623DBB /* StationViewController.h */,
				A6CFE9521C2493B000623DBB /* StationViewController.m */,
				A6DAB5D51C25765F001CD22A /* CafeViewController.h */,
				A6DAB5D61C25765F001CD22A /* CafeViewController.m */,
				A6D4885B1C2ED8CE00186A04 /* FlowerShopViewController.h */,
				A6D4885C1C2ED8CE00186A04 /* FlowerShopViewController.m */,
				A6FABD921C3CFF1500CF3EE2 /* BushiViewController.h */,
				A6FABD931C3CFF1500CF3EE2 /* BushiViewController.m */,
				A6FABD991C3D407700CF3EE2 /* RecoedViewController.h */,
				A6FABD9A1C3D407700CF3EE2 /* RecoedViewController.m */,
				A6FABD951C3D36C600CF3EE2 /* UIView+Glow.h */,
				A6FABD961C3D36C600CF3EE2 /* UIView+Glow.m */,
				A6CC8EA61C24008200D9E9B1 /* Supporting Files */,
			);
			path = CintinWork;
			sourceTree = "<group>";
		};
		A6CC8EA61C24008200D9E9B1 /* Supporting Files */ = {
			isa = PBXGroup;
			children = (
				A6CC8EA71C24008200D9E9B1 /* main.m */,
				A6CC8EB21C24008200D9E9B1 /* Assets.xcassets */,
				A6CC8EB71C24008200D9E9B1 /* Info.plist */,
				A6CFE9721C24A59200623DBB /* AVFoundation.framework */,
				A6CFE9701C24A58C00623DBB /* AudioToolbox.framework */,
			);
			name = "Supporting Files";
			sourceTree = "<group>";
		};
		A6CFE9541C24997D00623DBB /* Mp3 */ = {
			isa = PBXGroup;
			children = (
				A6042AD81C3163E1004FA052 /* openningBGM2.mp3 */,
				A6CFE9561C24997D00623DBB /* A.mp3 */,
				A6DAB5D81C25AB2D001CD22A /* B.mp3 */,
				A6D488591C2EBB4E00186A04 /* C.mp3 */,
				A6CFE95A1C24997D00623DBB /* D.mp3 */,
				A6CFE9581C24997D00623DBB /* E.mp3 */,
				A6CFE9571C24997D00623DBB /* F.mp3 */,
				A6CFE95D1C24997D00623DBB /* G.mp3 */,
				A6CFE95B1C24997D00623DBB /* H.mp3 */,
				A6CFE95C1C24997D00623DBB /* I.mp3 */,
				A6CFE95F1C24997D00623DBB /* J.mp3 */,
			);
			path = Mp3;
			sourceTree = "<group>";
		};
		A6FABCCA1C3CC21D00CF3EE2 /* image */ = {
			isa = PBXGroup;
			children = (
				A6FABCCB1C3CC21D00CF3EE2 /* 0-cover */,
				A6FABCD11C3CC21D00CF3EE2 /* 1-1~1-5_openning */,
				A6FABCE81C3CC21D00CF3EE2 /* 2-1-A-B_park */,
				A6FABCF31C3CC21D00CF3EE2 /* 3-1-C-D_street */,
				A6FABCFD1C3CC21D00CF3EE2 /* 4-1-E-F_cafe */,
				A6FABD051C3CC21D00CF3EE2 /* 5-1-G-H_flowershop */,
				A6FABD0D1C3CC21D00CF3EE2 /* 6-1-I-J_bushi */,
				A6FABD141C3CC21D00CF3EE2 /* 7-1-go_home */,
				A6FABD181C3CC21D00CF3EE2 /* 8-1_room */,
				A6FABD1C1C3CC21D00CF3EE2 /* 8-2_end */,
				A6FABD221C3CC21D00CF3EE2 /* buttons */,
				A6FABD311C3CC21D00CF3EE2 /* launch.png */,
				A6FABD321C3CC21D00CF3EE2 /* logo.png */,
			);
			path = image;
			sourceTree = "<group>";
		};
		A6FABCCB1C3CC21D00CF3EE2 /* 0-cover */ = {
			isa = PBXGroup;
			children = (
				A6FABCCC1C3CC21D00CF3EE2 /* cover_1@2x.jpg */,
				A6FABCCD1C3CC21D00CF3EE2 /* cover_2@2x.jpg */,
				A6FABCCE1C3CC21D00CF3EE2 /* cover_3@2x.jpg */,
				A6FABCCF1C3CC21D00CF3EE2 /* cover_play@2x.png */,
				A6FABCD01C3CC21D00CF3EE2 /* Icon */,
			);
			path = "0-cover";
			sourceTree = "<group>";
		};
		A6FABCD11C3CC21D00CF3EE2 /* 1-1~1-5_openning */ = {
			isa = PBXGroup;
			children = (
				A6FABCD21C3CC21D00CF3EE2 /* 1-1@2x.png */,
				A6FABCD31C3CC21D00CF3EE2 /* 1-2@2x.png */,
				A6FABCD41C3CC21D00CF3EE2 /* 1-3@2x.png */,
				A6FABCD51C3CC21D00CF3EE2 /* 1-4_end@2x.png */,
				A6FABCD61C3CC21D00CF3EE2 /* 1-4_long@2x.png */,
				A6FABCD71C3CC21D00CF3EE2 /* 1-4_start@2x.png */,
				A6FABCD81C3CC21D00CF3EE2 /* 1-5 */,
				A6FABCE01C3CC21D00CF3EE2 /* b1-1@2x.png */,
				A6FABCE11C3CC21D00CF3EE2 /* b1-2@2x.png */,
				A6FABCE21C3CC21D00CF3EE2 /* b1-3@2x.png */,
				A6FABCE31C3CC21D00CF3EE2 /* b1-4_end@2x.png */,
				A6FABCE41C3CC21D00CF3EE2 /* b1-4_long@2x.png */,
				A6FABCE51C3CC21D00CF3EE2 /* b1-4_start@2x.png */,
				A6FABCE61C3CC21D00CF3EE2 /* how@2x.png */,
				A6FABCE71C3CC21D00CF3EE2 /* Icon */,
			);
			path = "1-1~1-5_openning";
			sourceTree = "<group>";
		};
		A6FABCD81C3CC21D00CF3EE2 /* 1-5 */ = {
			isa = PBXGroup;
			children = (
				A6FABCD91C3CC21D00CF3EE2 /* 1-5_bg@2x.png */,
				A6FABCDA1C3CC21D00CF3EE2 /* 1-5_ol@2x.png */,
				A6FABCDB1C3CC21D00CF3EE2 /* 1-5_smoke2@2x.png */,
				A6FABCDC1C3CC21D00CF3EE2 /* 1-5_smoke3@2x.png */,
				A6FABCDD1C3CC21D00CF3EE2 /* 1-5_smoke@2x.png */,
				A6FABCDE1C3CC21D00CF3EE2 /* 1-5text@2x.png */,
				A6FABCDF1C3CC21D00CF3EE2 /* Icon */,
			);
			path = "1-5";
			sourceTree = "<group>";
		};
		A6FABCE81C3CC21D00CF3EE2 /* 2-1-A-B_park */ = {
			isa = PBXGroup;
			children = (
				A6FABCE91C3CC21D00CF3EE2 /* 2-1_A.png */,
				A6FABCEA1C3CC21D00CF3EE2 /* 2-1_B.png */,
				A6FABCEB1C3CC21D00CF3EE2 /* 2-1_bg@2x.png */,
				A6FABCEC1C3CC21D00CF3EE2 /* 2-1_text1@2x.png */,
				A6FABCED1C3CC21D00CF3EE2 /* 2-1_text2@2x.png */,
				A6FABCEE1C3CC21D00CF3EE2 /* 2-1_text3@2x.png */,
				A6FABCEF1C3CC21D00CF3EE2 /* 2-1_text4@2x.png */,
				A6FABCF01C3CC21D00CF3EE2 /* 2-A@2x.png */,
				A6FABCF11C3CC21D00CF3EE2 /* 2-B@2x.png */,
				A6FABCF21C3CC21D00CF3EE2 /* Icon */,
			);
			path = "2-1-A-B_park";
			sourceTree = "<group>";
		};
		A6FABCF31C3CC21D00CF3EE2 /* 3-1-C-D_street */ = {
			isa = PBXGroup;
			children = (
				A6FABCF41C3CC21D00CF3EE2 /* 3-1_A@2x.png */,
				A6FABCF51C3CC21D00CF3EE2 /* 3-1_bg1@2x.png */,
				A6FABCF61C3CC21D00CF3EE2 /* 3-1_bg2@2x.png */,
				A6FABCF71C3CC21D00CF3EE2 /* 3-1_C@2x.png */,
				A6FABCF81C3CC21D00CF3EE2 /* 3-1_D@2x.png */,
				A6FABCF91C3CC21D00CF3EE2 /* 3-1_text@2x.png */,
				A6FABCFA1C3CC21D00CF3EE2 /* 3-C@2x.png */,
				A6FABCFB1C3CC21D00CF3EE2 /* 3-D@2x.png */,
				A6FABCFC1C3CC21D00CF3EE2 /* Icon */,
			);
			path = "3-1-C-D_street";
			sourceTree = "<group>";
		};
		A6FABCFD1C3CC21D00CF3EE2 /* 4-1-E-F_cafe */ = {
			isa = PBXGroup;
			children = (
				A6FABCFE1C3CC21D00CF3EE2 /* 4-0@2x.png */,
				A6FABCFF1C3CC21D00CF3EE2 /* 4-1_bg@2x.png */,
				A6FABD001C3CC21D00CF3EE2 /* 4-1_E@2x.png */,
				A6FABD011C3CC21D00CF3EE2 /* 4-1_F@2x.png */,
				A6FABD021C3CC21D00CF3EE2 /* 4-E@2x.png */,
				A6FABD031C3CC21D00CF3EE2 /* 4-F@2x.png */,
			);
			path = "4-1-E-F_cafe";
			sourceTree = "<group>";
		};
		A6FABD051C3CC21D00CF3EE2 /* 5-1-G-H_flowershop */ = {
			isa = PBXGroup;
			children = (
				A6FABD061C3CC21D00CF3EE2 /* 5-1_A@2x.png */,
				A6FABD071C3CC21D00CF3EE2 /* 5-1_bg@2x.png */,
				A6FABD081C3CC21D00CF3EE2 /* 5-1_G@2x.png */,
				A6FABD091C3CC21D00CF3EE2 /* 5-1_H@2x.png */,
				A6FABD0A1C3CC21D00CF3EE2 /* 5-G@2x.png */,
				A6FABD0B1C3CC21D00CF3EE2 /* 5-H@2x.png */,
				A6FABD0C1C3CC21D00CF3EE2 /* Icon */,
			);
			path = "5-1-G-H_flowershop";
			sourceTree = "<group>";
		};
		A6FABD0D1C3CC21D00CF3EE2 /* 6-1-I-J_bushi */ = {
			isa = PBXGroup;
			children = (
				A6FABD0E1C3CC21D00CF3EE2 /* 6-1@2x.png */,
				A6FABD0F1C3CC21D00CF3EE2 /* 6-1_I@2x.png */,
				A6FABD101C3CC21D00CF3EE2 /* 6-1_J@2x.png */,
				A6FABD111C3CC21D00CF3EE2 /* 6-I@2x.png */,
				A6FABD121C3CC21D00CF3EE2 /* 6-J@2x.png */,
				A6FABD131C3CC21D00CF3EE2 /* Icon */,
			);
			path = "6-1-I-J_bushi";
			sourceTree = "<group>";
		};
		A6FABD141C3CC21D00CF3EE2 /* 7-1-go_home */ = {
			isa = PBXGroup;
			children = (
				A6FABD151C3CC21D00CF3EE2 /* 7-1@2x.png */,
				A6FABD161C3CC21D00CF3EE2 /* 7-1_2@2x.png */,
				A6FABD171C3CC21D00CF3EE2 /* Icon */,
			);
			path = "7-1-go_home";
			sourceTree = "<group>";
		};
		A6FABD181C3CC21D00CF3EE2 /* 8-1_room */ = {
			isa = PBXGroup;
			children = (
				A6FABD191C3CC21D00CF3EE2 /* 8-1@2x.png */,
				A6FABD1A1C3CC21D00CF3EE2 /* 8-1_record@2x.png */,
				A6FABD1B1C3CC21D00CF3EE2 /* Icon */,
			);
			path = "8-1_room";
			sourceTree = "<group>";
		};
		A6FABD1C1C3CC21D00CF3EE2 /* 8-2_end */ = {
			isa = PBXGroup;
			children = (
				A6FABD1D1C3CC21D00CF3EE2 /* 8-2_bg@2x.jpg */,
				A6FABD1E1C3CC21D00CF3EE2 /* Icon */,
				A6FABD1F1C3CC21D00CF3EE2 /* record@2x.png */,
				A6FABD201C3CC21D00CF3EE2 /* stylus_pause@2x.png */,
				A6FABD211C3CC21D00CF3EE2 /* stylus_play@2x.png */,
			);
			path = "8-2_end";
			sourceTree = "<group>";
		};
		A6FABD221C3CC21D00CF3EE2 /* buttons */ = {
			isa = PBXGroup;
			children = (
				A6FABD231C3CC21D00CF3EE2 /* back@2x.png */,
				A6FABD241C3CC21D00CF3EE2 /* close@2x.png */,
				A6FABD251C3CC21D00CF3EE2 /* download@2x.png */,
				A6FABD261C3CC21D00CF3EE2 /* hint@2x.png */,
				A6FABD271C3CC21D00CF3EE2 /* hint_music@2x.png */,
				A6FABD281C3CC21D00CF3EE2 /* home@2x.png */,
				A6FABD2A1C3CC21D00CF3EE2 /* next@2x.png */,
				A6FABD2B1C3CC21D00CF3EE2 /* next_m@2x.png */,
				A6FABD2C1C3CC21D00CF3EE2 /* next_m_2@2x.png */,
				A6FABD2D1C3CC21D00CF3EE2 /* pause@2x.png */,
				A6FABD2E1C3CC21D00CF3EE2 /* play@2x.png */,
				A6FABD2F1C3CC21D00CF3EE2 /* window@2x.png */,
			);
			path = buttons;
			sourceTree = "<group>";
		};
/* End PBXGroup section */

/* Begin PBXNativeTarget section */
		A6CC8EA21C24008200D9E9B1 /* CintinWork */ = {
			isa = PBXNativeTarget;
			buildConfigurationList = A6CC8EBA1C24008200D9E9B1 /* Build configuration list for PBXNativeTarget "CintinWork" */;
			buildPhases = (
				A6CC8E9F1C24008200D9E9B1 /* Sources */,
				A6CC8EA01C24008200D9E9B1 /* Frameworks */,
				A6CC8EA11C24008200D9E9B1 /* Resources */,
			);
			buildRules = (
			);
			dependencies = (
			);
			name = CintinWork;
			productName = CintinWork;
			productReference = A6CC8EA31C24008200D9E9B1 /* 音樂繪本：心弦之歌.app */;
			productType = "com.apple.product-type.application";
		};
/* End PBXNativeTarget section */

/* Begin PBXProject section */
		A6CC8E9B1C24008200D9E9B1 /* Project object */ = {
			isa = PBXProject;
			attributes = {
				LastUpgradeCheck = 0720;
				ORGANIZATIONNAME = "Cheng Chia Ting";
				TargetAttributes = {
					A6CC8EA21C24008200D9E9B1 = {
						CreatedOnToolsVersion = 7.2;
						DevelopmentTeam = 7SYKJV64VD;
					};
				};
			};
			buildConfigurationList = A6CC8E9E1C24008200D9E9B1 /* Build configuration list for PBXProject "CintinWork" */;
			compatibilityVersion = "Xcode 3.2";
			developmentRegion = English;
			hasScannedForEncodings = 0;
			knownRegions = (
				en,
				Base,
			);
			mainGroup = A6CC8E9A1C24008200D9E9B1;
			productRefGroup = A6CC8EA41C24008200D9E9B1 /* Products */;
			projectDirPath = "";
			projectRoot = "";
			targets = (
				A6CC8EA21C24008200D9E9B1 /* CintinWork */,
			);
		};
/* End PBXProject section */

/* Begin PBXResourcesBuildPhase section */
		A6CC8EA11C24008200D9E9B1 /* Resources */ = {
			isa = PBXResourcesBuildPhase;
			buildActionMask = 2147483647;
			files = (
				A6FABD7E1C3CC21D00CF3EE2 /* stylus_play@2x.png in Resources */,
				A6FABD521C3CC21D00CF3EE2 /* 2-1_text3@2x.png in Resources */,
				A6FABD6F1C3CC21D00CF3EE2 /* 6-1_I@2x.png in Resources */,
				A6FABD481C3CC21D00CF3EE2 /* b1-4_end@2x.png in Resources */,
				A6FABD331C3CC21D00CF3EE2 /* cover_1@2x.jpg in Resources */,
				A6FABD641C3CC21D00CF3EE2 /* 4-E@2x.png in Resources */,
				A6CFE9661C24997D00623DBB /* H.mp3 in Resources */,
				A6FABD411C3CC21D00CF3EE2 /* 1-5_smoke3@2x.png in Resources */,
				A6FABD491C3CC21D00CF3EE2 /* b1-4_long@2x.png in Resources */,
				A6FABD4B1C3CC21D00CF3EE2 /* how@2x.png in Resources */,
				A6FABD541C3CC21D00CF3EE2 /* 2-A@2x.png in Resources */,
				A6FABD8E1C3CC21D00CF3EE2 /* logo.png in Resources */,
				A6FABD551C3CC21D00CF3EE2 /* 2-B@2x.png in Resources */,
				A6FABD881C3CC21D00CF3EE2 /* next_m_2@2x.png in Resources */,
				A6FABD421C3CC21D00CF3EE2 /* 1-5_smoke@2x.png in Resources */,
				A6FABD361C3CC21D00CF3EE2 /* cover_play@2x.png in Resources */,
				A6CC8EB31C24008200D9E9B1 /* Assets.xcassets in Resources */,
				A6FABD3D1C3CC21D00CF3EE2 /* 1-4_start@2x.png in Resources */,
				A6FABD7D1C3CC21D00CF3EE2 /* stylus_pause@2x.png in Resources */,
				A6FABD5C1C3CC21D00CF3EE2 /* 3-1_text@2x.png in Resources */,
				A6CFE9611C24997D00623DBB /* A.mp3 in Resources */,
				A6FABD671C3CC21D00CF3EE2 /* 5-1_A@2x.png in Resources */,
				A6FABD801C3CC21D00CF3EE2 /* close@2x.png in Resources */,
				A6CFE9631C24997D00623DBB /* E.mp3 in Resources */,
				A6FABD611C3CC21D00CF3EE2 /* 4-1_bg@2x.png in Resources */,
				A6FABD891C3CC21D00CF3EE2 /* pause@2x.png in Resources */,
				A6FABD531C3CC21D00CF3EE2 /* 2-1_text4@2x.png in Resources */,
				A6CFE9681C24997D00623DBB /* G.mp3 in Resources */,
				A6DAB5D91C25AB2D001CD22A /* B.mp3 in Resources */,
				A6FABD711C3CC21D00CF3EE2 /* 6-I@2x.png in Resources */,
				A6CFE9651C24997D00623DBB /* D.mp3 in Resources */,
				A6FABD861C3CC21D00CF3EE2 /* next@2x.png in Resources */,
				A6FABD681C3CC21D00CF3EE2 /* 5-1_bg@2x.png in Resources */,
				A6FABD571C3CC21D00CF3EE2 /* 3-1_A@2x.png in Resources */,
				A6FABD811C3CC21D00CF3EE2 /* download@2x.png in Resources */,
				A6FABD351C3CC21D00CF3EE2 /* cover_3@2x.jpg in Resources */,
				A6FABD461C3CC21D00CF3EE2 /* b1-2@2x.png in Resources */,
				A6FABD5A1C3CC21D00CF3EE2 /* 3-1_C@2x.png in Resources */,
				A6FABD3A1C3CC21D00CF3EE2 /* 1-3@2x.png in Resources */,
				A6FABD821C3CC21D00CF3EE2 /* hint@2x.png in Resources */,
				A6FABD3E1C3CC21D00CF3EE2 /* 1-5_bg@2x.png in Resources */,
				A6FABD621C3CC21D00CF3EE2 /* 4-1_E@2x.png in Resources */,
				A6FABD391C3CC21D00CF3EE2 /* 1-2@2x.png in Resources */,
				A6FABD581C3CC21D00CF3EE2 /* 3-1_bg1@2x.png in Resources */,
				A6FABD4E1C3CC21D00CF3EE2 /* 2-1_B.png in Resources */,
				A6FABD341C3CC21D00CF3EE2 /* cover_2@2x.jpg in Resources */,
				A6042AD91C3163E1004FA052 /* openningBGM2.mp3 in Resources */,
				A6FABD5B1C3CC21D00CF3EE2 /* 3-1_D@2x.png in Resources */,
				A6FABD7A1C3CC21D00CF3EE2 /* 8-2_bg@2x.jpg in Resources */,
				A6FABD3B1C3CC21D00CF3EE2 /* 1-4_end@2x.png in Resources */,
				A6FABD6E1C3CC21D00CF3EE2 /* 6-1@2x.png in Resources */,
				A6CFE96A1C24997D00623DBB /* J.mp3 in Resources */,
				A6FABD591C3CC21D00CF3EE2 /* 3-1_bg2@2x.png in Resources */,
				A6FABD4A1C3CC21D00CF3EE2 /* b1-4_start@2x.png in Resources */,
				A6FABD381C3CC21D00CF3EE2 /* 1-1@2x.png in Resources */,
				A6FABD831C3CC21D00CF3EE2 /* hint_music@2x.png in Resources */,
				A6FABD8D1C3CC21D00CF3EE2 /* launch.png in Resources */,
				A6FABD841C3CC21D00CF3EE2 /* home@2x.png in Resources */,
				A6FABD771C3CC21D00CF3EE2 /* 8-1@2x.png in Resources */,
				A6FABD4D1C3CC21D00CF3EE2 /* 2-1_A.png in Resources */,
				A6CFE9621C24997D00623DBB /* F.mp3 in Resources */,
				A6FABD8B1C3CC21D00CF3EE2 /* window@2x.png in Resources */,
				A6FABD651C3CC21D00CF3EE2 /* 4-F@2x.png in Resources */,
				A6FABD5E1C3CC21D00CF3EE2 /* 3-D@2x.png in Resources */,
				A6FABD721C3CC21D00CF3EE2 /* 6-J@2x.png in Resources */,
				A6FABD5D1C3CC21D00CF3EE2 /* 3-C@2x.png in Resources */,
				A6FABD431C3CC21D00CF3EE2 /* 1-5text@2x.png in Resources */,
				A6FABD451C3CC21D00CF3EE2 /* b1-1@2x.png in Resources */,
				A6FABD4F1C3CC21D00CF3EE2 /* 2-1_bg@2x.png in Resources */,
				A6D4885A1C2EBB4E00186A04 /* C.mp3 in Resources */,
				A6FABD631C3CC21D00CF3EE2 /* 4-1_F@2x.png in Resources */,
				A6FABD3C1C3CC21D00CF3EE2 /* 1-4_long@2x.png in Resources */,
				A6FABD751C3CC21D00CF3EE2 /* 7-1_2@2x.png in Resources */,
				A6FABD691C3CC21D00CF3EE2 /* 5-1_G@2x.png in Resources */,
				A6FABD741C3CC21D00CF3EE2 /* 7-1@2x.png in Resources */,
				A6FABD401C3CC21D00CF3EE2 /* 1-5_smoke2@2x.png in Resources */,
				A6FABD701C3CC21D00CF3EE2 /* 6-1_J@2x.png in Resources */,
				A6FABD871C3CC21D00CF3EE2 /* next_m@2x.png in Resources */,
				A6FABD3F1C3CC21D00CF3EE2 /* 1-5_ol@2x.png in Resources */,
				A6FABD7F1C3CC21D00CF3EE2 /* back@2x.png in Resources */,
				A6FABD6C1C3CC21D00CF3EE2 /* 5-H@2x.png in Resources */,
				A6FABD471C3CC21D00CF3EE2 /* b1-3@2x.png in Resources */,
				A6CFE9671C24997D00623DBB /* I.mp3 in Resources */,
				A6FABD6B1C3CC21D00CF3EE2 /* 5-G@2x.png in Resources */,
				A6FABD501C3CC21D00CF3EE2 /* 2-1_text1@2x.png in Resources */,
				A6FABD6A1C3CC21D00CF3EE2 /* 5-1_H@2x.png in Resources */,
				A6FABD781C3CC21D00CF3EE2 /* 8-1_record@2x.png in Resources */,
				A6042D5E1C3A8AFB004FA052 /* Main.storyboard in Resources */,
				A6FABD511C3CC21D00CF3EE2 /* 2-1_text2@2x.png in Resources */,
				A6FABD7C1C3CC21D00CF3EE2 /* record@2x.png in Resources */,
				A6FABD601C3CC21D00CF3EE2 /* 4-0@2x.png in Resources */,
				A6FABD8A1C3CC21D00CF3EE2 /* play@2x.png in Resources */,
			);
			runOnlyForDeploymentPostprocessing = 0;
		};
/* End PBXResourcesBuildPhase section */

/* Begin PBXSourcesBuildPhase section */
		A6CC8E9F1C24008200D9E9B1 /* Sources */ = {
			isa = PBXSourcesBuildPhase;
			buildActionMask = 2147483647;
			files = (
				A6CC8F161C24050800D9E9B1 /* OpenningViewController.m in Sources */,
				A6FABD941C3CFF1500CF3EE2 /* BushiViewController.m in Sources */,
				A6042ADC1C326763004FA052 /* SingleSceneViewController.m in Sources */,
				A6CFE9531C2493B000623DBB /* StationViewController.m in Sources */,
				A6D4885D1C2ED8CE00186A04 /* FlowerShopViewController.m in Sources */,
				A6CC8F231C24527700D9E9B1 /* CharacterViewController.m in Sources */,
				A6CC8EAB1C24008200D9E9B1 /* AppDelegate.m in Sources */,
				A6DAB5D41C257320001CD22A /* GeneralViewController.m in Sources */,
				A6CFE94E1C247A0400623DBB /* One5ViewController.m in Sources */,
				A6FABD9B1C3D407800CF3EE2 /* RecoedViewController.m in Sources */,
				A6CC8EA81C24008200D9E9B1 /* main.m in Sources */,
				A6DAB5D71C25765F001CD22A /* CafeViewController.m in Sources */,
				A6FABD971C3D36C600CF3EE2 /* UIView+Glow.m in Sources */,
				A6CC8F1D1C2446BD00D9E9B1 /* ParkViewController.m in Sources */,
				A6CFE96F1C249D9700623DBB /* CintinGlobalData.m in Sources */,
			);
			runOnlyForDeploymentPostprocessing = 0;
		};
/* End PBXSourcesBuildPhase section */

/* Begin PBXVariantGroup section */
		A6CC8EAF1C24008200D9E9B1 /* Main.storyboard */ = {
			isa = PBXVariantGroup;
			children = (
				A6CC8EB01C24008200D9E9B1 /* Base */,
			);
			name = Main.storyboard;
			sourceTree = "<group>";
		};
/* End PBXVariantGroup section */

/* Begin XCBuildConfiguration section */
		A6CC8EB81C24008200D9E9B1 /* Debug */ = {
			isa = XCBuildConfiguration;
			buildSettings = {
				ALWAYS_SEARCH_USER_PATHS = NO;
				CLANG_CXX_LANGUAGE_STANDARD = "gnu++0x";
				CLANG_CXX_LIBRARY = "libc++";
				CLANG_ENABLE_MODULES = YES;
				CLANG_ENABLE_OBJC_ARC = YES;
				CLANG_WARN_BOOL_CONVERSION = YES;
				CLANG_WARN_CONSTANT_CONVERSION = YES;
				CLANG_WARN_DIRECT_OBJC_ISA_USAGE = YES_ERROR;
				CLANG_WARN_EMPTY_BODY = YES;
				CLANG_WARN_ENUM_CONVERSION = YES;
				CLANG_WARN_INT_CONVERSION = YES;
				CLANG_WARN_OBJC_ROOT_CLASS = YES_ERROR;
				CLANG_WARN_UNREACHABLE_CODE = YES;
				CLANG_WARN__DUPLICATE_METHOD_MATCH = YES;
				"CODE_SIGN_IDENTITY[sdk=iphoneos*]" = "iPhone Developer";
				COPY_PHASE_STRIP = NO;
				DEBUG_INFORMATION_FORMAT = dwarf;
				ENABLE_STRICT_OBJC_MSGSEND = YES;
				ENABLE_TESTABILITY = YES;
				GCC_C_LANGUAGE_STANDARD = gnu99;
				GCC_DYNAMIC_NO_PIC = NO;
				GCC_NO_COMMON_BLOCKS = YES;
				GCC_OPTIMIZATION_LEVEL = 0;
				GCC_PREPROCESSOR_DEFINITIONS = (
					"DEBUG=1",
					"$(inherited)",
				);
				GCC_WARN_64_TO_32_BIT_CONVERSION = YES;
				GCC_WARN_ABOUT_RETURN_TYPE = YES_ERROR;
				GCC_WARN_UNDECLARED_SELECTOR = YES;
				GCC_WARN_UNINITIALIZED_AUTOS = YES_AGGRESSIVE;
				GCC_WARN_UNUSED_FUNCTION = YES;
				GCC_WARN_UNUSED_VARIABLE = YES;
				IPHONEOS_DEPLOYMENT_TARGET = 9.2;
				MTL_ENABLE_DEBUG_INFO = YES;
				ONLY_ACTIVE_ARCH = YES;
				PRODUCT_NAME = "音樂繪本：心弦之歌";
				SDKROOT = iphoneos;
			};
			name = Debug;
		};
		A6CC8EB91C24008200D9E9B1 /* Release */ = {
			isa = XCBuildConfiguration;
			buildSettings = {
				ALWAYS_SEARCH_USER_PATHS = NO;
				CLANG_CXX_LANGUAGE_STANDARD = "gnu++0x";
				CLANG_CXX_LIBRARY = "libc++";
				CLANG_ENABLE_MODULES = YES;
				CLANG_ENABLE_OBJC_ARC = YES;
				CLANG_WARN_BOOL_CONVERSION = YES;
				CLANG_WARN_CONSTANT_CONVERSION = YES;
				CLANG_WARN_DIRECT_OBJC_ISA_USAGE = YES_ERROR;
				CLANG_WARN_EMPTY_BODY = YES;
				CLANG_WARN_ENUM_CONVERSION = YES;
				CLANG_WARN_INT_CONVERSION = YES;
				CLANG_WARN_OBJC_ROOT_CLASS = YES_ERROR;
				CLANG_WARN_UNREACHABLE_CODE = YES;
				CLANG_WARN__DUPLICATE_METHOD_MATCH = YES;
				"CODE_SIGN_IDENTITY[sdk=iphoneos*]" = "iPhone Developer";
				COPY_PHASE_STRIP = NO;
				DEBUG_INFORMATION_FORMAT = "dwarf-with-dsym";
				ENABLE_NS_ASSERTIONS = NO;
				ENABLE_STRICT_OBJC_MSGSEND = YES;
				GCC_C_LANGUAGE_STANDARD = gnu99;
				GCC_NO_COMMON_BLOCKS = YES;
				GCC_WARN_64_TO_32_BIT_CONVERSION = YES;
				GCC_WARN_ABOUT_RETURN_TYPE = YES_ERROR;
				GCC_WARN_UNDECLARED_SELECTOR = YES;
				GCC_WARN_UNINITIALIZED_AUTOS = YES_AGGRESSIVE;
				GCC_WARN_UNUSED_FUNCTION = YES;
				GCC_WARN_UNUSED_VARIABLE = YES;
				IPHONEOS_DEPLOYMENT_TARGET = 9.2;
				MTL_ENABLE_DEBUG_INFO = NO;
				PRODUCT_NAME = "音樂繪本：心弦之歌";
				SDKROOT = iphoneos;
				VALIDATE_PRODUCT = YES;
			};
			name = Release;
		};
		A6CC8EBB1C24008200D9E9B1 /* Debug */ = {
			isa = XCBuildConfiguration;
			buildSettings = {
				ASSETCATALOG_COMPILER_APPICON_NAME = AppIcon;
				ASSETCATALOG_COMPILER_LAUNCHIMAGE_NAME = LaunchImage;
				CODE_SIGN_IDENTITY = "iPhone Developer";
				INFOPLIST_FILE = CintinWork/Info.plist;
				LD_RUNPATH_SEARCH_PATHS = "$(inherited) @executable_path/Frameworks";
				PRODUCT_BUNDLE_IDENTIFIER = ChengChiaTing.CintinWork;
				PRODUCT_NAME = "音樂繪本：心弦之歌";
				TARGETED_DEVICE_FAMILY = 2;
			};
			name = Debug;
		};
		A6CC8EBC1C24008200D9E9B1 /* Release */ = {
			isa = XCBuildConfiguration;
			buildSettings = {
				ASSETCATALOG_COMPILER_APPICON_NAME = AppIcon;
				ASSETCATALOG_COMPILER_LAUNCHIMAGE_NAME = LaunchImage;
				CODE_SIGN_IDENTITY = "iPhone Developer";
				INFOPLIST_FILE = CintinWork/Info.plist;
				LD_RUNPATH_SEARCH_PATHS = "$(inherited) @executable_path/Frameworks";
				PRODUCT_BUNDLE_IDENTIFIER = ChengChiaTing.CintinWork;
				PRODUCT_NAME = "音樂繪本：心弦之歌";
				TARGETED_DEVICE_FAMILY = 2;
			};
			name = Release;
		};
/* End XCBuildConfiguration section */

/* Begin XCConfigurationList section */
		A6CC8E9E1C24008200D9E9B1 /* Build configuration list for PBXProject "CintinWork" */ = {
			isa = XCConfigurationList;
			buildConfigurations = (
				A6CC8EB81C24008200D9E9B1 /* Debug */,
				A6CC8EB91C24008200D9E9B1 /* Release */,
			);
			defaultConfigurationIsVisible = 0;
			defaultConfigurationName = Release;
		};
		A6CC8EBA1C24008200D9E9B1 /* Build configuration list for PBXNativeTarget "CintinWork" */ = {
			isa = XCConfigurationList;
			buildConfigurations = (
				A6CC8EBB1C24008200D9E9B1 /* Debug */,
				A6CC8EBC1C24008200D9E9B1 /* Release */,
			);
			defaultConfigurationIsVisible = 0;
			defaultConfigurationName = Release;
		};
/* End XCConfigurationList section */
	};
	rootObject = A6CC8E9B1C24008200D9E9B1 /* Project object */;
}
