// !$*UTF8*$!
{
	archiveVersion = 1;
	classes = {
	};
	objectVersion = 46;
	objects = {

/* Begin PBXBuildFile section */
		A6CC8EA81C24008200D9E9B1 /* main.m in Sources */ = {isa = PBXBuildFile; fileRef = A6CC8EA71C24008200D9E9B1 /* main.m */; };
		A6CC8EAB1C24008200D9E9B1 /* AppDelegate.m in Sources */ = {isa = PBXBuildFile; fileRef = A6CC8EAA1C24008200D9E9B1 /* AppDelegate.m */; };
		A6CC8EB11C24008200D9E9B1 /* Main.storyboard in Resources */ = {isa = PBXBuildFile; fileRef = A6CC8EAF1C24008200D9E9B1 /* Main.storyboard */; };
		A6CC8EB31C24008200D9E9B1 /* Assets.xcassets in Resources */ = {isa = PBXBuildFile; fileRef = A6CC8EB21C24008200D9E9B1 /* Assets.xcassets */; };
		A6CC8F161C24050800D9E9B1 /* OpenningViewController.m in Sources */ = {isa = PBXBuildFile; fileRef = A6CC8F151C24050800D9E9B1 /* OpenningViewController.m */; };
		A6CC8F1D1C2446BD00D9E9B1 /* ParkViewController.m in Sources */ = {isa = PBXBuildFile; fileRef = A6CC8F1C1C2446BD00D9E9B1 /* ParkViewController.m */; };
		A6CC8F231C24527700D9E9B1 /* CharacterViewController.m in Sources */ = {isa = PBXBuildFile; fileRef = A6CC8F221C24527700D9E9B1 /* CharacterViewController.m */; };
		A6CFE9161C2475ED00623DBB /* 1-1@2x.png in Resources */ = {isa = PBXBuildFile; fileRef = A6CFE8ED1C2475EC00623DBB /* 1-1@2x.png */; };
		A6CFE9171C2475ED00623DBB /* 1-2@2x.png in Resources */ = {isa = PBXBuildFile; fileRef = A6CFE8EE1C2475EC00623DBB /* 1-2@2x.png */; };
		A6CFE9181C2475ED00623DBB /* 1-3@2x.png in Resources */ = {isa = PBXBuildFile; fileRef = A6CFE8EF1C2475EC00623DBB /* 1-3@2x.png */; };
		A6CFE9191C2475ED00623DBB /* 1-4-long@2x.png in Resources */ = {isa = PBXBuildFile; fileRef = A6CFE8F01C2475EC00623DBB /* 1-4-long@2x.png */; };
		A6CFE91A1C2475ED00623DBB /* 1-4@2x.png in Resources */ = {isa = PBXBuildFile; fileRef = A6CFE8F11C2475EC00623DBB /* 1-4@2x.png */; };
		A6CFE91B1C2475ED00623DBB /* b1-1@2x.png in Resources */ = {isa = PBXBuildFile; fileRef = A6CFE8F21C2475EC00623DBB /* b1-1@2x.png */; };
		A6CFE91C1C2475ED00623DBB /* b1-2@2x.png in Resources */ = {isa = PBXBuildFile; fileRef = A6CFE8F31C2475EC00623DBB /* b1-2@2x.png */; };
		A6CFE91D1C2475ED00623DBB /* b1-3@2x.png in Resources */ = {isa = PBXBuildFile; fileRef = A6CFE8F41C2475EC00623DBB /* b1-3@2x.png */; };
		A6CFE91E1C2475ED00623DBB /* b1-4-long.png in Resources */ = {isa = PBXBuildFile; fileRef = A6CFE8F51C2475EC00623DBB /* b1-4-long.png */; };
		A6CFE91F1C2475ED00623DBB /* b1-4@2x.png in Resources */ = {isa = PBXBuildFile; fileRef = A6CFE8F61C2475EC00623DBB /* b1-4@2x.png */; };
		A6CFE9201C2475ED00623DBB /* how@2x.png in Resources */ = {isa = PBXBuildFile; fileRef = A6CFE8F71C2475EC00623DBB /* how@2x.png */; };
		A6CFE9221C2475ED00623DBB /* 1-5_bg@2x.png in Resources */ = {isa = PBXBuildFile; fileRef = A6CFE8FA1C2475ED00623DBB /* 1-5_bg@2x.png */; };
		A6CFE9231C2475ED00623DBB /* 1-5_ol@2x.png in Resources */ = {isa = PBXBuildFile; fileRef = A6CFE8FB1C2475ED00623DBB /* 1-5_ol@2x.png */; };
		A6CFE9241C2475ED00623DBB /* 1-5_smoke2@2x.png in Resources */ = {isa = PBXBuildFile; fileRef = A6CFE8FC1C2475ED00623DBB /* 1-5_smoke2@2x.png */; };
		A6CFE9251C2475ED00623DBB /* 1-5_smoke3@2x.png in Resources */ = {isa = PBXBuildFile; fileRef = A6CFE8FD1C2475ED00623DBB /* 1-5_smoke3@2x.png */; };
		A6CFE9261C2475ED00623DBB /* 1-5_smoke@2x.png in Resources */ = {isa = PBXBuildFile; fileRef = A6CFE8FE1C2475ED00623DBB /* 1-5_smoke@2x.png */; };
		A6CFE9281C2475ED00623DBB /* 2-1_A.png in Resources */ = {isa = PBXBuildFile; fileRef = A6CFE9011C2475ED00623DBB /* 2-1_A.png */; };
		A6CFE9291C2475ED00623DBB /* 2-1_B.png in Resources */ = {isa = PBXBuildFile; fileRef = A6CFE9021C2475ED00623DBB /* 2-1_B.png */; };
		A6CFE92A1C2475ED00623DBB /* 2-A@2x.png in Resources */ = {isa = PBXBuildFile; fileRef = A6CFE9031C2475ED00623DBB /* 2-A@2x.png */; };
		A6CFE92B1C2475ED00623DBB /* 2-B@2x.png in Resources */ = {isa = PBXBuildFile; fileRef = A6CFE9041C2475ED00623DBB /* 2-B@2x.png */; };
		A6CFE92D1C2475ED00623DBB /* 3-1_A@2x.png in Resources */ = {isa = PBXBuildFile; fileRef = A6CFE9071C2475ED00623DBB /* 3-1_A@2x.png */; };
		A6CFE92E1C2475ED00623DBB /* 3-1_bg1@2x.png in Resources */ = {isa = PBXBuildFile; fileRef = A6CFE9081C2475ED00623DBB /* 3-1_bg1@2x.png */; };
		A6CFE92F1C2475ED00623DBB /* 3-1_bg2@2x.png in Resources */ = {isa = PBXBuildFile; fileRef = A6CFE9091C2475ED00623DBB /* 3-1_bg2@2x.png */; };
		A6CFE9301C2475ED00623DBB /* 3-1_C@2x.png in Resources */ = {isa = PBXBuildFile; fileRef = A6CFE90A1C2475ED00623DBB /* 3-1_C@2x.png */; };
		A6CFE9311C2475ED00623DBB /* 3-1_D@2x.png in Resources */ = {isa = PBXBuildFile; fileRef = A6CFE90B1C2475ED00623DBB /* 3-1_D@2x.png */; };
		A6CFE9321C2475ED00623DBB /* 3-C@2x.png in Resources */ = {isa = PBXBuildFile; fileRef = A6CFE90C1C2475ED00623DBB /* 3-C@2x.png */; };
		A6CFE9331C2475ED00623DBB /* 3-D@2x.png in Resources */ = {isa = PBXBuildFile; fileRef = A6CFE90D1C2475ED00623DBB /* 3-D@2x.png */; };
		A6CFE9351C2475ED00623DBB /* 4-1_bg@2x.png in Resources */ = {isa = PBXBuildFile; fileRef = A6CFE9101C2475ED00623DBB /* 4-1_bg@2x.png */; };
		A6CFE9361C2475ED00623DBB /* 4-1_E@2x.png in Resources */ = {isa = PBXBuildFile; fileRef = A6CFE9111C2475ED00623DBB /* 4-1_E@2x.png */; };
		A6CFE9371C2475ED00623DBB /* 4-1_F@2x.png in Resources */ = {isa = PBXBuildFile; fileRef = A6CFE9121C2475ED00623DBB /* 4-1_F@2x.png */; };
		A6CFE9381C2475ED00623DBB /* 4-E@2x.png in Resources */ = {isa = PBXBuildFile; fileRef = A6CFE9131C2475ED00623DBB /* 4-E@2x.png */; };
		A6CFE9391C2475ED00623DBB /* 4-F@2x.png in Resources */ = {isa = PBXBuildFile; fileRef = A6CFE9141C2475ED00623DBB /* 4-F@2x.png */; };
		A6CFE9441C24761500623DBB /* back@2x.png in Resources */ = {isa = PBXBuildFile; fileRef = A6CFE93C1C24761500623DBB /* back@2x.png */; };
		A6CFE9451C24761500623DBB /* close@2x.png in Resources */ = {isa = PBXBuildFile; fileRef = A6CFE93D1C24761500623DBB /* close@2x.png */; };
		A6CFE9461C24761500623DBB /* hint@2x.png in Resources */ = {isa = PBXBuildFile; fileRef = A6CFE93E1C24761500623DBB /* hint@2x.png */; };
		A6CFE9471C24761500623DBB /* home@2x.png in Resources */ = {isa = PBXBuildFile; fileRef = A6CFE93F1C24761500623DBB /* home@2x.png */; };
		A6CFE9491C24761500623DBB /* music@2x.png in Resources */ = {isa = PBXBuildFile; fileRef = A6CFE9411C24761500623DBB /* music@2x.png */; };
		A6CFE94A1C24761500623DBB /* next@2x.png in Resources */ = {isa = PBXBuildFile; fileRef = A6CFE9421C24761500623DBB /* next@2x.png */; };
		A6CFE94B1C24761500623DBB /* window@2x.png in Resources */ = {isa = PBXBuildFile; fileRef = A6CFE9431C24761500623DBB /* window@2x.png */; };
		A6CFE94E1C247A0400623DBB /* One5ViewController.m in Sources */ = {isa = PBXBuildFile; fileRef = A6CFE94D1C247A0400623DBB /* One5ViewController.m */; };
		A6CFE9501C247C8200623DBB /* 2-1_bg@2x.png in Resources */ = {isa = PBXBuildFile; fileRef = A6CFE94F1C247C8200623DBB /* 2-1_bg@2x.png */; };
		A6CFE9531C2493B000623DBB /* StationViewController.m in Sources */ = {isa = PBXBuildFile; fileRef = A6CFE9521C2493B000623DBB /* StationViewController.m */; };
		A6CFE9611C24997D00623DBB /* A.mp3 in Resources */ = {isa = PBXBuildFile; fileRef = A6CFE9561C24997D00623DBB /* A.mp3 */; };
		A6CFE9621C24997D00623DBB /* F.mp3 in Resources */ = {isa = PBXBuildFile; fileRef = A6CFE9571C24997D00623DBB /* F.mp3 */; };
		A6CFE9631C24997D00623DBB /* E.mp3 in Resources */ = {isa = PBXBuildFile; fileRef = A6CFE9581C24997D00623DBB /* E.mp3 */; };
		A6CFE9651C24997D00623DBB /* D.mp3 in Resources */ = {isa = PBXBuildFile; fileRef = A6CFE95A1C24997D00623DBB /* D.mp3 */; };
		A6CFE9661C24997D00623DBB /* H.mp3 in Resources */ = {isa = PBXBuildFile; fileRef = A6CFE95B1C24997D00623DBB /* H.mp3 */; };
		A6CFE9671C24997D00623DBB /* I.mp3 in Resources */ = {isa = PBXBuildFile; fileRef = A6CFE95C1C24997D00623DBB /* I.mp3 */; };
		A6CFE9681C24997D00623DBB /* G.mp3 in Resources */ = {isa = PBXBuildFile; fileRef = A6CFE95D1C24997D00623DBB /* G.mp3 */; };
		A6CFE96A1C24997D00623DBB /* J.mp3 in Resources */ = {isa = PBXBuildFile; fileRef = A6CFE95F1C24997D00623DBB /* J.mp3 */; };
		A6CFE96C1C2499F100623DBB /* openningBGM.wav in Resources */ = {isa = PBXBuildFile; fileRef = A6CFE96B1C2499F100623DBB /* openningBGM.wav */; };
		A6CFE96F1C249D9700623DBB /* CintinGlobalData.m in Sources */ = {isa = PBXBuildFile; fileRef = A6CFE96E1C249D9700623DBB /* CintinGlobalData.m */; };
		A6CFE9711C24A58C00623DBB /* AudioToolbox.framework in Frameworks */ = {isa = PBXBuildFile; fileRef = A6CFE9701C24A58C00623DBB /* AudioToolbox.framework */; };
		A6CFE9731C24A59200623DBB /* AVFoundation.framework in Frameworks */ = {isa = PBXBuildFile; fileRef = A6CFE9721C24A59200623DBB /* AVFoundation.framework */; };
		A6D4885A1C2EBB4E00186A04 /* C.mp3 in Resources */ = {isa = PBXBuildFile; fileRef = A6D488591C2EBB4E00186A04 /* C.mp3 */; };
		A6D4885D1C2ED8CE00186A04 /* FlowerShopViewController.m in Sources */ = {isa = PBXBuildFile; fileRef = A6D4885C1C2ED8CE00186A04 /* FlowerShopViewController.m */; };
		A6DAB5D41C257320001CD22A /* GeneralViewController.m in Sources */ = {isa = PBXBuildFile; fileRef = A6DAB5D31C257320001CD22A /* GeneralViewController.m */; };
		A6DAB5D71C25765F001CD22A /* CafeViewController.m in Sources */ = {isa = PBXBuildFile; fileRef = A6DAB5D61C25765F001CD22A /* CafeViewController.m */; };
		A6DAB5D91C25AB2D001CD22A /* B.mp3 in Resources */ = {isa = PBXBuildFile; fileRef = A6DAB5D81C25AB2D001CD22A /* B.mp3 */; };
/* End PBXBuildFile section */

/* Begin PBXFileReference section */
		A6CC8EA31C24008200D9E9B1 /* CintinWork.app */ = {isa = PBXFileReference; explicitFileType = wrapper.application; includeInIndex = 0; path = CintinWork.app; sourceTree = BUILT_PRODUCTS_DIR; };
		A6CC8EA71C24008200D9E9B1 /* main.m */ = {isa = PBXFileReference; lastKnownFileType = sourcecode.c.objc; path = main.m; sourceTree = "<group>"; };
		A6CC8EA91C24008200D9E9B1 /* AppDelegate.h */ = {isa = PBXFileReference; lastKnownFileType = sourcecode.c.h; path = AppDelegate.h; sourceTree = "<group>"; };
		A6CC8EAA1C24008200D9E9B1 /* AppDelegate.m */ = {isa = PBXFileReference; lastKnownFileType = sourcecode.c.objc; path = AppDelegate.m; sourceTree = "<group>"; };
		A6CC8EB01C24008200D9E9B1 /* Base */ = {isa = PBXFileReference; lastKnownFileType = file.storyboard; name = Base; path = Base.lproj/Main.storyboard; sourceTree = "<group>"; };
		A6CC8EB21C24008200D9E9B1 /* Assets.xcassets */ = {isa = PBXFileReference; lastKnownFileType = folder.assetcatalog; path = Assets.xcassets; sourceTree = "<group>"; };
		A6CC8EB71C24008200D9E9B1 /* Info.plist */ = {isa = PBXFileReference; lastKnownFileType = text.plist.xml; path = Info.plist; sourceTree = "<group>"; };
		A6CC8F141C24050800D9E9B1 /* OpenningViewController.h */ = {isa = PBXFileReference; fileEncoding = 4; lastKnownFileType = sourcecode.c.h; path = OpenningViewController.h; sourceTree = "<group>"; };
		A6CC8F151C24050800D9E9B1 /* OpenningViewController.m */ = {isa = PBXFileReference; fileEncoding = 4; lastKnownFileType = sourcecode.c.objc; path = OpenningViewController.m; sourceTree = "<group>"; };
		A6CC8F1B1C2446BD00D9E9B1 /* ParkViewController.h */ = {isa = PBXFileReference; fileEncoding = 4; lastKnownFileType = sourcecode.c.h; path = ParkViewController.h; sourceTree = "<group>"; };
		A6CC8F1C1C2446BD00D9E9B1 /* ParkViewController.m */ = {isa = PBXFileReference; fileEncoding = 4; lastKnownFileType = sourcecode.c.objc; path = ParkViewController.m; sourceTree = "<group>"; };
		A6CC8F211C24527700D9E9B1 /* CharacterViewController.h */ = {isa = PBXFileReference; fileEncoding = 4; lastKnownFileType = sourcecode.c.h; path = CharacterViewController.h; sourceTree = "<group>"; };
		A6CC8F221C24527700D9E9B1 /* CharacterViewController.m */ = {isa = PBXFileReference; fileEncoding = 4; lastKnownFileType = sourcecode.c.objc; path = CharacterViewController.m; sourceTree = "<group>"; };
		A6CFE8ED1C2475EC00623DBB /* 1-1@2x.png */ = {isa = PBXFileReference; lastKnownFileType = image.png; path = "1-1@2x.png"; sourceTree = "<group>"; };
		A6CFE8EE1C2475EC00623DBB /* 1-2@2x.png */ = {isa = PBXFileReference; lastKnownFileType = image.png; path = "1-2@2x.png"; sourceTree = "<group>"; };
		A6CFE8EF1C2475EC00623DBB /* 1-3@2x.png */ = {isa = PBXFileReference; lastKnownFileType = image.png; path = "1-3@2x.png"; sourceTree = "<group>"; };
		A6CFE8F01C2475EC00623DBB /* 1-4-long@2x.png */ = {isa = PBXFileReference; lastKnownFileType = image.png; path = "1-4-long@2x.png"; sourceTree = "<group>"; };
		A6CFE8F11C2475EC00623DBB /* 1-4@2x.png */ = {isa = PBXFileReference; lastKnownFileType = image.png; path = "1-4@2x.png"; sourceTree = "<group>"; };
		A6CFE8F21C2475EC00623DBB /* b1-1@2x.png */ = {isa = PBXFileReference; lastKnownFileType = image.png; path = "b1-1@2x.png"; sourceTree = "<group>"; };
		A6CFE8F31C2475EC00623DBB /* b1-2@2x.png */ = {isa = PBXFileReference; lastKnownFileType = image.png; path = "b1-2@2x.png"; sourceTree = "<group>"; };
		A6CFE8F41C2475EC00623DBB /* b1-3@2x.png */ = {isa = PBXFileReference; lastKnownFileType = image.png; path = "b1-3@2x.png"; sourceTree = "<group>"; };
		A6CFE8F51C2475EC00623DBB /* b1-4-long.png */ = {isa = PBXFileReference; lastKnownFileType = image.png; path = "b1-4-long.png"; sourceTree = "<group>"; };
		A6CFE8F61C2475EC00623DBB /* b1-4@2x.png */ = {isa = PBXFileReference; lastKnownFileType = image.png; path = "b1-4@2x.png"; sourceTree = "<group>"; };
		A6CFE8F71C2475EC00623DBB /* how@2x.png */ = {isa = PBXFileReference; lastKnownFileType = image.png; path = "how@2x.png"; sourceTree = "<group>"; };
		A6CFE8FA1C2475ED00623DBB /* 1-5_bg@2x.png */ = {isa = PBXFileReference; lastKnownFileType = image.png; path = "1-5_bg@2x.png"; sourceTree = "<group>"; };
		A6CFE8FB1C2475ED00623DBB /* 1-5_ol@2x.png */ = {isa = PBXFileReference; lastKnownFileType = image.png; path = "1-5_ol@2x.png"; sourceTree = "<group>"; };
		A6CFE8FC1C2475ED00623DBB /* 1-5_smoke2@2x.png */ = {isa = PBXFileReference; lastKnownFileType = image.png; path = "1-5_smoke2@2x.png"; sourceTree = "<group>"; };
		A6CFE8FD1C2475ED00623DBB /* 1-5_smoke3@2x.png */ = {isa = PBXFileReference; lastKnownFileType = image.png; path = "1-5_smoke3@2x.png"; sourceTree = "<group>"; };
		A6CFE8FE1C2475ED00623DBB /* 1-5_smoke@2x.png */ = {isa = PBXFileReference; lastKnownFileType = image.png; path = "1-5_smoke@2x.png"; sourceTree = "<group>"; };
		A6CFE9011C2475ED00623DBB /* 2-1_A.png */ = {isa = PBXFileReference; lastKnownFileType = image.png; path = "2-1_A.png"; sourceTree = "<group>"; };
		A6CFE9021C2475ED00623DBB /* 2-1_B.png */ = {isa = PBXFileReference; lastKnownFileType = image.png; path = "2-1_B.png"; sourceTree = "<group>"; };
		A6CFE9031C2475ED00623DBB /* 2-A@2x.png */ = {isa = PBXFileReference; lastKnownFileType = image.png; path = "2-A@2x.png"; sourceTree = "<group>"; };
		A6CFE9041C2475ED00623DBB /* 2-B@2x.png */ = {isa = PBXFileReference; lastKnownFileType = image.png; path = "2-B@2x.png"; sourceTree = "<group>"; };
		A6CFE9071C2475ED00623DBB /* 3-1_A@2x.png */ = {isa = PBXFileReference; lastKnownFileType = image.png; path = "3-1_A@2x.png"; sourceTree = "<group>"; };
		A6CFE9081C2475ED00623DBB /* 3-1_bg1@2x.png */ = {isa = PBXFileReference; lastKnownFileType = image.png; path = "3-1_bg1@2x.png"; sourceTree = "<group>"; };
		A6CFE9091C2475ED00623DBB /* 3-1_bg2@2x.png */ = {isa = PBXFileReference; lastKnownFileType = image.png; path = "3-1_bg2@2x.png"; sourceTree = "<group>"; };
		A6CFE90A1C2475ED00623DBB /* 3-1_C@2x.png */ = {isa = PBXFileReference; lastKnownFileType = image.png; path = "3-1_C@2x.png"; sourceTree = "<group>"; };
		A6CFE90B1C2475ED00623DBB /* 3-1_D@2x.png */ = {isa = PBXFileReference; lastKnownFileType = image.png; path = "3-1_D@2x.png"; sourceTree = "<group>"; };
		A6CFE90C1C2475ED00623DBB /* 3-C@2x.png */ = {isa = PBXFileReference; lastKnownFileType = image.png; path = "3-C@2x.png"; sourceTree = "<group>"; };
		A6CFE90D1C2475ED00623DBB /* 3-D@2x.png */ = {isa = PBXFileReference; lastKnownFileType = image.png; path = "3-D@2x.png"; sourceTree = "<group>"; };
		A6CFE9101C2475ED00623DBB /* 4-1_bg@2x.png */ = {isa = PBXFileReference; lastKnownFileType = image.png; path = "4-1_bg@2x.png"; sourceTree = "<group>"; };
		A6CFE9111C2475ED00623DBB /* 4-1_E@2x.png */ = {isa = PBXFileReference; lastKnownFileType = image.png; path = "4-1_E@2x.png"; sourceTree = "<group>"; };
		A6CFE9121C2475ED00623DBB /* 4-1_F@2x.png */ = {isa = PBXFileReference; lastKnownFileType = image.png; path = "4-1_F@2x.png"; sourceTree = "<group>"; };
		A6CFE9131C2475ED00623DBB /* 4-E@2x.png */ = {isa = PBXFileReference; lastKnownFileType = image.png; path = "4-E@2x.png"; sourceTree = "<group>"; };
		A6CFE9141C2475ED00623DBB /* 4-F@2x.png */ = {isa = PBXFileReference; lastKnownFileType = image.png; path = "4-F@2x.png"; sourceTree = "<group>"; };
		A6CFE93C1C24761500623DBB /* back@2x.png */ = {isa = PBXFileReference; lastKnownFileType = image.png; path = "back@2x.png"; sourceTree = "<group>"; };
		A6CFE93D1C24761500623DBB /* close@2x.png */ = {isa = PBXFileReference; lastKnownFileType = image.png; path = "close@2x.png"; sourceTree = "<group>"; };
		A6CFE93E1C24761500623DBB /* hint@2x.png */ = {isa = PBXFileReference; lastKnownFileType = image.png; path = "hint@2x.png"; sourceTree = "<group>"; };
		A6CFE93F1C24761500623DBB /* home@2x.png */ = {isa = PBXFileReference; lastKnownFileType = image.png; path = "home@2x.png"; sourceTree = "<group>"; };
		A6CFE9411C24761500623DBB /* music@2x.png */ = {isa = PBXFileReference; lastKnownFileType = image.png; path = "music@2x.png"; sourceTree = "<group>"; };
		A6CFE9421C24761500623DBB /* next@2x.png */ = {isa = PBXFileReference; lastKnownFileType = image.png; path = "next@2x.png"; sourceTree = "<group>"; };
		A6CFE9431C24761500623DBB /* window@2x.png */ = {isa = PBXFileReference; lastKnownFileType = image.png; path = "window@2x.png"; sourceTree = "<group>"; };
		A6CFE94C1C247A0400623DBB /* One5ViewController.h */ = {isa = PBXFileReference; fileEncoding = 4; lastKnownFileType = sourcecode.c.h; path = One5ViewController.h; sourceTree = "<group>"; };
		A6CFE94D1C247A0400623DBB /* One5ViewController.m */ = {isa = PBXFileReference; fileEncoding = 4; lastKnownFileType = sourcecode.c.objc; path = One5ViewController.m; sourceTree = "<group>"; };
		A6CFE94F1C247C8200623DBB /* 2-1_bg@2x.png */ = {isa = PBXFileReference; lastKnownFileType = image.png; path = "2-1_bg@2x.png"; sourceTree = "<group>"; };
		A6CFE9511C2493B000623DBB /* StationViewController.h */ = {isa = PBXFileReference; fileEncoding = 4; lastKnownFileType = sourcecode.c.h; path = StationViewController.h; sourceTree = "<group>"; };
		A6CFE9521C2493B000623DBB /* StationViewController.m */ = {isa = PBXFileReference; fileEncoding = 4; lastKnownFileType = sourcecode.c.objc; path = StationViewController.m; sourceTree = "<group>"; };
		A6CFE9561C24997D00623DBB /* A.mp3 */ = {isa = PBXFileReference; lastKnownFileType = audio.mp3; path = A.mp3; sourceTree = "<group>"; };
		A6CFE9571C24997D00623DBB /* F.mp3 */ = {isa = PBXFileReference; lastKnownFileType = audio.mp3; path = F.mp3; sourceTree = "<group>"; };
		A6CFE9581C24997D00623DBB /* E.mp3 */ = {isa = PBXFileReference; lastKnownFileType = audio.mp3; path = E.mp3; sourceTree = "<group>"; };
		A6CFE95A1C24997D00623DBB /* D.mp3 */ = {isa = PBXFileReference; lastKnownFileType = audio.mp3; path = D.mp3; sourceTree = "<group>"; };
		A6CFE95B1C24997D00623DBB /* H.mp3 */ = {isa = PBXFileReference; lastKnownFileType = audio.mp3; path = H.mp3; sourceTree = "<group>"; };
		A6CFE95C1C24997D00623DBB /* I.mp3 */ = {isa = PBXFileReference; lastKnownFileType = audio.mp3; path = I.mp3; sourceTree = "<group>"; };
		A6CFE95D1C24997D00623DBB /* G.mp3 */ = {isa = PBXFileReference; lastKnownFileType = audio.mp3; path = G.mp3; sourceTree = "<group>"; };
		A6CFE95F1C24997D00623DBB /* J.mp3 */ = {isa = PBXFileReference; lastKnownFileType = audio.mp3; path = J.mp3; sourceTree = "<group>"; };
		A6CFE96B1C2499F100623DBB /* openningBGM.wav */ = {isa = PBXFileReference; lastKnownFileType = audio.wav; path = openningBGM.wav; sourceTree = "<group>"; };
		A6CFE96D1C249D9700623DBB /* CintinGlobalData.h */ = {isa = PBXFileReference; fileEncoding = 4; lastKnownFileType = sourcecode.c.h; path = CintinGlobalData.h; sourceTree = "<group>"; };
		A6CFE96E1C249D9700623DBB /* CintinGlobalData.m */ = {isa = PBXFileReference; fileEncoding = 4; lastKnownFileType = sourcecode.c.objc; path = CintinGlobalData.m; sourceTree = "<group>"; };
		A6CFE9701C24A58C00623DBB /* AudioToolbox.framework */ = {isa = PBXFileReference; lastKnownFileType = wrapper.framework; name = AudioToolbox.framework; path = System/Library/Frameworks/AudioToolbox.framework; sourceTree = SDKROOT; };
		A6CFE9721C24A59200623DBB /* AVFoundation.framework */ = {isa = PBXFileReference; lastKnownFileType = wrapper.framework; name = AVFoundation.framework; path = System/Library/Frameworks/AVFoundation.framework; sourceTree = SDKROOT; };
		A6D488591C2EBB4E00186A04 /* C.mp3 */ = {isa = PBXFileReference; lastKnownFileType = audio.mp3; path = C.mp3; sourceTree = "<group>"; };
		A6D4885B1C2ED8CE00186A04 /* FlowerShopViewController.h */ = {isa = PBXFileReference; fileEncoding = 4; lastKnownFileType = sourcecode.c.h; path = FlowerShopViewController.h; sourceTree = "<group>"; };
		A6D4885C1C2ED8CE00186A04 /* FlowerShopViewController.m */ = {isa = PBXFileReference; fileEncoding = 4; lastKnownFileType = sourcecode.c.objc; path = FlowerShopViewController.m; sourceTree = "<group>"; };
		A6DAB5D21C257320001CD22A /* GeneralViewController.h */ = {isa = PBXFileReference; fileEncoding = 4; lastKnownFileType = sourcecode.c.h; path = GeneralViewController.h; sourceTree = "<group>"; };
		A6DAB5D31C257320001CD22A /* GeneralViewController.m */ = {isa = PBXFileReference; fileEncoding = 4; lastKnownFileType = sourcecode.c.objc; path = GeneralViewController.m; sourceTree = "<group>"; };
		A6DAB5D51C25765F001CD22A /* CafeViewController.h */ = {isa = PBXFileReference; fileEncoding = 4; lastKnownFileType = sourcecode.c.h; path = CafeViewController.h; sourceTree = "<group>"; };
		A6DAB5D61C25765F001CD22A /* CafeViewController.m */ = {isa = PBXFileReference; fileEncoding = 4; lastKnownFileType = sourcecode.c.objc; path = CafeViewController.m; sourceTree = "<group>"; };
		A6DAB5D81C25AB2D001CD22A /* B.mp3 */ = {isa = PBXFileReference; lastKnownFileType = audio.mp3; path = B.mp3; sourceTree = "<group>"; };
/* End PBXFileReference section */

/* Begin PBXFrameworksBuildPhase section */
		A6CC8EA01C24008200D9E9B1 /* Frameworks */ = {
			isa = PBXFrameworksBuildPhase;
			buildActionMask = 2147483647;
			files = (
				A6CFE9731C24A59200623DBB /* AVFoundation.framework in Frameworks */,
				A6CFE9711C24A58C00623DBB /* AudioToolbox.framework in Frameworks */,
			);
			runOnlyForDeploymentPostprocessing = 0;
		};
/* End PBXFrameworksBuildPhase section */

/* Begin PBXGroup section */
		A6CC8E9A1C24008200D9E9B1 = {
			isa = PBXGroup;
			children = (
				A6CFE9721C24A59200623DBB /* AVFoundation.framework */,
				A6CFE9701C24A58C00623DBB /* AudioToolbox.framework */,
				A6CC8EA51C24008200D9E9B1 /* CintinWork */,
				A6CC8EA41C24008200D9E9B1 /* Products */,
			);
			sourceTree = "<group>";
		};
		A6CC8EA41C24008200D9E9B1 /* Products */ = {
			isa = PBXGroup;
			children = (
				A6CC8EA31C24008200D9E9B1 /* CintinWork.app */,
			);
			name = Products;
			sourceTree = "<group>";
		};
		A6CC8EA51C24008200D9E9B1 /* CintinWork */ = {
			isa = PBXGroup;
			children = (
				A6CFE9541C24997D00623DBB /* Mp3 */,
				A6CFE8EB1C2475EC00623DBB /* image */,
				A6CC8EAF1C24008200D9E9B1 /* Main.storyboard */,
				A6CC8EA91C24008200D9E9B1 /* AppDelegate.h */,
				A6CC8EAA1C24008200D9E9B1 /* AppDelegate.m */,
				A6CFE96D1C249D9700623DBB /* CintinGlobalData.h */,
				A6CFE96E1C249D9700623DBB /* CintinGlobalData.m */,
				A6DAB5D21C257320001CD22A /* GeneralViewController.h */,
				A6DAB5D31C257320001CD22A /* GeneralViewController.m */,
				A6CC8F211C24527700D9E9B1 /* CharacterViewController.h */,
				A6CC8F221C24527700D9E9B1 /* CharacterViewController.m */,
				A6CC8F141C24050800D9E9B1 /* OpenningViewController.h */,
				A6CC8F151C24050800D9E9B1 /* OpenningViewController.m */,
				A6CFE94C1C247A0400623DBB /* One5ViewController.h */,
				A6CFE94D1C247A0400623DBB /* One5ViewController.m */,
				A6CC8F1B1C2446BD00D9E9B1 /* ParkViewController.h */,
				A6CC8F1C1C2446BD00D9E9B1 /* ParkViewController.m */,
				A6CFE9511C2493B000623DBB /* StationViewController.h */,
				A6CFE9521C2493B000623DBB /* StationViewController.m */,
				A6DAB5D51C25765F001CD22A /* CafeViewController.h */,
				A6DAB5D61C25765F001CD22A /* CafeViewController.m */,
				A6D4885B1C2ED8CE00186A04 /* FlowerShopViewController.h */,
				A6D4885C1C2ED8CE00186A04 /* FlowerShopViewController.m */,
				A6CC8EB21C24008200D9E9B1 /* Assets.xcassets */,
				A6CC8EB71C24008200D9E9B1 /* Info.plist */,
				A6CC8EA61C24008200D9E9B1 /* Supporting Files */,
			);
			path = CintinWork;
			sourceTree = "<group>";
		};
		A6CC8EA61C24008200D9E9B1 /* Supporting Files */ = {
			isa = PBXGroup;
			children = (
				A6CC8EA71C24008200D9E9B1 /* main.m */,
			);
			name = "Supporting Files";
			sourceTree = "<group>";
		};
		A6CFE8EB1C2475EC00623DBB /* image */ = {
			isa = PBXGroup;
			children = (
				A6CFE93B1C24761500623DBB /* buttons */,
				A6CFE8EC1C2475EC00623DBB /* 1-1~1-4 */,
				A6CFE8F91C2475ED00623DBB /* 1-5 */,
				A6CFE9001C2475ED00623DBB /* 2-1-A-B */,
				A6CFE9061C2475ED00623DBB /* 3-1-C-D */,
				A6CFE90F1C2475ED00623DBB /* 4-1-E-F */,
			);
			path = image;
			sourceTree = "<group>";
		};
		A6CFE8EC1C2475EC00623DBB /* 1-1~1-4 */ = {
			isa = PBXGroup;
			children = (
				A6CFE8ED1C2475EC00623DBB /* 1-1@2x.png */,
				A6CFE8EE1C2475EC00623DBB /* 1-2@2x.png */,
				A6CFE8EF1C2475EC00623DBB /* 1-3@2x.png */,
				A6CFE8F01C2475EC00623DBB /* 1-4-long@2x.png */,
				A6CFE8F11C2475EC00623DBB /* 1-4@2x.png */,
				A6CFE8F21C2475EC00623DBB /* b1-1@2x.png */,
				A6CFE8F31C2475EC00623DBB /* b1-2@2x.png */,
				A6CFE8F41C2475EC00623DBB /* b1-3@2x.png */,
				A6CFE8F51C2475EC00623DBB /* b1-4-long.png */,
				A6CFE8F61C2475EC00623DBB /* b1-4@2x.png */,
				A6CFE8F71C2475EC00623DBB /* how@2x.png */,
			);
			path = "1-1~1-4";
			sourceTree = "<group>";
		};
		A6CFE8F91C2475ED00623DBB /* 1-5 */ = {
			isa = PBXGroup;
			children = (
				A6CFE8FA1C2475ED00623DBB /* 1-5_bg@2x.png */,
				A6CFE8FB1C2475ED00623DBB /* 1-5_ol@2x.png */,
				A6CFE8FC1C2475ED00623DBB /* 1-5_smoke2@2x.png */,
				A6CFE8FD1C2475ED00623DBB /* 1-5_smoke3@2x.png */,
				A6CFE8FE1C2475ED00623DBB /* 1-5_smoke@2x.png */,
			);
			path = "1-5";
			sourceTree = "<group>";
		};
		A6CFE9001C2475ED00623DBB /* 2-1-A-B */ = {
			isa = PBXGroup;
			children = (
				A6CFE9011C2475ED00623DBB /* 2-1_A.png */,
				A6CFE9021C2475ED00623DBB /* 2-1_B.png */,
				A6CFE94F1C247C8200623DBB /* 2-1_bg@2x.png */,
				A6CFE9031C2475ED00623DBB /* 2-A@2x.png */,
				A6CFE9041C2475ED00623DBB /* 2-B@2x.png */,
			);
			path = "2-1-A-B";
			sourceTree = "<group>";
		};
		A6CFE9061C2475ED00623DBB /* 3-1-C-D */ = {
			isa = PBXGroup;
			children = (
				A6CFE9071C2475ED00623DBB /* 3-1_A@2x.png */,
				A6CFE9081C2475ED00623DBB /* 3-1_bg1@2x.png */,
				A6CFE9091C2475ED00623DBB /* 3-1_bg2@2x.png */,
				A6CFE90A1C2475ED00623DBB /* 3-1_C@2x.png */,
				A6CFE90B1C2475ED00623DBB /* 3-1_D@2x.png */,
				A6CFE90C1C2475ED00623DBB /* 3-C@2x.png */,
				A6CFE90D1C2475ED00623DBB /* 3-D@2x.png */,
			);
			path = "3-1-C-D";
			sourceTree = "<group>";
		};
		A6CFE90F1C2475ED00623DBB /* 4-1-E-F */ = {
			isa = PBXGroup;
			children = (
				A6CFE9101C2475ED00623DBB /* 4-1_bg@2x.png */,
				A6CFE9111C2475ED00623DBB /* 4-1_E@2x.png */,
				A6CFE9121C2475ED00623DBB /* 4-1_F@2x.png */,
				A6CFE9131C2475ED00623DBB /* 4-E@2x.png */,
				A6CFE9141C2475ED00623DBB /* 4-F@2x.png */,
			);
			path = "4-1-E-F";
			sourceTree = "<group>";
		};
		A6CFE93B1C24761500623DBB /* buttons */ = {
			isa = PBXGroup;
			children = (
				A6CFE93C1C24761500623DBB /* back@2x.png */,
				A6CFE93D1C24761500623DBB /* close@2x.png */,
				A6CFE93E1C24761500623DBB /* hint@2x.png */,
				A6CFE93F1C24761500623DBB /* home@2x.png */,
				A6CFE9411C24761500623DBB /* music@2x.png */,
				A6CFE9421C24761500623DBB /* next@2x.png */,
				A6CFE9431C24761500623DBB /* window@2x.png */,
			);
			path = buttons;
			sourceTree = "<group>";
		};
		A6CFE9541C24997D00623DBB /* Mp3 */ = {
			isa = PBXGroup;
			children = (
				A6CFE96B1C2499F100623DBB /* openningBGM.wav */,
				A6CFE9561C24997D00623DBB /* A.mp3 */,
				A6DAB5D81C25AB2D001CD22A /* B.mp3 */,
				A6D488591C2EBB4E00186A04 /* C.mp3 */,
				A6CFE95A1C24997D00623DBB /* D.mp3 */,
				A6CFE9581C24997D00623DBB /* E.mp3 */,
				A6CFE9571C24997D00623DBB /* F.mp3 */,
				A6CFE95D1C24997D00623DBB /* G.mp3 */,
				A6CFE95B1C24997D00623DBB /* H.mp3 */,
				A6CFE95C1C24997D00623DBB /* I.mp3 */,
				A6CFE95F1C24997D00623DBB /* J.mp3 */,
			);
			path = Mp3;
			sourceTree = "<group>";
		};
/* End PBXGroup section */

/* Begin PBXNativeTarget section */
		A6CC8EA21C24008200D9E9B1 /* CintinWork */ = {
			isa = PBXNativeTarget;
			buildConfigurationList = A6CC8EBA1C24008200D9E9B1 /* Build configuration list for PBXNativeTarget "CintinWork" */;
			buildPhases = (
				A6CC8E9F1C24008200D9E9B1 /* Sources */,
				A6CC8EA01C24008200D9E9B1 /* Frameworks */,
				A6CC8EA11C24008200D9E9B1 /* Resources */,
			);
			buildRules = (
			);
			dependencies = (
			);
			name = CintinWork;
			productName = CintinWork;
			productReference = A6CC8EA31C24008200D9E9B1 /* CintinWork.app */;
			productType = "com.apple.product-type.application";
		};
/* End PBXNativeTarget section */

/* Begin PBXProject section */
		A6CC8E9B1C24008200D9E9B1 /* Project object */ = {
			isa = PBXProject;
			attributes = {
				LastUpgradeCheck = 0720;
				ORGANIZATIONNAME = "Cheng Chia Ting";
				TargetAttributes = {
					A6CC8EA21C24008200D9E9B1 = {
						CreatedOnToolsVersion = 7.2;
						DevelopmentTeam = 7SYKJV64VD;
					};
				};
			};
			buildConfigurationList = A6CC8E9E1C24008200D9E9B1 /* Build configuration list for PBXProject "CintinWork" */;
			compatibilityVersion = "Xcode 3.2";
			developmentRegion = English;
			hasScannedForEncodings = 0;
			knownRegions = (
				en,
				Base,
			);
			mainGroup = A6CC8E9A1C24008200D9E9B1;
			productRefGroup = A6CC8EA41C24008200D9E9B1 /* Products */;
			projectDirPath = "";
			projectRoot = "";
			targets = (
				A6CC8EA21C24008200D9E9B1 /* CintinWork */,
			);
		};
/* End PBXProject section */

/* Begin PBXResourcesBuildPhase section */
		A6CC8EA11C24008200D9E9B1 /* Resources */ = {
			isa = PBXResourcesBuildPhase;
			buildActionMask = 2147483647;
			files = (
				A6CFE9261C2475ED00623DBB /* 1-5_smoke@2x.png in Resources */,
				A6CFE9161C2475ED00623DBB /* 1-1@2x.png in Resources */,
				A6CFE9491C24761500623DBB /* music@2x.png in Resources */,
				A6CFE9371C2475ED00623DBB /* 4-1_F@2x.png in Resources */,
				A6CFE9661C24997D00623DBB /* H.mp3 in Resources */,
				A6CFE91B1C2475ED00623DBB /* b1-1@2x.png in Resources */,
				A6CFE9221C2475ED00623DBB /* 1-5_bg@2x.png in Resources */,
				A6CFE9181C2475ED00623DBB /* 1-3@2x.png in Resources */,
				A6CC8EB31C24008200D9E9B1 /* Assets.xcassets in Resources */,
				A6CFE9281C2475ED00623DBB /* 2-1_A.png in Resources */,
				A6CFE9611C24997D00623DBB /* A.mp3 in Resources */,
				A6CFE9631C24997D00623DBB /* E.mp3 in Resources */,
				A6CFE92B1C2475ED00623DBB /* 2-B@2x.png in Resources */,
				A6CFE9311C2475ED00623DBB /* 3-1_D@2x.png in Resources */,
				A6CFE9681C24997D00623DBB /* G.mp3 in Resources */,
				A6CFE92E1C2475ED00623DBB /* 3-1_bg1@2x.png in Resources */,
				A6DAB5D91C25AB2D001CD22A /* B.mp3 in Resources */,
				A6CFE9331C2475ED00623DBB /* 3-D@2x.png in Resources */,
				A6CFE9651C24997D00623DBB /* D.mp3 in Resources */,
				A6CFE91A1C2475ED00623DBB /* 1-4@2x.png in Resources */,
				A6CFE9461C24761500623DBB /* hint@2x.png in Resources */,
				A6CFE9231C2475ED00623DBB /* 1-5_ol@2x.png in Resources */,
				A6CFE9321C2475ED00623DBB /* 3-C@2x.png in Resources */,
				A6CFE94B1C24761500623DBB /* window@2x.png in Resources */,
				A6CFE9441C24761500623DBB /* back@2x.png in Resources */,
				A6CFE9241C2475ED00623DBB /* 1-5_smoke2@2x.png in Resources */,
				A6CFE9391C2475ED00623DBB /* 4-F@2x.png in Resources */,
				A6CFE96A1C24997D00623DBB /* J.mp3 in Resources */,
				A6CFE9201C2475ED00623DBB /* how@2x.png in Resources */,
				A6CFE9621C24997D00623DBB /* F.mp3 in Resources */,
				A6CFE9191C2475ED00623DBB /* 1-4-long@2x.png in Resources */,
				A6CFE9451C24761500623DBB /* close@2x.png in Resources */,
				A6CC8EB11C24008200D9E9B1 /* Main.storyboard in Resources */,
				A6CFE92D1C2475ED00623DBB /* 3-1_A@2x.png in Resources */,
				A6CFE9291C2475ED00623DBB /* 2-1_B.png in Resources */,
				A6CFE9251C2475ED00623DBB /* 1-5_smoke3@2x.png in Resources */,
				A6CFE9171C2475ED00623DBB /* 1-2@2x.png in Resources */,
				A6CFE92F1C2475ED00623DBB /* 3-1_bg2@2x.png in Resources */,
				A6CFE9471C24761500623DBB /* home@2x.png in Resources */,
				A6CFE94A1C24761500623DBB /* next@2x.png in Resources */,
				A6D4885A1C2EBB4E00186A04 /* C.mp3 in Resources */,
				A6CFE9381C2475ED00623DBB /* 4-E@2x.png in Resources */,
				A6CFE91F1C2475ED00623DBB /* b1-4@2x.png in Resources */,
				A6CFE9501C247C8200623DBB /* 2-1_bg@2x.png in Resources */,
				A6CFE9361C2475ED00623DBB /* 4-1_E@2x.png in Resources */,
				A6CFE91C1C2475ED00623DBB /* b1-2@2x.png in Resources */,
				A6CFE91E1C2475ED00623DBB /* b1-4-long.png in Resources */,
				A6CFE92A1C2475ED00623DBB /* 2-A@2x.png in Resources */,
				A6CFE9671C24997D00623DBB /* I.mp3 in Resources */,
				A6CFE96C1C2499F100623DBB /* openningBGM.wav in Resources */,
				A6CFE9301C2475ED00623DBB /* 3-1_C@2x.png in Resources */,
				A6CFE9351C2475ED00623DBB /* 4-1_bg@2x.png in Resources */,
				A6CFE91D1C2475ED00623DBB /* b1-3@2x.png in Resources */,
			);
			runOnlyForDeploymentPostprocessing = 0;
		};
/* End PBXResourcesBuildPhase section */

/* Begin PBXSourcesBuildPhase section */
		A6CC8E9F1C24008200D9E9B1 /* Sources */ = {
			isa = PBXSourcesBuildPhase;
			buildActionMask = 2147483647;
			files = (
				A6CC8F161C24050800D9E9B1 /* OpenningViewController.m in Sources */,
				A6CFE9531C2493B000623DBB /* StationViewController.m in Sources */,
				A6D4885D1C2ED8CE00186A04 /* FlowerShopViewController.m in Sources */,
				A6CC8F231C24527700D9E9B1 /* CharacterViewController.m in Sources */,
				A6CC8EAB1C24008200D9E9B1 /* AppDelegate.m in Sources */,
				A6DAB5D41C257320001CD22A /* GeneralViewController.m in Sources */,
				A6CFE94E1C247A0400623DBB /* One5ViewController.m in Sources */,
				A6CC8EA81C24008200D9E9B1 /* main.m in Sources */,
				A6DAB5D71C25765F001CD22A /* CafeViewController.m in Sources */,
				A6CC8F1D1C2446BD00D9E9B1 /* ParkViewController.m in Sources */,
				A6CFE96F1C249D9700623DBB /* CintinGlobalData.m in Sources */,
			);
			runOnlyForDeploymentPostprocessing = 0;
		};
/* End PBXSourcesBuildPhase section */

/* Begin PBXVariantGroup section */
		A6CC8EAF1C24008200D9E9B1 /* Main.storyboard */ = {
			isa = PBXVariantGroup;
			children = (
				A6CC8EB01C24008200D9E9B1 /* Base */,
			);
			name = Main.storyboard;
			sourceTree = "<group>";
		};
/* End PBXVariantGroup section */

/* Begin XCBuildConfiguration section */
		A6CC8EB81C24008200D9E9B1 /* Debug */ = {
			isa = XCBuildConfiguration;
			buildSettings = {
				ALWAYS_SEARCH_USER_PATHS = NO;
				CLANG_CXX_LANGUAGE_STANDARD = "gnu++0x";
				CLANG_CXX_LIBRARY = "libc++";
				CLANG_ENABLE_MODULES = YES;
				CLANG_ENABLE_OBJC_ARC = YES;
				CLANG_WARN_BOOL_CONVERSION = YES;
				CLANG_WARN_CONSTANT_CONVERSION = YES;
				CLANG_WARN_DIRECT_OBJC_ISA_USAGE = YES_ERROR;
				CLANG_WARN_EMPTY_BODY = YES;
				CLANG_WARN_ENUM_CONVERSION = YES;
				CLANG_WARN_INT_CONVERSION = YES;
				CLANG_WARN_OBJC_ROOT_CLASS = YES_ERROR;
				CLANG_WARN_UNREACHABLE_CODE = YES;
				CLANG_WARN__DUPLICATE_METHOD_MATCH = YES;
				"CODE_SIGN_IDENTITY[sdk=iphoneos*]" = "iPhone Developer";
				COPY_PHASE_STRIP = NO;
				DEBUG_INFORMATION_FORMAT = dwarf;
				ENABLE_STRICT_OBJC_MSGSEND = YES;
				ENABLE_TESTABILITY = YES;
				GCC_C_LANGUAGE_STANDARD = gnu99;
				GCC_DYNAMIC_NO_PIC = NO;
				GCC_NO_COMMON_BLOCKS = YES;
				GCC_OPTIMIZATION_LEVEL = 0;
				GCC_PREPROCESSOR_DEFINITIONS = (
					"DEBUG=1",
					"$(inherited)",
				);
				GCC_WARN_64_TO_32_BIT_CONVERSION = YES;
				GCC_WARN_ABOUT_RETURN_TYPE = YES_ERROR;
				GCC_WARN_UNDECLARED_SELECTOR = YES;
				GCC_WARN_UNINITIALIZED_AUTOS = YES_AGGRESSIVE;
				GCC_WARN_UNUSED_FUNCTION = YES;
				GCC_WARN_UNUSED_VARIABLE = YES;
				IPHONEOS_DEPLOYMENT_TARGET = 9.2;
				MTL_ENABLE_DEBUG_INFO = YES;
				ONLY_ACTIVE_ARCH = YES;
				SDKROOT = iphoneos;
			};
			name = Debug;
		};
		A6CC8EB91C24008200D9E9B1 /* Release */ = {
			isa = XCBuildConfiguration;
			buildSettings = {
				ALWAYS_SEARCH_USER_PATHS = NO;
				CLANG_CXX_LANGUAGE_STANDARD = "gnu++0x";
				CLANG_CXX_LIBRARY = "libc++";
				CLANG_ENABLE_MODULES = YES;
				CLANG_ENABLE_OBJC_ARC = YES;
				CLANG_WARN_BOOL_CONVERSION = YES;
				CLANG_WARN_CONSTANT_CONVERSION = YES;
				CLANG_WARN_DIRECT_OBJC_ISA_USAGE = YES_ERROR;
				CLANG_WARN_EMPTY_BODY = YES;
				CLANG_WARN_ENUM_CONVERSION = YES;
				CLANG_WARN_INT_CONVERSION = YES;
				CLANG_WARN_OBJC_ROOT_CLASS = YES_ERROR;
				CLANG_WARN_UNREACHABLE_CODE = YES;
				CLANG_WARN__DUPLICATE_METHOD_MATCH = YES;
				"CODE_SIGN_IDENTITY[sdk=iphoneos*]" = "iPhone Developer";
				COPY_PHASE_STRIP = NO;
				DEBUG_INFORMATION_FORMAT = "dwarf-with-dsym";
				ENABLE_NS_ASSERTIONS = NO;
				ENABLE_STRICT_OBJC_MSGSEND = YES;
				GCC_C_LANGUAGE_STANDARD = gnu99;
				GCC_NO_COMMON_BLOCKS = YES;
				GCC_WARN_64_TO_32_BIT_CONVERSION = YES;
				GCC_WARN_ABOUT_RETURN_TYPE = YES_ERROR;
				GCC_WARN_UNDECLARED_SELECTOR = YES;
				GCC_WARN_UNINITIALIZED_AUTOS = YES_AGGRESSIVE;
				GCC_WARN_UNUSED_FUNCTION = YES;
				GCC_WARN_UNUSED_VARIABLE = YES;
				IPHONEOS_DEPLOYMENT_TARGET = 9.2;
				MTL_ENABLE_DEBUG_INFO = NO;
				SDKROOT = iphoneos;
				VALIDATE_PRODUCT = YES;
			};
			name = Release;
		};
		A6CC8EBB1C24008200D9E9B1 /* Debug */ = {
			isa = XCBuildConfiguration;
			buildSettings = {
				ASSETCATALOG_COMPILER_APPICON_NAME = AppIcon;
				ASSETCATALOG_COMPILER_LAUNCHIMAGE_NAME = LaunchImage;
				CODE_SIGN_IDENTITY = "iPhone Developer";
				INFOPLIST_FILE = CintinWork/Info.plist;
				LD_RUNPATH_SEARCH_PATHS = "$(inherited) @executable_path/Frameworks";
				PRODUCT_BUNDLE_IDENTIFIER = ChengChiaTing.CintinWork;
				PRODUCT_NAME = "$(TARGET_NAME)";
				TARGETED_DEVICE_FAMILY = 2;
			};
			name = Debug;
		};
		A6CC8EBC1C24008200D9E9B1 /* Release */ = {
			isa = XCBuildConfiguration;
			buildSettings = {
				ASSETCATALOG_COMPILER_APPICON_NAME = AppIcon;
				ASSETCATALOG_COMPILER_LAUNCHIMAGE_NAME = LaunchImage;
				CODE_SIGN_IDENTITY = "iPhone Developer";
				INFOPLIST_FILE = CintinWork/Info.plist;
				LD_RUNPATH_SEARCH_PATHS = "$(inherited) @executable_path/Frameworks";
				PRODUCT_BUNDLE_IDENTIFIER = ChengChiaTing.CintinWork;
				PRODUCT_NAME = "$(TARGET_NAME)";
				TARGETED_DEVICE_FAMILY = 2;
			};
			name = Release;
		};
/* End XCBuildConfiguration section */

/* Begin XCConfigurationList section */
		A6CC8E9E1C24008200D9E9B1 /* Build configuration list for PBXProject "CintinWork" */ = {
			isa = XCConfigurationList;
			buildConfigurations = (
				A6CC8EB81C24008200D9E9B1 /* Debug */,
				A6CC8EB91C24008200D9E9B1 /* Release */,
			);
			defaultConfigurationIsVisible = 0;
			defaultConfigurationName = Release;
		};
		A6CC8EBA1C24008200D9E9B1 /* Build configuration list for PBXNativeTarget "CintinWork" */ = {
			isa = XCConfigurationList;
			buildConfigurations = (
				A6CC8EBB1C24008200D9E9B1 /* Debug */,
				A6CC8EBC1C24008200D9E9B1 /* Release */,
			);
			defaultConfigurationIsVisible = 0;
			defaultConfigurationName = Release;
		};
/* End XCConfigurationList section */
	};
	rootObject = A6CC8E9B1C24008200D9E9B1 /* Project object */;
}
