// !$*UTF8*$!
{
	archiveVersion = 1;
	classes = {
	};
	objectVersion = 46;
	objects = {

/* Begin PBXBuildFile section */
		A6042AD91C3163E1004FA052 /* openningBGM2.mp3 in Resources */ = {isa = PBXBuildFile; fileRef = A6042AD81C3163E1004FA052 /* openningBGM2.mp3 */; };
		A6042ADC1C326763004FA052 /* SingleSceneViewController.m in Sources */ = {isa = PBXBuildFile; fileRef = A6042ADB1C326763004FA052 /* SingleSceneViewController.m */; };
		A6042D5E1C3A8AFB004FA052 /* Main.storyboard in Resources */ = {isa = PBXBuildFile; fileRef = A6CC8EAF1C24008200D9E9B1 /* Main.storyboard */; };
		A6B8A58A1C5288F100F8FB79 /* bg_track5_1@2x.jpg in Resources */ = {isa = PBXBuildFile; fileRef = A6B8A5821C5288F100F8FB79 /* bg_track5_1@2x.jpg */; };
		A6B8A58B1C5288F100F8FB79 /* bg_track5_2@2x.jpg in Resources */ = {isa = PBXBuildFile; fileRef = A6B8A5831C5288F100F8FB79 /* bg_track5_2@2x.jpg */; };
		A6B8A58C1C5288F100F8FB79 /* bg_track6_1@2x.jpg in Resources */ = {isa = PBXBuildFile; fileRef = A6B8A5841C5288F100F8FB79 /* bg_track6_1@2x.jpg */; };
		A6B8A58D1C5288F100F8FB79 /* bg_track6_2@2x.jpg in Resources */ = {isa = PBXBuildFile; fileRef = A6B8A5851C5288F100F8FB79 /* bg_track6_2@2x.jpg */; };
		A6B8A58E1C5288F100F8FB79 /* bg_track7_1@2x.jpg in Resources */ = {isa = PBXBuildFile; fileRef = A6B8A5861C5288F100F8FB79 /* bg_track7_1@2x.jpg */; };
		A6B8A58F1C5288F100F8FB79 /* bg_track7_2@2x.jpg in Resources */ = {isa = PBXBuildFile; fileRef = A6B8A5871C5288F100F8FB79 /* bg_track7_2@2x.jpg */; };
		A6B8A5901C5288F100F8FB79 /* bg_track8_1@2x.jpg in Resources */ = {isa = PBXBuildFile; fileRef = A6B8A5881C5288F100F8FB79 /* bg_track8_1@2x.jpg */; };
		A6B8A5911C5288F100F8FB79 /* bg_track8_2@2x.jpg in Resources */ = {isa = PBXBuildFile; fileRef = A6B8A5891C5288F100F8FB79 /* bg_track8_2@2x.jpg */; };
		A6B8A5941C52892600F8FB79 /* ani_A_1@2x.png in Resources */ = {isa = PBXBuildFile; fileRef = A6B8A5921C52892600F8FB79 /* ani_A_1@2x.png */; };
		A6B8A5951C52892600F8FB79 /* ani_A_2@2x.png in Resources */ = {isa = PBXBuildFile; fileRef = A6B8A5931C52892600F8FB79 /* ani_A_2@2x.png */; };
		A6B8A5981C52892E00F8FB79 /* ani_J_1@2x.png in Resources */ = {isa = PBXBuildFile; fileRef = A6B8A5961C52892E00F8FB79 /* ani_J_1@2x.png */; };
		A6B8A5991C52892E00F8FB79 /* ani_J_2@2x.png in Resources */ = {isa = PBXBuildFile; fileRef = A6B8A5971C52892E00F8FB79 /* ani_J_2@2x.png */; };
		A6CC8EA81C24008200D9E9B1 /* main.m in Sources */ = {isa = PBXBuildFile; fileRef = A6CC8EA71C24008200D9E9B1 /* main.m */; };
		A6CC8EAB1C24008200D9E9B1 /* AppDelegate.m in Sources */ = {isa = PBXBuildFile; fileRef = A6CC8EAA1C24008200D9E9B1 /* AppDelegate.m */; };
		A6CC8EB31C24008200D9E9B1 /* Assets.xcassets in Resources */ = {isa = PBXBuildFile; fileRef = A6CC8EB21C24008200D9E9B1 /* Assets.xcassets */; };
		A6CC8F161C24050800D9E9B1 /* OpenningViewController.m in Sources */ = {isa = PBXBuildFile; fileRef = A6CC8F151C24050800D9E9B1 /* OpenningViewController.m */; };
		A6CC8F1D1C2446BD00D9E9B1 /* ParkViewController.m in Sources */ = {isa = PBXBuildFile; fileRef = A6CC8F1C1C2446BD00D9E9B1 /* ParkViewController.m */; };
		A6CC8F231C24527700D9E9B1 /* CharacterViewController.m in Sources */ = {isa = PBXBuildFile; fileRef = A6CC8F221C24527700D9E9B1 /* CharacterViewController.m */; };
		A6CFE94E1C247A0400623DBB /* One5ViewController.m in Sources */ = {isa = PBXBuildFile; fileRef = A6CFE94D1C247A0400623DBB /* One5ViewController.m */; };
		A6CFE9531C2493B000623DBB /* StationViewController.m in Sources */ = {isa = PBXBuildFile; fileRef = A6CFE9521C2493B000623DBB /* StationViewController.m */; };
		A6CFE9611C24997D00623DBB /* A.mp3 in Resources */ = {isa = PBXBuildFile; fileRef = A6CFE9561C24997D00623DBB /* A.mp3 */; };
		A6CFE9621C24997D00623DBB /* F.mp3 in Resources */ = {isa = PBXBuildFile; fileRef = A6CFE9571C24997D00623DBB /* F.mp3 */; };
		A6CFE9631C24997D00623DBB /* E.mp3 in Resources */ = {isa = PBXBuildFile; fileRef = A6CFE9581C24997D00623DBB /* E.mp3 */; };
		A6CFE9651C24997D00623DBB /* D.mp3 in Resources */ = {isa = PBXBuildFile; fileRef = A6CFE95A1C24997D00623DBB /* D.mp3 */; };
		A6CFE9661C24997D00623DBB /* H.mp3 in Resources */ = {isa = PBXBuildFile; fileRef = A6CFE95B1C24997D00623DBB /* H.mp3 */; };
		A6CFE9671C24997D00623DBB /* I.mp3 in Resources */ = {isa = PBXBuildFile; fileRef = A6CFE95C1C24997D00623DBB /* I.mp3 */; };
		A6CFE9681C24997D00623DBB /* G.mp3 in Resources */ = {isa = PBXBuildFile; fileRef = A6CFE95D1C24997D00623DBB /* G.mp3 */; };
		A6CFE96A1C24997D00623DBB /* J.mp3 in Resources */ = {isa = PBXBuildFile; fileRef = A6CFE95F1C24997D00623DBB /* J.mp3 */; };
		A6CFE96F1C249D9700623DBB /* CintinGlobalData.m in Sources */ = {isa = PBXBuildFile; fileRef = A6CFE96E1C249D9700623DBB /* CintinGlobalData.m */; };
		A6CFE9711C24A58C00623DBB /* AudioToolbox.framework in Frameworks */ = {isa = PBXBuildFile; fileRef = A6CFE9701C24A58C00623DBB /* AudioToolbox.framework */; };
		A6CFE9731C24A59200623DBB /* AVFoundation.framework in Frameworks */ = {isa = PBXBuildFile; fileRef = A6CFE9721C24A59200623DBB /* AVFoundation.framework */; };
		A6D1B8161C5137B6006F4CEC /* 0_how@2x.png in Resources */ = {isa = PBXBuildFile; fileRef = A6D1B7761C5137B6006F4CEC /* 0_how@2x.png */; };
		A6D1B8171C5137B6006F4CEC /* 0_intro@2x.jpg in Resources */ = {isa = PBXBuildFile; fileRef = A6D1B7771C5137B6006F4CEC /* 0_intro@2x.jpg */; };
		A6D1B8181C5137B6006F4CEC /* cover_1@2x.jpg in Resources */ = {isa = PBXBuildFile; fileRef = A6D1B7781C5137B6006F4CEC /* cover_1@2x.jpg */; };
		A6D1B8191C5137B6006F4CEC /* cover_2@2x.jpg in Resources */ = {isa = PBXBuildFile; fileRef = A6D1B7791C5137B6006F4CEC /* cover_2@2x.jpg */; };
		A6D1B81A1C5137B6006F4CEC /* cover_3@2x.jpg in Resources */ = {isa = PBXBuildFile; fileRef = A6D1B77A1C5137B6006F4CEC /* cover_3@2x.jpg */; };
		A6D1B81B1C5137B6006F4CEC /* cover_play@2x.png in Resources */ = {isa = PBXBuildFile; fileRef = A6D1B77B1C5137B6006F4CEC /* cover_play@2x.png */; };
		A6D1B81D1C5137B6006F4CEC /* 1-1@2x.png in Resources */ = {isa = PBXBuildFile; fileRef = A6D1B77E1C5137B6006F4CEC /* 1-1@2x.png */; };
		A6D1B81E1C5137B6006F4CEC /* 1-2@2x.png in Resources */ = {isa = PBXBuildFile; fileRef = A6D1B77F1C5137B6006F4CEC /* 1-2@2x.png */; };
		A6D1B81F1C5137B6006F4CEC /* 1-3@2x.png in Resources */ = {isa = PBXBuildFile; fileRef = A6D1B7801C5137B6006F4CEC /* 1-3@2x.png */; };
		A6D1B8201C5137B6006F4CEC /* 1-4_end@2x.png in Resources */ = {isa = PBXBuildFile; fileRef = A6D1B7811C5137B6006F4CEC /* 1-4_end@2x.png */; };
		A6D1B8211C5137B6006F4CEC /* 1-4_long@2x.png in Resources */ = {isa = PBXBuildFile; fileRef = A6D1B7821C5137B6006F4CEC /* 1-4_long@2x.png */; };
		A6D1B8221C5137B6006F4CEC /* 1-4_start@2x.png in Resources */ = {isa = PBXBuildFile; fileRef = A6D1B7831C5137B6006F4CEC /* 1-4_start@2x.png */; };
		A6D1B8231C5137B6006F4CEC /* 1-5_bg@2x.png in Resources */ = {isa = PBXBuildFile; fileRef = A6D1B7851C5137B6006F4CEC /* 1-5_bg@2x.png */; };
		A6D1B8241C5137B6006F4CEC /* 1-5_ol@2x.png in Resources */ = {isa = PBXBuildFile; fileRef = A6D1B7861C5137B6006F4CEC /* 1-5_ol@2x.png */; };
		A6D1B8251C5137B6006F4CEC /* 1-5_smoke2@2x.png in Resources */ = {isa = PBXBuildFile; fileRef = A6D1B7871C5137B6006F4CEC /* 1-5_smoke2@2x.png */; };
		A6D1B8261C5137B6006F4CEC /* 1-5_smoke3@2x.png in Resources */ = {isa = PBXBuildFile; fileRef = A6D1B7881C5137B6006F4CEC /* 1-5_smoke3@2x.png */; };
		A6D1B8271C5137B6006F4CEC /* 1-5_smoke@2x.png in Resources */ = {isa = PBXBuildFile; fileRef = A6D1B7891C5137B6006F4CEC /* 1-5_smoke@2x.png */; };
		A6D1B8281C5137B6006F4CEC /* 1-5_text@2x.png in Resources */ = {isa = PBXBuildFile; fileRef = A6D1B78A1C5137B6006F4CEC /* 1-5_text@2x.png */; };
		A6D1B82A1C5137B6006F4CEC /* b1-1@2x.png in Resources */ = {isa = PBXBuildFile; fileRef = A6D1B78C1C5137B6006F4CEC /* b1-1@2x.png */; };
		A6D1B82B1C5137B6006F4CEC /* b1-2@2x.png in Resources */ = {isa = PBXBuildFile; fileRef = A6D1B78D1C5137B6006F4CEC /* b1-2@2x.png */; };
		A6D1B82C1C5137B6006F4CEC /* b1-3@2x.png in Resources */ = {isa = PBXBuildFile; fileRef = A6D1B78E1C5137B6006F4CEC /* b1-3@2x.png */; };
		A6D1B82D1C5137B6006F4CEC /* b1-4_end@2x.png in Resources */ = {isa = PBXBuildFile; fileRef = A6D1B78F1C5137B6006F4CEC /* b1-4_end@2x.png */; };
		A6D1B82E1C5137B6006F4CEC /* b1-4_long@2x.png in Resources */ = {isa = PBXBuildFile; fileRef = A6D1B7901C5137B6006F4CEC /* b1-4_long@2x.png */; };
		A6D1B82F1C5137B6006F4CEC /* b1-4_start@2x.png in Resources */ = {isa = PBXBuildFile; fileRef = A6D1B7911C5137B6006F4CEC /* b1-4_start@2x.png */; };
		A6D1B8311C5137B6006F4CEC /* 2-1_A.png in Resources */ = {isa = PBXBuildFile; fileRef = A6D1B7941C5137B6006F4CEC /* 2-1_A.png */; };
		A6D1B8321C5137B6006F4CEC /* 2-1_B.png in Resources */ = {isa = PBXBuildFile; fileRef = A6D1B7951C5137B6006F4CEC /* 2-1_B.png */; };
		A6D1B8331C5137B6006F4CEC /* 2-1_bg@2x.png in Resources */ = {isa = PBXBuildFile; fileRef = A6D1B7961C5137B6006F4CEC /* 2-1_bg@2x.png */; };
		A6D1B8341C5137B6006F4CEC /* 2-1_text1@2x.png in Resources */ = {isa = PBXBuildFile; fileRef = A6D1B7971C5137B6006F4CEC /* 2-1_text1@2x.png */; };
		A6D1B8351C5137B6006F4CEC /* 2-1_text2@2x.png in Resources */ = {isa = PBXBuildFile; fileRef = A6D1B7981C5137B6006F4CEC /* 2-1_text2@2x.png */; };
		A6D1B8361C5137B6006F4CEC /* 2-1_text3@2x.png in Resources */ = {isa = PBXBuildFile; fileRef = A6D1B7991C5137B6006F4CEC /* 2-1_text3@2x.png */; };
		A6D1B8371C5137B6006F4CEC /* 2-1_text4@2x.png in Resources */ = {isa = PBXBuildFile; fileRef = A6D1B79A1C5137B6006F4CEC /* 2-1_text4@2x.png */; };
		A6D1B8381C5137B6006F4CEC /* 2-A@2x.png in Resources */ = {isa = PBXBuildFile; fileRef = A6D1B79B1C5137B6006F4CEC /* 2-A@2x.png */; };
		A6D1B8391C5137B6006F4CEC /* 2-B@2x.png in Resources */ = {isa = PBXBuildFile; fileRef = A6D1B79C1C5137B6006F4CEC /* 2-B@2x.png */; };
		A6D1B83B1C5137B6006F4CEC /* note_1@2x.png in Resources */ = {isa = PBXBuildFile; fileRef = A6D1B79E1C5137B6006F4CEC /* note_1@2x.png */; };
		A6D1B83C1C5137B6006F4CEC /* note_2@2x.png in Resources */ = {isa = PBXBuildFile; fileRef = A6D1B79F1C5137B6006F4CEC /* note_2@2x.png */; };
		A6D1B83D1C5137B6006F4CEC /* 3-1_A@2x.png in Resources */ = {isa = PBXBuildFile; fileRef = A6D1B7A11C5137B6006F4CEC /* 3-1_A@2x.png */; };
		A6D1B83E1C5137B6006F4CEC /* 3-1_bg1@2x.png in Resources */ = {isa = PBXBuildFile; fileRef = A6D1B7A21C5137B6006F4CEC /* 3-1_bg1@2x.png */; };
		A6D1B83F1C5137B6006F4CEC /* 3-1_bg2@2x.png in Resources */ = {isa = PBXBuildFile; fileRef = A6D1B7A31C5137B6006F4CEC /* 3-1_bg2@2x.png */; };
		A6D1B8401C5137B6006F4CEC /* 3-1_C@2x.png in Resources */ = {isa = PBXBuildFile; fileRef = A6D1B7A41C5137B6006F4CEC /* 3-1_C@2x.png */; };
		A6D1B8411C5137B6006F4CEC /* 3-1_D@2x.png in Resources */ = {isa = PBXBuildFile; fileRef = A6D1B7A51C5137B6006F4CEC /* 3-1_D@2x.png */; };
		A6D1B8421C5137B6006F4CEC /* 3-1_text@2x.png in Resources */ = {isa = PBXBuildFile; fileRef = A6D1B7A61C5137B6006F4CEC /* 3-1_text@2x.png */; };
		A6D1B8431C5137B6006F4CEC /* 3-C@2x.png in Resources */ = {isa = PBXBuildFile; fileRef = A6D1B7A71C5137B6006F4CEC /* 3-C@2x.png */; };
		A6D1B8441C5137B6006F4CEC /* 3-D@2x.png in Resources */ = {isa = PBXBuildFile; fileRef = A6D1B7A81C5137B6006F4CEC /* 3-D@2x.png */; };
		A6D1B8461C5137B6006F4CEC /* 4-0@2x.png in Resources */ = {isa = PBXBuildFile; fileRef = A6D1B7AB1C5137B6006F4CEC /* 4-0@2x.png */; };
		A6D1B8471C5137B6006F4CEC /* 4-1_bg@2x.png in Resources */ = {isa = PBXBuildFile; fileRef = A6D1B7AC1C5137B6006F4CEC /* 4-1_bg@2x.png */; };
		A6D1B8481C5137B6006F4CEC /* 4-1_E@2x.png in Resources */ = {isa = PBXBuildFile; fileRef = A6D1B7AD1C5137B6006F4CEC /* 4-1_E@2x.png */; };
		A6D1B8491C5137B6006F4CEC /* 4-1_F@2x.png in Resources */ = {isa = PBXBuildFile; fileRef = A6D1B7AE1C5137B6006F4CEC /* 4-1_F@2x.png */; };
		A6D1B84A1C5137B6006F4CEC /* 4-E@2x.png in Resources */ = {isa = PBXBuildFile; fileRef = A6D1B7AF1C5137B6006F4CEC /* 4-E@2x.png */; };
		A6D1B84B1C5137B6006F4CEC /* 4-F@2x.png in Resources */ = {isa = PBXBuildFile; fileRef = A6D1B7B01C5137B6006F4CEC /* 4-F@2x.png */; };
		A6D1B84D1C5137B6006F4CEC /* 5-1_A@2x.png in Resources */ = {isa = PBXBuildFile; fileRef = A6D1B7B31C5137B6006F4CEC /* 5-1_A@2x.png */; };
		A6D1B84E1C5137B6006F4CEC /* 5-1_bg@2x.png in Resources */ = {isa = PBXBuildFile; fileRef = A6D1B7B41C5137B6006F4CEC /* 5-1_bg@2x.png */; };
		A6D1B84F1C5137B6006F4CEC /* 5-1_G@2x.png in Resources */ = {isa = PBXBuildFile; fileRef = A6D1B7B51C5137B6006F4CEC /* 5-1_G@2x.png */; };
		A6D1B8501C5137B6006F4CEC /* 5-1_H@2x.png in Resources */ = {isa = PBXBuildFile; fileRef = A6D1B7B61C5137B6006F4CEC /* 5-1_H@2x.png */; };
		A6D1B8511C5137B6006F4CEC /* 5-G@2x.png in Resources */ = {isa = PBXBuildFile; fileRef = A6D1B7B71C5137B6006F4CEC /* 5-G@2x.png */; };
		A6D1B8521C5137B6006F4CEC /* 5-H@2x.png in Resources */ = {isa = PBXBuildFile; fileRef = A6D1B7B81C5137B6006F4CEC /* 5-H@2x.png */; };
		A6D1B8541C5137B6006F4CEC /* 6-1@2x.png in Resources */ = {isa = PBXBuildFile; fileRef = A6D1B7BB1C5137B6006F4CEC /* 6-1@2x.png */; };
		A6D1B8551C5137B6006F4CEC /* 6-1_I@2x.png in Resources */ = {isa = PBXBuildFile; fileRef = A6D1B7BC1C5137B6006F4CEC /* 6-1_I@2x.png */; };
		A6D1B8561C5137B6006F4CEC /* 6-1_J@2x.png in Resources */ = {isa = PBXBuildFile; fileRef = A6D1B7BD1C5137B6006F4CEC /* 6-1_J@2x.png */; };
		A6D1B8571C5137B6006F4CEC /* 6-I@2x.png in Resources */ = {isa = PBXBuildFile; fileRef = A6D1B7BE1C5137B6006F4CEC /* 6-I@2x.png */; };
		A6D1B8581C5137B6006F4CEC /* 6-J@2x.png in Resources */ = {isa = PBXBuildFile; fileRef = A6D1B7BF1C5137B6006F4CEC /* 6-J@2x.png */; };
		A6D1B85A1C5137B6006F4CEC /* 7-1_1@2x.png in Resources */ = {isa = PBXBuildFile; fileRef = A6D1B7C21C5137B6006F4CEC /* 7-1_1@2x.png */; };
		A6D1B85B1C5137B6006F4CEC /* 7-1_2@2x.png in Resources */ = {isa = PBXBuildFile; fileRef = A6D1B7C31C5137B6006F4CEC /* 7-1_2@2x.png */; };
		A6D1B85C1C5137B6006F4CEC /* 7-1_apt@2x.png in Resources */ = {isa = PBXBuildFile; fileRef = A6D1B7C41C5137B6006F4CEC /* 7-1_apt@2x.png */; };
		A6D1B85E1C5137B6006F4CEC /* 8-1@2x.png in Resources */ = {isa = PBXBuildFile; fileRef = A6D1B7C71C5137B6006F4CEC /* 8-1@2x.png */; };
		A6D1B85F1C5137B6006F4CEC /* 8-1_record@2x.png in Resources */ = {isa = PBXBuildFile; fileRef = A6D1B7C81C5137B6006F4CEC /* 8-1_record@2x.png */; };
		A6D1B8611C5137B6006F4CEC /* 8-1_text@2x.png in Resources */ = {isa = PBXBuildFile; fileRef = A6D1B7CB1C5137B6006F4CEC /* 8-1_text@2x.png */; };
		A6D1B8621C5137B6006F4CEC /* 8-2_bg@2x.jpg in Resources */ = {isa = PBXBuildFile; fileRef = A6D1B7CC1C5137B6006F4CEC /* 8-2_bg@2x.jpg */; };
		A6D1B8631C5137B6006F4CEC /* bg_track1_1@2x.jpg in Resources */ = {isa = PBXBuildFile; fileRef = A6D1B7CD1C5137B6006F4CEC /* bg_track1_1@2x.jpg */; };
		A6D1B8641C5137B6006F4CEC /* bg_track1_2@2x.jpg in Resources */ = {isa = PBXBuildFile; fileRef = A6D1B7CE1C5137B6006F4CEC /* bg_track1_2@2x.jpg */; };
		A6D1B8651C5137B6006F4CEC /* bg_track2_1@2x.jpg in Resources */ = {isa = PBXBuildFile; fileRef = A6D1B7CF1C5137B6006F4CEC /* bg_track2_1@2x.jpg */; };
		A6D1B8661C5137B6006F4CEC /* bg_track2_2@2x.jpg in Resources */ = {isa = PBXBuildFile; fileRef = A6D1B7D01C5137B6006F4CEC /* bg_track2_2@2x.jpg */; };
		A6D1B8671C5137B6006F4CEC /* bg_track3_1@2x.jpg in Resources */ = {isa = PBXBuildFile; fileRef = A6D1B7D11C5137B6006F4CEC /* bg_track3_1@2x.jpg */; };
		A6D1B8681C5137B6006F4CEC /* bg_track3_2@2x.jpg in Resources */ = {isa = PBXBuildFile; fileRef = A6D1B7D21C5137B6006F4CEC /* bg_track3_2@2x.jpg */; };
		A6D1B8691C5137B6006F4CEC /* bg_track4_1@2x.jpg in Resources */ = {isa = PBXBuildFile; fileRef = A6D1B7D31C5137B6006F4CEC /* bg_track4_1@2x.jpg */; };
		A6D1B86A1C5137B6006F4CEC /* bg_track4_2@2x.jpg in Resources */ = {isa = PBXBuildFile; fileRef = A6D1B7D41C5137B6006F4CEC /* bg_track4_2@2x.jpg */; };
		A6D1B8741C5137B6006F4CEC /* record@2x.png in Resources */ = {isa = PBXBuildFile; fileRef = A6D1B7DE1C5137B6006F4CEC /* record@2x.png */; };
		A6D1B8751C5137B6006F4CEC /* stylus_pause@2x.png in Resources */ = {isa = PBXBuildFile; fileRef = A6D1B7DF1C5137B6006F4CEC /* stylus_pause@2x.png */; };
		A6D1B8761C5137B6006F4CEC /* stylus_play@2x.png in Resources */ = {isa = PBXBuildFile; fileRef = A6D1B7E01C5137B6006F4CEC /* stylus_play@2x.png */; };
		A6D1B8771C5137B6006F4CEC /* back@2x.png in Resources */ = {isa = PBXBuildFile; fileRef = A6D1B7E21C5137B6006F4CEC /* back@2x.png */; };
		A6D1B8781C5137B6006F4CEC /* close@2x.png in Resources */ = {isa = PBXBuildFile; fileRef = A6D1B7E31C5137B6006F4CEC /* close@2x.png */; };
		A6D1B8791C5137B6006F4CEC /* download@2x.png in Resources */ = {isa = PBXBuildFile; fileRef = A6D1B7E41C5137B6006F4CEC /* download@2x.png */; };
		A6D1B87A1C5137B6006F4CEC /* hint@2x.png in Resources */ = {isa = PBXBuildFile; fileRef = A6D1B7E51C5137B6006F4CEC /* hint@2x.png */; };
		A6D1B87B1C5137B6006F4CEC /* hint_music@2x.png in Resources */ = {isa = PBXBuildFile; fileRef = A6D1B7E61C5137B6006F4CEC /* hint_music@2x.png */; };
		A6D1B87C1C5137B6006F4CEC /* home@2x.png in Resources */ = {isa = PBXBuildFile; fileRef = A6D1B7E71C5137B6006F4CEC /* home@2x.png */; };
		A6D1B87E1C5137B6006F4CEC /* next@2x.png in Resources */ = {isa = PBXBuildFile; fileRef = A6D1B7E91C5137B6006F4CEC /* next@2x.png */; };
		A6D1B87F1C5137B6006F4CEC /* next_m-2@2x.png in Resources */ = {isa = PBXBuildFile; fileRef = A6D1B7EA1C5137B6006F4CEC /* next_m-2@2x.png */; };
		A6D1B8801C5137B6006F4CEC /* next_m@2x.png in Resources */ = {isa = PBXBuildFile; fileRef = A6D1B7EB1C5137B6006F4CEC /* next_m@2x.png */; };
		A6D1B8811C5137B6006F4CEC /* next_m_2@2x.png in Resources */ = {isa = PBXBuildFile; fileRef = A6D1B7EC1C5137B6006F4CEC /* next_m_2@2x.png */; };
		A6D1B8821C5137B6006F4CEC /* next_wide@2x.png in Resources */ = {isa = PBXBuildFile; fileRef = A6D1B7ED1C5137B6006F4CEC /* next_wide@2x.png */; };
		A6D1B8831C5137B6006F4CEC /* pause@2x.png in Resources */ = {isa = PBXBuildFile; fileRef = A6D1B7EE1C5137B6006F4CEC /* pause@2x.png */; };
		A6D1B8841C5137B6006F4CEC /* pause_press@2x.png in Resources */ = {isa = PBXBuildFile; fileRef = A6D1B7EF1C5137B6006F4CEC /* pause_press@2x.png */; };
		A6D1B8851C5137B6006F4CEC /* play@2x.png in Resources */ = {isa = PBXBuildFile; fileRef = A6D1B7F01C5137B6006F4CEC /* play@2x.png */; };
		A6D1B8861C5137B6006F4CEC /* play_press@2x.png in Resources */ = {isa = PBXBuildFile; fileRef = A6D1B7F11C5137B6006F4CEC /* play_press@2x.png */; };
		A6D1B8871C5137B6006F4CEC /* window@2x.png in Resources */ = {isa = PBXBuildFile; fileRef = A6D1B7F21C5137B6006F4CEC /* window@2x.png */; };
		A6D1B8881C5137B6006F4CEC /* 3-C_add@2x.png in Resources */ = {isa = PBXBuildFile; fileRef = A6D1B7F41C5137B6006F4CEC /* 3-C_add@2x.png */; };
		A6D1B8891C5137B6006F4CEC /* 3-D_add@2x.png in Resources */ = {isa = PBXBuildFile; fileRef = A6D1B7F51C5137B6006F4CEC /* 3-D_add@2x.png */; };
		A6D1B88A1C5137B6006F4CEC /* 4-E_add@2x.png in Resources */ = {isa = PBXBuildFile; fileRef = A6D1B7F61C5137B6006F4CEC /* 4-E_add@2x.png */; };
		A6D1B88B1C5137B6006F4CEC /* 4-F_add@2x.png in Resources */ = {isa = PBXBuildFile; fileRef = A6D1B7F71C5137B6006F4CEC /* 4-F_add@2x.png */; };
		A6D1B88C1C5137B6006F4CEC /* 5-G_add@2x.png in Resources */ = {isa = PBXBuildFile; fileRef = A6D1B7F81C5137B6006F4CEC /* 5-G_add@2x.png */; };
		A6D1B88D1C5137B6006F4CEC /* 5-H_add@2x.png in Resources */ = {isa = PBXBuildFile; fileRef = A6D1B7F91C5137B6006F4CEC /* 5-H_add@2x.png */; };
		A6D1B88E1C5137B6006F4CEC /* 6-I_add@2x.png in Resources */ = {isa = PBXBuildFile; fileRef = A6D1B7FA1C5137B6006F4CEC /* 6-I_add@2x.png */; };
		A6D1B88F1C5137B6006F4CEC /* 6-J_add@2x.png in Resources */ = {isa = PBXBuildFile; fileRef = A6D1B7FB1C5137B6006F4CEC /* 6-J_add@2x.png */; };
		A6D1B8931C5137B6006F4CEC /* ani_B_1@2x.png in Resources */ = {isa = PBXBuildFile; fileRef = A6D1B8001C5137B6006F4CEC /* ani_B_1@2x.png */; };
		A6D1B8941C5137B6006F4CEC /* ani_B_2@2x.png in Resources */ = {isa = PBXBuildFile; fileRef = A6D1B8011C5137B6006F4CEC /* ani_B_2@2x.png */; };
		A6D1B8951C5137B6006F4CEC /* ani_C_1@2x.png in Resources */ = {isa = PBXBuildFile; fileRef = A6D1B8021C5137B6006F4CEC /* ani_C_1@2x.png */; };
		A6D1B8961C5137B6006F4CEC /* ani_C_2@2x.png in Resources */ = {isa = PBXBuildFile; fileRef = A6D1B8031C5137B6006F4CEC /* ani_C_2@2x.png */; };
		A6D1B8971C5137B6006F4CEC /* ani_D_1@2x.png in Resources */ = {isa = PBXBuildFile; fileRef = A6D1B8041C5137B6006F4CEC /* ani_D_1@2x.png */; };
		A6D1B8981C5137B6006F4CEC /* ani_D_2@2x.png in Resources */ = {isa = PBXBuildFile; fileRef = A6D1B8051C5137B6006F4CEC /* ani_D_2@2x.png */; };
		A6D1B8991C5137B6006F4CEC /* ani_E_1@2x.png in Resources */ = {isa = PBXBuildFile; fileRef = A6D1B8061C5137B6006F4CEC /* ani_E_1@2x.png */; };
		A6D1B89A1C5137B6006F4CEC /* ani_E_2@2x.png in Resources */ = {isa = PBXBuildFile; fileRef = A6D1B8071C5137B6006F4CEC /* ani_E_2@2x.png */; };
		A6D1B89B1C5137B6006F4CEC /* ani_F_1@2x.png in Resources */ = {isa = PBXBuildFile; fileRef = A6D1B8081C5137B6006F4CEC /* ani_F_1@2x.png */; };
		A6D1B89C1C5137B6006F4CEC /* ani_F_2@2x.png in Resources */ = {isa = PBXBuildFile; fileRef = A6D1B8091C5137B6006F4CEC /* ani_F_2@2x.png */; };
		A6D1B89D1C5137B6006F4CEC /* ani_G_1@2x.png in Resources */ = {isa = PBXBuildFile; fileRef = A6D1B80A1C5137B6006F4CEC /* ani_G_1@2x.png */; };
		A6D1B89E1C5137B6006F4CEC /* ani_G_2@2x.png in Resources */ = {isa = PBXBuildFile; fileRef = A6D1B80B1C5137B6006F4CEC /* ani_G_2@2x.png */; };
		A6D1B89F1C5137B6006F4CEC /* ani_H_1@2x.png in Resources */ = {isa = PBXBuildFile; fileRef = A6D1B80C1C5137B6006F4CEC /* ani_H_1@2x.png */; };
		A6D1B8A01C5137B6006F4CEC /* ani_H_2@2x.png in Resources */ = {isa = PBXBuildFile; fileRef = A6D1B80D1C5137B6006F4CEC /* ani_H_2@2x.png */; };
		A6D1B8A11C5137B6006F4CEC /* ani_I_1@2x.png in Resources */ = {isa = PBXBuildFile; fileRef = A6D1B80E1C5137B6006F4CEC /* ani_I_1@2x.png */; };
		A6D1B8A21C5137B6006F4CEC /* ani_I_2@2x.png in Resources */ = {isa = PBXBuildFile; fileRef = A6D1B80F1C5137B6006F4CEC /* ani_I_2@2x.png */; };
		A6D1B8A71C5137B6006F4CEC /* launch@2x.png in Resources */ = {isa = PBXBuildFile; fileRef = A6D1B8141C5137B6006F4CEC /* launch@2x.png */; };
		A6D1B8A81C5137B6006F4CEC /* logo@2x.png in Resources */ = {isa = PBXBuildFile; fileRef = A6D1B8151C5137B6006F4CEC /* logo@2x.png */; };
		A6D1B8B41C5137D4006F4CEC /* Track1.wav in Resources */ = {isa = PBXBuildFile; fileRef = A6D1B8AB1C5137D4006F4CEC /* Track1.wav */; };
		A6D1B8B51C5137D4006F4CEC /* Track2.wav in Resources */ = {isa = PBXBuildFile; fileRef = A6D1B8AC1C5137D4006F4CEC /* Track2.wav */; };
		A6D1B8B61C5137D4006F4CEC /* Track3.wav in Resources */ = {isa = PBXBuildFile; fileRef = A6D1B8AD1C5137D4006F4CEC /* Track3.wav */; };
		A6D1B8B71C5137D4006F4CEC /* Track4.wav in Resources */ = {isa = PBXBuildFile; fileRef = A6D1B8AE1C5137D4006F4CEC /* Track4.wav */; };
		A6D1B8B81C5137D4006F4CEC /* Track5.wav in Resources */ = {isa = PBXBuildFile; fileRef = A6D1B8AF1C5137D4006F4CEC /* Track5.wav */; };
		A6D1B8B91C5137D4006F4CEC /* Track6.wav in Resources */ = {isa = PBXBuildFile; fileRef = A6D1B8B01C5137D4006F4CEC /* Track6.wav */; };
		A6D1B8BA1C5137D4006F4CEC /* Track7.wav in Resources */ = {isa = PBXBuildFile; fileRef = A6D1B8B11C5137D4006F4CEC /* Track7.wav */; };
		A6D1B8BB1C5137D4006F4CEC /* Track8.wav in Resources */ = {isa = PBXBuildFile; fileRef = A6D1B8B21C5137D4006F4CEC /* Track8.wav */; };
		A6D4885A1C2EBB4E00186A04 /* C.mp3 in Resources */ = {isa = PBXBuildFile; fileRef = A6D488591C2EBB4E00186A04 /* C.mp3 */; };
		A6D4885D1C2ED8CE00186A04 /* FlowerShopViewController.m in Sources */ = {isa = PBXBuildFile; fileRef = A6D4885C1C2ED8CE00186A04 /* FlowerShopViewController.m */; };
		A6DAB5D41C257320001CD22A /* GeneralViewController.m in Sources */ = {isa = PBXBuildFile; fileRef = A6DAB5D31C257320001CD22A /* GeneralViewController.m */; };
		A6DAB5D71C25765F001CD22A /* CafeViewController.m in Sources */ = {isa = PBXBuildFile; fileRef = A6DAB5D61C25765F001CD22A /* CafeViewController.m */; };
		A6DAB5D91C25AB2D001CD22A /* B.mp3 in Resources */ = {isa = PBXBuildFile; fileRef = A6DAB5D81C25AB2D001CD22A /* B.mp3 */; };
		A6FABD941C3CFF1500CF3EE2 /* BushiViewController.m in Sources */ = {isa = PBXBuildFile; fileRef = A6FABD931C3CFF1500CF3EE2 /* BushiViewController.m */; };
		A6FABD971C3D36C600CF3EE2 /* UIView+Glow.m in Sources */ = {isa = PBXBuildFile; fileRef = A6FABD961C3D36C600CF3EE2 /* UIView+Glow.m */; };
		A6FABD9B1C3D407800CF3EE2 /* RecordViewController.m in Sources */ = {isa = PBXBuildFile; fileRef = A6FABD9A1C3D407700CF3EE2 /* RecordViewController.m */; };
		A6FABD9D1C3E5FA000CF3EE2 /* dong.mp3 in Resources */ = {isa = PBXBuildFile; fileRef = A6FABD9C1C3E5FA000CF3EE2 /* dong.mp3 */; };
		A6FABDAD1C3E788B00CF3EE2 /* clean.mp3 in Resources */ = {isa = PBXBuildFile; fileRef = A6FABDAB1C3E788B00CF3EE2 /* clean.mp3 */; };
		A6FABDB01C3E801400CF3EE2 /* UIImageView+Rotate.m in Sources */ = {isa = PBXBuildFile; fileRef = A6FABDAF1C3E801400CF3EE2 /* UIImageView+Rotate.m */; };
/* End PBXBuildFile section */

/* Begin PBXFileReference section */
		A6042AD81C3163E1004FA052 /* openningBGM2.mp3 */ = {isa = PBXFileReference; lastKnownFileType = audio.mp3; path = openningBGM2.mp3; sourceTree = "<group>"; };
		A6042ADA1C326763004FA052 /* SingleSceneViewController.h */ = {isa = PBXFileReference; fileEncoding = 4; lastKnownFileType = sourcecode.c.h; path = SingleSceneViewController.h; sourceTree = "<group>"; };
		A6042ADB1C326763004FA052 /* SingleSceneViewController.m */ = {isa = PBXFileReference; fileEncoding = 4; lastKnownFileType = sourcecode.c.objc; path = SingleSceneViewController.m; sourceTree = "<group>"; };
		A6B8A5821C5288F100F8FB79 /* bg_track5_1@2x.jpg */ = {isa = PBXFileReference; lastKnownFileType = image.jpeg; path = "bg_track5_1@2x.jpg"; sourceTree = "<group>"; };
		A6B8A5831C5288F100F8FB79 /* bg_track5_2@2x.jpg */ = {isa = PBXFileReference; lastKnownFileType = image.jpeg; path = "bg_track5_2@2x.jpg"; sourceTree = "<group>"; };
		A6B8A5841C5288F100F8FB79 /* bg_track6_1@2x.jpg */ = {isa = PBXFileReference; lastKnownFileType = image.jpeg; path = "bg_track6_1@2x.jpg"; sourceTree = "<group>"; };
		A6B8A5851C5288F100F8FB79 /* bg_track6_2@2x.jpg */ = {isa = PBXFileReference; lastKnownFileType = image.jpeg; path = "bg_track6_2@2x.jpg"; sourceTree = "<group>"; };
		A6B8A5861C5288F100F8FB79 /* bg_track7_1@2x.jpg */ = {isa = PBXFileReference; lastKnownFileType = image.jpeg; path = "bg_track7_1@2x.jpg"; sourceTree = "<group>"; };
		A6B8A5871C5288F100F8FB79 /* bg_track7_2@2x.jpg */ = {isa = PBXFileReference; lastKnownFileType = image.jpeg; path = "bg_track7_2@2x.jpg"; sourceTree = "<group>"; };
		A6B8A5881C5288F100F8FB79 /* bg_track8_1@2x.jpg */ = {isa = PBXFileReference; lastKnownFileType = image.jpeg; path = "bg_track8_1@2x.jpg"; sourceTree = "<group>"; };
		A6B8A5891C5288F100F8FB79 /* bg_track8_2@2x.jpg */ = {isa = PBXFileReference; lastKnownFileType = image.jpeg; path = "bg_track8_2@2x.jpg"; sourceTree = "<group>"; };
		A6B8A5921C52892600F8FB79 /* ani_A_1@2x.png */ = {isa = PBXFileReference; lastKnownFileType = image.png; path = "ani_A_1@2x.png"; sourceTree = "<group>"; };
		A6B8A5931C52892600F8FB79 /* ani_A_2@2x.png */ = {isa = PBXFileReference; lastKnownFileType = image.png; path = "ani_A_2@2x.png"; sourceTree = "<group>"; };
		A6B8A5961C52892E00F8FB79 /* ani_J_1@2x.png */ = {isa = PBXFileReference; lastKnownFileType = image.png; path = "ani_J_1@2x.png"; sourceTree = "<group>"; };
		A6B8A5971C52892E00F8FB79 /* ani_J_2@2x.png */ = {isa = PBXFileReference; lastKnownFileType = image.png; path = "ani_J_2@2x.png"; sourceTree = "<group>"; };
		A6CC8EA31C24008200D9E9B1 /* 心弦之歌.app */ = {isa = PBXFileReference; explicitFileType = wrapper.application; includeInIndex = 0; path = "心弦之歌.app"; sourceTree = BUILT_PRODUCTS_DIR; };
		A6CC8EA71C24008200D9E9B1 /* main.m */ = {isa = PBXFileReference; lastKnownFileType = sourcecode.c.objc; path = main.m; sourceTree = "<group>"; };
		A6CC8EA91C24008200D9E9B1 /* AppDelegate.h */ = {isa = PBXFileReference; lastKnownFileType = sourcecode.c.h; path = AppDelegate.h; sourceTree = "<group>"; };
		A6CC8EAA1C24008200D9E9B1 /* AppDelegate.m */ = {isa = PBXFileReference; lastKnownFileType = sourcecode.c.objc; path = AppDelegate.m; sourceTree = "<group>"; };
		A6CC8EB01C24008200D9E9B1 /* Base */ = {isa = PBXFileReference; lastKnownFileType = file.storyboard; name = Base; path = Base.lproj/Main.storyboard; sourceTree = "<group>"; };
		A6CC8EB21C24008200D9E9B1 /* Assets.xcassets */ = {isa = PBXFileReference; lastKnownFileType = folder.assetcatalog; path = Assets.xcassets; sourceTree = "<group>"; };
		A6CC8EB71C24008200D9E9B1 /* Info.plist */ = {isa = PBXFileReference; lastKnownFileType = text.plist.xml; path = Info.plist; sourceTree = "<group>"; };
		A6CC8F141C24050800D9E9B1 /* OpenningViewController.h */ = {isa = PBXFileReference; fileEncoding = 4; lastKnownFileType = sourcecode.c.h; path = OpenningViewController.h; sourceTree = "<group>"; };
		A6CC8F151C24050800D9E9B1 /* OpenningViewController.m */ = {isa = PBXFileReference; fileEncoding = 4; lastKnownFileType = sourcecode.c.objc; path = OpenningViewController.m; sourceTree = "<group>"; };
		A6CC8F1B1C2446BD00D9E9B1 /* ParkViewController.h */ = {isa = PBXFileReference; fileEncoding = 4; lastKnownFileType = sourcecode.c.h; path = ParkViewController.h; sourceTree = "<group>"; };
		A6CC8F1C1C2446BD00D9E9B1 /* ParkViewController.m */ = {isa = PBXFileReference; fileEncoding = 4; lastKnownFileType = sourcecode.c.objc; path = ParkViewController.m; sourceTree = "<group>"; };
		A6CC8F211C24527700D9E9B1 /* CharacterViewController.h */ = {isa = PBXFileReference; fileEncoding = 4; lastKnownFileType = sourcecode.c.h; path = CharacterViewController.h; sourceTree = "<group>"; };
		A6CC8F221C24527700D9E9B1 /* CharacterViewController.m */ = {isa = PBXFileReference; fileEncoding = 4; lastKnownFileType = sourcecode.c.objc; path = CharacterViewController.m; sourceTree = "<group>"; };
		A6CFE94C1C247A0400623DBB /* One5ViewController.h */ = {isa = PBXFileReference; fileEncoding = 4; lastKnownFileType = sourcecode.c.h; path = One5ViewController.h; sourceTree = "<group>"; };
		A6CFE94D1C247A0400623DBB /* One5ViewController.m */ = {isa = PBXFileReference; fileEncoding = 4; lastKnownFileType = sourcecode.c.objc; path = One5ViewController.m; sourceTree = "<group>"; };
		A6CFE9511C2493B000623DBB /* StationViewController.h */ = {isa = PBXFileReference; fileEncoding = 4; lastKnownFileType = sourcecode.c.h; path = StationViewController.h; sourceTree = "<group>"; };
		A6CFE9521C2493B000623DBB /* StationViewController.m */ = {isa = PBXFileReference; fileEncoding = 4; lastKnownFileType = sourcecode.c.objc; path = StationViewController.m; sourceTree = "<group>"; };
		A6CFE9561C24997D00623DBB /* A.mp3 */ = {isa = PBXFileReference; lastKnownFileType = audio.mp3; path = A.mp3; sourceTree = "<group>"; };
		A6CFE9571C24997D00623DBB /* F.mp3 */ = {isa = PBXFileReference; lastKnownFileType = audio.mp3; path = F.mp3; sourceTree = "<group>"; };
		A6CFE9581C24997D00623DBB /* E.mp3 */ = {isa = PBXFileReference; lastKnownFileType = audio.mp3; path = E.mp3; sourceTree = "<group>"; };
		A6CFE95A1C24997D00623DBB /* D.mp3 */ = {isa = PBXFileReference; lastKnownFileType = audio.mp3; path = D.mp3; sourceTree = "<group>"; };
		A6CFE95B1C24997D00623DBB /* H.mp3 */ = {isa = PBXFileReference; lastKnownFileType = audio.mp3; path = H.mp3; sourceTree = "<group>"; };
		A6CFE95C1C24997D00623DBB /* I.mp3 */ = {isa = PBXFileReference; lastKnownFileType = audio.mp3; path = I.mp3; sourceTree = "<group>"; };
		A6CFE95D1C24997D00623DBB /* G.mp3 */ = {isa = PBXFileReference; lastKnownFileType = audio.mp3; path = G.mp3; sourceTree = "<group>"; };
		A6CFE95F1C24997D00623DBB /* J.mp3 */ = {isa = PBXFileReference; lastKnownFileType = audio.mp3; path = J.mp3; sourceTree = "<group>"; };
		A6CFE96D1C249D9700623DBB /* CintinGlobalData.h */ = {isa = PBXFileReference; fileEncoding = 4; lastKnownFileType = sourcecode.c.h; path = CintinGlobalData.h; sourceTree = "<group>"; };
		A6CFE96E1C249D9700623DBB /* CintinGlobalData.m */ = {isa = PBXFileReference; fileEncoding = 4; lastKnownFileType = sourcecode.c.objc; path = CintinGlobalData.m; sourceTree = "<group>"; };
		A6CFE9701C24A58C00623DBB /* AudioToolbox.framework */ = {isa = PBXFileReference; lastKnownFileType = wrapper.framework; name = AudioToolbox.framework; path = System/Library/Frameworks/AudioToolbox.framework; sourceTree = SDKROOT; };
		A6CFE9721C24A59200623DBB /* AVFoundation.framework */ = {isa = PBXFileReference; lastKnownFileType = wrapper.framework; name = AVFoundation.framework; path = System/Library/Frameworks/AVFoundation.framework; sourceTree = SDKROOT; };
		A6D1B7761C5137B6006F4CEC /* 0_how@2x.png */ = {isa = PBXFileReference; lastKnownFileType = image.png; path = "0_how@2x.png"; sourceTree = "<group>"; };
		A6D1B7771C5137B6006F4CEC /* 0_intro@2x.jpg */ = {isa = PBXFileReference; lastKnownFileType = image.jpeg; path = "0_intro@2x.jpg"; sourceTree = "<group>"; };
		A6D1B7781C5137B6006F4CEC /* cover_1@2x.jpg */ = {isa = PBXFileReference; lastKnownFileType = image.jpeg; path = "cover_1@2x.jpg"; sourceTree = "<group>"; };
		A6D1B7791C5137B6006F4CEC /* cover_2@2x.jpg */ = {isa = PBXFileReference; lastKnownFileType = image.jpeg; path = "cover_2@2x.jpg"; sourceTree = "<group>"; };
		A6D1B77A1C5137B6006F4CEC /* cover_3@2x.jpg */ = {isa = PBXFileReference; lastKnownFileType = image.jpeg; path = "cover_3@2x.jpg"; sourceTree = "<group>"; };
		A6D1B77B1C5137B6006F4CEC /* cover_play@2x.png */ = {isa = PBXFileReference; lastKnownFileType = image.png; path = "cover_play@2x.png"; sourceTree = "<group>"; };
		A6D1B77C1C5137B6006F4CEC /* Icon */ = {isa = PBXFileReference; fileEncoding = 4; lastKnownFileType = text; path = "Icon"; sourceTree = "<group>"; };
		A6D1B77E1C5137B6006F4CEC /* 1-1@2x.png */ = {isa = PBXFileReference; lastKnownFileType = image.png; path = "1-1@2x.png"; sourceTree = "<group>"; };
		A6D1B77F1C5137B6006F4CEC /* 1-2@2x.png */ = {isa = PBXFileReference; lastKnownFileType = image.png; path = "1-2@2x.png"; sourceTree = "<group>"; };
		A6D1B7801C5137B6006F4CEC /* 1-3@2x.png */ = {isa = PBXFileReference; lastKnownFileType = image.png; path = "1-3@2x.png"; sourceTree = "<group>"; };
		A6D1B7811C5137B6006F4CEC /* 1-4_end@2x.png */ = {isa = PBXFileReference; lastKnownFileType = image.png; path = "1-4_end@2x.png"; sourceTree = "<group>"; };
		A6D1B7821C5137B6006F4CEC /* 1-4_long@2x.png */ = {isa = PBXFileReference; lastKnownFileType = image.png; path = "1-4_long@2x.png"; sourceTree = "<group>"; };
		A6D1B7831C5137B6006F4CEC /* 1-4_start@2x.png */ = {isa = PBXFileReference; lastKnownFileType = image.png; path = "1-4_start@2x.png"; sourceTree = "<group>"; };
		A6D1B7851C5137B6006F4CEC /* 1-5_bg@2x.png */ = {isa = PBXFileReference; lastKnownFileType = image.png; path = "1-5_bg@2x.png"; sourceTree = "<group>"; };
		A6D1B7861C5137B6006F4CEC /* 1-5_ol@2x.png */ = {isa = PBXFileReference; lastKnownFileType = image.png; path = "1-5_ol@2x.png"; sourceTree = "<group>"; };
		A6D1B7871C5137B6006F4CEC /* 1-5_smoke2@2x.png */ = {isa = PBXFileReference; lastKnownFileType = image.png; path = "1-5_smoke2@2x.png"; sourceTree = "<group>"; };
		A6D1B7881C5137B6006F4CEC /* 1-5_smoke3@2x.png */ = {isa = PBXFileReference; lastKnownFileType = image.png; path = "1-5_smoke3@2x.png"; sourceTree = "<group>"; };
		A6D1B7891C5137B6006F4CEC /* 1-5_smoke@2x.png */ = {isa = PBXFileReference; lastKnownFileType = image.png; path = "1-5_smoke@2x.png"; sourceTree = "<group>"; };
		A6D1B78A1C5137B6006F4CEC /* 1-5_text@2x.png */ = {isa = PBXFileReference; lastKnownFileType = image.png; path = "1-5_text@2x.png"; sourceTree = "<group>"; };
		A6D1B78B1C5137B6006F4CEC /* Icon */ = {isa = PBXFileReference; fileEncoding = 4; lastKnownFileType = text; path = "Icon"; sourceTree = "<group>"; };
		A6D1B78C1C5137B6006F4CEC /* b1-1@2x.png */ = {isa = PBXFileReference; lastKnownFileType = image.png; path = "b1-1@2x.png"; sourceTree = "<group>"; };
		A6D1B78D1C5137B6006F4CEC /* b1-2@2x.png */ = {isa = PBXFileReference; lastKnownFileType = image.png; path = "b1-2@2x.png"; sourceTree = "<group>"; };
		A6D1B78E1C5137B6006F4CEC /* b1-3@2x.png */ = {isa = PBXFileReference; lastKnownFileType = image.png; path = "b1-3@2x.png"; sourceTree = "<group>"; };
		A6D1B78F1C5137B6006F4CEC /* b1-4_end@2x.png */ = {isa = PBXFileReference; lastKnownFileType = image.png; path = "b1-4_end@2x.png"; sourceTree = "<group>"; };
		A6D1B7901C5137B6006F4CEC /* b1-4_long@2x.png */ = {isa = PBXFileReference; lastKnownFileType = image.png; path = "b1-4_long@2x.png"; sourceTree = "<group>"; };
		A6D1B7911C5137B6006F4CEC /* b1-4_start@2x.png */ = {isa = PBXFileReference; lastKnownFileType = image.png; path = "b1-4_start@2x.png"; sourceTree = "<group>"; };
		A6D1B7921C5137B6006F4CEC /* Icon */ = {isa = PBXFileReference; fileEncoding = 4; lastKnownFileType = text; path = "Icon"; sourceTree = "<group>"; };
		A6D1B7941C5137B6006F4CEC /* 2-1_A.png */ = {isa = PBXFileReference; lastKnownFileType = image.png; path = "2-1_A.png"; sourceTree = "<group>"; };
		A6D1B7951C5137B6006F4CEC /* 2-1_B.png */ = {isa = PBXFileReference; lastKnownFileType = image.png; path = "2-1_B.png"; sourceTree = "<group>"; };
		A6D1B7961C5137B6006F4CEC /* 2-1_bg@2x.png */ = {isa = PBXFileReference; lastKnownFileType = image.png; path = "2-1_bg@2x.png"; sourceTree = "<group>"; };
		A6D1B7971C5137B6006F4CEC /* 2-1_text1@2x.png */ = {isa = PBXFileReference; lastKnownFileType = image.png; path = "2-1_text1@2x.png"; sourceTree = "<group>"; };
		A6D1B7981C5137B6006F4CEC /* 2-1_text2@2x.png */ = {isa = PBXFileReference; lastKnownFileType = image.png; path = "2-1_text2@2x.png"; sourceTree = "<group>"; };
		A6D1B7991C5137B6006F4CEC /* 2-1_text3@2x.png */ = {isa = PBXFileReference; lastKnownFileType = image.png; path = "2-1_text3@2x.png"; sourceTree = "<group>"; };
		A6D1B79A1C5137B6006F4CEC /* 2-1_text4@2x.png */ = {isa = PBXFileReference; lastKnownFileType = image.png; path = "2-1_text4@2x.png"; sourceTree = "<group>"; };
		A6D1B79B1C5137B6006F4CEC /* 2-A@2x.png */ = {isa = PBXFileReference; lastKnownFileType = image.png; path = "2-A@2x.png"; sourceTree = "<group>"; };
		A6D1B79C1C5137B6006F4CEC /* 2-B@2x.png */ = {isa = PBXFileReference; lastKnownFileType = image.png; path = "2-B@2x.png"; sourceTree = "<group>"; };
		A6D1B79E1C5137B6006F4CEC /* note_1@2x.png */ = {isa = PBXFileReference; lastKnownFileType = image.png; path = "note_1@2x.png"; sourceTree = "<group>"; };
		A6D1B79F1C5137B6006F4CEC /* note_2@2x.png */ = {isa = PBXFileReference; lastKnownFileType = image.png; path = "note_2@2x.png"; sourceTree = "<group>"; };
		A6D1B7A11C5137B6006F4CEC /* 3-1_A@2x.png */ = {isa = PBXFileReference; lastKnownFileType = image.png; path = "3-1_A@2x.png"; sourceTree = "<group>"; };
		A6D1B7A21C5137B6006F4CEC /* 3-1_bg1@2x.png */ = {isa = PBXFileReference; lastKnownFileType = image.png; path = "3-1_bg1@2x.png"; sourceTree = "<group>"; };
		A6D1B7A31C5137B6006F4CEC /* 3-1_bg2@2x.png */ = {isa = PBXFileReference; lastKnownFileType = image.png; path = "3-1_bg2@2x.png"; sourceTree = "<group>"; };
		A6D1B7A41C5137B6006F4CEC /* 3-1_C@2x.png */ = {isa = PBXFileReference; lastKnownFileType = image.png; path = "3-1_C@2x.png"; sourceTree = "<group>"; };
		A6D1B7A51C5137B6006F4CEC /* 3-1_D@2x.png */ = {isa = PBXFileReference; lastKnownFileType = image.png; path = "3-1_D@2x.png"; sourceTree = "<group>"; };
		A6D1B7A61C5137B6006F4CEC /* 3-1_text@2x.png */ = {isa = PBXFileReference; lastKnownFileType = image.png; path = "3-1_text@2x.png"; sourceTree = "<group>"; };
		A6D1B7A71C5137B6006F4CEC /* 3-C@2x.png */ = {isa = PBXFileReference; lastKnownFileType = image.png; path = "3-C@2x.png"; sourceTree = "<group>"; };
		A6D1B7A81C5137B6006F4CEC /* 3-D@2x.png */ = {isa = PBXFileReference; lastKnownFileType = image.png; path = "3-D@2x.png"; sourceTree = "<group>"; };
		A6D1B7A91C5137B6006F4CEC /* Icon */ = {isa = PBXFileReference; fileEncoding = 4; lastKnownFileType = text; path = "Icon"; sourceTree = "<group>"; };
		A6D1B7AB1C5137B6006F4CEC /* 4-0@2x.png */ = {isa = PBXFileReference; lastKnownFileType = image.png; path = "4-0@2x.png"; sourceTree = "<group>"; };
		A6D1B7AC1C5137B6006F4CEC /* 4-1_bg@2x.png */ = {isa = PBXFileReference; lastKnownFileType = image.png; path = "4-1_bg@2x.png"; sourceTree = "<group>"; };
		A6D1B7AD1C5137B6006F4CEC /* 4-1_E@2x.png */ = {isa = PBXFileReference; lastKnownFileType = image.png; path = "4-1_E@2x.png"; sourceTree = "<group>"; };
		A6D1B7AE1C5137B6006F4CEC /* 4-1_F@2x.png */ = {isa = PBXFileReference; lastKnownFileType = image.png; path = "4-1_F@2x.png"; sourceTree = "<group>"; };
		A6D1B7AF1C5137B6006F4CEC /* 4-E@2x.png */ = {isa = PBXFileReference; lastKnownFileType = image.png; path = "4-E@2x.png"; sourceTree = "<group>"; };
		A6D1B7B01C5137B6006F4CEC /* 4-F@2x.png */ = {isa = PBXFileReference; lastKnownFileType = image.png; path = "4-F@2x.png"; sourceTree = "<group>"; };
		A6D1B7B11C5137B6006F4CEC /* Icon */ = {isa = PBXFileReference; fileEncoding = 4; lastKnownFileType = text; path = "Icon"; sourceTree = "<group>"; };
		A6D1B7B31C5137B6006F4CEC /* 5-1_A@2x.png */ = {isa = PBXFileReference; lastKnownFileType = image.png; path = "5-1_A@2x.png"; sourceTree = "<group>"; };
		A6D1B7B41C5137B6006F4CEC /* 5-1_bg@2x.png */ = {isa = PBXFileReference; lastKnownFileType = image.png; path = "5-1_bg@2x.png"; sourceTree = "<group>"; };
		A6D1B7B51C5137B6006F4CEC /* 5-1_G@2x.png */ = {isa = PBXFileReference; lastKnownFileType = image.png; path = "5-1_G@2x.png"; sourceTree = "<group>"; };
		A6D1B7B61C5137B6006F4CEC /* 5-1_H@2x.png */ = {isa = PBXFileReference; lastKnownFileType = image.png; path = "5-1_H@2x.png"; sourceTree = "<group>"; };
		A6D1B7B71C5137B6006F4CEC /* 5-G@2x.png */ = {isa = PBXFileReference; lastKnownFileType = image.png; path = "5-G@2x.png"; sourceTree = "<group>"; };
		A6D1B7B81C5137B6006F4CEC /* 5-H@2x.png */ = {isa = PBXFileReference; lastKnownFileType = image.png; path = "5-H@2x.png"; sourceTree = "<group>"; };
		A6D1B7B91C5137B6006F4CEC /* Icon */ = {isa = PBXFileReference; fileEncoding = 4; lastKnownFileType = text; path = "Icon"; sourceTree = "<group>"; };
		A6D1B7BB1C5137B6006F4CEC /* 6-1@2x.png */ = {isa = PBXFileReference; lastKnownFileType = image.png; path = "6-1@2x.png"; sourceTree = "<group>"; };
		A6D1B7BC1C5137B6006F4CEC /* 6-1_I@2x.png */ = {isa = PBXFileReference; lastKnownFileType = image.png; path = "6-1_I@2x.png"; sourceTree = "<group>"; };
		A6D1B7BD1C5137B6006F4CEC /* 6-1_J@2x.png */ = {isa = PBXFileReference; lastKnownFileType = image.png; path = "6-1_J@2x.png"; sourceTree = "<group>"; };
		A6D1B7BE1C5137B6006F4CEC /* 6-I@2x.png */ = {isa = PBXFileReference; lastKnownFileType = image.png; path = "6-I@2x.png"; sourceTree = "<group>"; };
		A6D1B7BF1C5137B6006F4CEC /* 6-J@2x.png */ = {isa = PBXFileReference; lastKnownFileType = image.png; path = "6-J@2x.png"; sourceTree = "<group>"; };
		A6D1B7C01C5137B6006F4CEC /* Icon */ = {isa = PBXFileReference; fileEncoding = 4; lastKnownFileType = text; path = "Icon"; sourceTree = "<group>"; };
		A6D1B7C21C5137B6006F4CEC /* 7-1_1@2x.png */ = {isa = PBXFileReference; lastKnownFileType = image.png; path = "7-1_1@2x.png"; sourceTree = "<group>"; };
		A6D1B7C31C5137B6006F4CEC /* 7-1_2@2x.png */ = {isa = PBXFileReference; lastKnownFileType = image.png; path = "7-1_2@2x.png"; sourceTree = "<group>"; };
		A6D1B7C41C5137B6006F4CEC /* 7-1_apt@2x.png */ = {isa = PBXFileReference; lastKnownFileType = image.png; path = "7-1_apt@2x.png"; sourceTree = "<group>"; };
		A6D1B7C71C5137B6006F4CEC /* 8-1@2x.png */ = {isa = PBXFileReference; lastKnownFileType = image.png; path = "8-1@2x.png"; sourceTree = "<group>"; };
		A6D1B7C81C5137B6006F4CEC /* 8-1_record@2x.png */ = {isa = PBXFileReference; lastKnownFileType = image.png; path = "8-1_record@2x.png"; sourceTree = "<group>"; };
		A6D1B7CB1C5137B6006F4CEC /* 8-1_text@2x.png */ = {isa = PBXFileReference; lastKnownFileType = image.png; path = "8-1_text@2x.png"; sourceTree = "<group>"; };
		A6D1B7CC1C5137B6006F4CEC /* 8-2_bg@2x.jpg */ = {isa = PBXFileReference; lastKnownFileType = image.jpeg; path = "8-2_bg@2x.jpg"; sourceTree = "<group>"; };
		A6D1B7CD1C5137B6006F4CEC /* bg_track1_1@2x.jpg */ = {isa = PBXFileReference; lastKnownFileType = image.jpeg; path = "bg_track1_1@2x.jpg"; sourceTree = "<group>"; };
		A6D1B7CE1C5137B6006F4CEC /* bg_track1_2@2x.jpg */ = {isa = PBXFileReference; lastKnownFileType = image.jpeg; path = "bg_track1_2@2x.jpg"; sourceTree = "<group>"; };
		A6D1B7CF1C5137B6006F4CEC /* bg_track2_1@2x.jpg */ = {isa = PBXFileReference; lastKnownFileType = image.jpeg; path = "bg_track2_1@2x.jpg"; sourceTree = "<group>"; };
		A6D1B7D01C5137B6006F4CEC /* bg_track2_2@2x.jpg */ = {isa = PBXFileReference; lastKnownFileType = image.jpeg; path = "bg_track2_2@2x.jpg"; sourceTree = "<group>"; };
		A6D1B7D11C5137B6006F4CEC /* bg_track3_1@2x.jpg */ = {isa = PBXFileReference; lastKnownFileType = image.jpeg; path = "bg_track3_1@2x.jpg"; sourceTree = "<group>"; };
		A6D1B7D21C5137B6006F4CEC /* bg_track3_2@2x.jpg */ = {isa = PBXFileReference; lastKnownFileType = image.jpeg; path = "bg_track3_2@2x.jpg"; sourceTree = "<group>"; };
		A6D1B7D31C5137B6006F4CEC /* bg_track4_1@2x.jpg */ = {isa = PBXFileReference; lastKnownFileType = image.jpeg; path = "bg_track4_1@2x.jpg"; sourceTree = "<group>"; };
		A6D1B7D41C5137B6006F4CEC /* bg_track4_2@2x.jpg */ = {isa = PBXFileReference; lastKnownFileType = image.jpeg; path = "bg_track4_2@2x.jpg"; sourceTree = "<group>"; };
		A6D1B7DE1C5137B6006F4CEC /* record@2x.png */ = {isa = PBXFileReference; lastKnownFileType = image.png; path = "record@2x.png"; sourceTree = "<group>"; };
		A6D1B7DF1C5137B6006F4CEC /* stylus_pause@2x.png */ = {isa = PBXFileReference; lastKnownFileType = image.png; path = "stylus_pause@2x.png"; sourceTree = "<group>"; };
		A6D1B7E01C5137B6006F4CEC /* stylus_play@2x.png */ = {isa = PBXFileReference; lastKnownFileType = image.png; path = "stylus_play@2x.png"; sourceTree = "<group>"; };
		A6D1B7E21C5137B6006F4CEC /* back@2x.png */ = {isa = PBXFileReference; lastKnownFileType = image.png; path = "back@2x.png"; sourceTree = "<group>"; };
		A6D1B7E31C5137B6006F4CEC /* close@2x.png */ = {isa = PBXFileReference; lastKnownFileType = image.png; path = "close@2x.png"; sourceTree = "<group>"; };
		A6D1B7E41C5137B6006F4CEC /* download@2x.png */ = {isa = PBXFileReference; lastKnownFileType = image.png; path = "download@2x.png"; sourceTree = "<group>"; };
		A6D1B7E51C5137B6006F4CEC /* hint@2x.png */ = {isa = PBXFileReference; lastKnownFileType = image.png; path = "hint@2x.png"; sourceTree = "<group>"; };
		A6D1B7E61C5137B6006F4CEC /* hint_music@2x.png */ = {isa = PBXFileReference; lastKnownFileType = image.png; path = "hint_music@2x.png"; sourceTree = "<group>"; };
		A6D1B7E71C5137B6006F4CEC /* home@2x.png */ = {isa = PBXFileReference; lastKnownFileType = image.png; path = "home@2x.png"; sourceTree = "<group>"; };
		A6D1B7E91C5137B6006F4CEC /* next@2x.png */ = {isa = PBXFileReference; lastKnownFileType = image.png; path = "next@2x.png"; sourceTree = "<group>"; };
		A6D1B7EA1C5137B6006F4CEC /* next_m-2@2x.png */ = {isa = PBXFileReference; lastKnownFileType = image.png; path = "next_m-2@2x.png"; sourceTree = "<group>"; };
		A6D1B7EB1C5137B6006F4CEC /* next_m@2x.png */ = {isa = PBXFileReference; lastKnownFileType = image.png; path = "next_m@2x.png"; sourceTree = "<group>"; };
		A6D1B7EC1C5137B6006F4CEC /* next_m_2@2x.png */ = {isa = PBXFileReference; lastKnownFileType = image.png; path = "next_m_2@2x.png"; sourceTree = "<group>"; };
		A6D1B7ED1C5137B6006F4CEC /* next_wide@2x.png */ = {isa = PBXFileReference; lastKnownFileType = image.png; path = "next_wide@2x.png"; sourceTree = "<group>"; };
		A6D1B7EE1C5137B6006F4CEC /* pause@2x.png */ = {isa = PBXFileReference; lastKnownFileType = image.png; path = "pause@2x.png"; sourceTree = "<group>"; };
		A6D1B7EF1C5137B6006F4CEC /* pause_press@2x.png */ = {isa = PBXFileReference; lastKnownFileType = image.png; path = "pause_press@2x.png"; sourceTree = "<group>"; };
		A6D1B7F01C5137B6006F4CEC /* play@2x.png */ = {isa = PBXFileReference; lastKnownFileType = image.png; path = "play@2x.png"; sourceTree = "<group>"; };
		A6D1B7F11C5137B6006F4CEC /* play_press@2x.png */ = {isa = PBXFileReference; lastKnownFileType = image.png; path = "play_press@2x.png"; sourceTree = "<group>"; };
		A6D1B7F21C5137B6006F4CEC /* window@2x.png */ = {isa = PBXFileReference; lastKnownFileType = image.png; path = "window@2x.png"; sourceTree = "<group>"; };
		A6D1B7F41C5137B6006F4CEC /* 3-C_add@2x.png */ = {isa = PBXFileReference; lastKnownFileType = image.png; path = "3-C_add@2x.png"; sourceTree = "<group>"; };
		A6D1B7F51C5137B6006F4CEC /* 3-D_add@2x.png */ = {isa = PBXFileReference; lastKnownFileType = image.png; path = "3-D_add@2x.png"; sourceTree = "<group>"; };
		A6D1B7F61C5137B6006F4CEC /* 4-E_add@2x.png */ = {isa = PBXFileReference; lastKnownFileType = image.png; path = "4-E_add@2x.png"; sourceTree = "<group>"; };
		A6D1B7F71C5137B6006F4CEC /* 4-F_add@2x.png */ = {isa = PBXFileReference; lastKnownFileType = image.png; path = "4-F_add@2x.png"; sourceTree = "<group>"; };
		A6D1B7F81C5137B6006F4CEC /* 5-G_add@2x.png */ = {isa = PBXFileReference; lastKnownFileType = image.png; path = "5-G_add@2x.png"; sourceTree = "<group>"; };
		A6D1B7F91C5137B6006F4CEC /* 5-H_add@2x.png */ = {isa = PBXFileReference; lastKnownFileType = image.png; path = "5-H_add@2x.png"; sourceTree = "<group>"; };
		A6D1B7FA1C5137B6006F4CEC /* 6-I_add@2x.png */ = {isa = PBXFileReference; lastKnownFileType = image.png; path = "6-I_add@2x.png"; sourceTree = "<group>"; };
		A6D1B7FB1C5137B6006F4CEC /* 6-J_add@2x.png */ = {isa = PBXFileReference; lastKnownFileType = image.png; path = "6-J_add@2x.png"; sourceTree = "<group>"; };
		A6D1B8001C5137B6006F4CEC /* ani_B_1@2x.png */ = {isa = PBXFileReference; lastKnownFileType = image.png; path = "ani_B_1@2x.png"; sourceTree = "<group>"; };
		A6D1B8011C5137B6006F4CEC /* ani_B_2@2x.png */ = {isa = PBXFileReference; lastKnownFileType = image.png; path = "ani_B_2@2x.png"; sourceTree = "<group>"; };
		A6D1B8021C5137B6006F4CEC /* ani_C_1@2x.png */ = {isa = PBXFileReference; lastKnownFileType = image.png; path = "ani_C_1@2x.png"; sourceTree = "<group>"; };
		A6D1B8031C5137B6006F4CEC /* ani_C_2@2x.png */ = {isa = PBXFileReference; lastKnownFileType = image.png; path = "ani_C_2@2x.png"; sourceTree = "<group>"; };
		A6D1B8041C5137B6006F4CEC /* ani_D_1@2x.png */ = {isa = PBXFileReference; lastKnownFileType = image.png; path = "ani_D_1@2x.png"; sourceTree = "<group>"; };
		A6D1B8051C5137B6006F4CEC /* ani_D_2@2x.png */ = {isa = PBXFileReference; lastKnownFileType = image.png; path = "ani_D_2@2x.png"; sourceTree = "<group>"; };
		A6D1B8061C5137B6006F4CEC /* ani_E_1@2x.png */ = {isa = PBXFileReference; lastKnownFileType = image.png; path = "ani_E_1@2x.png"; sourceTree = "<group>"; };
		A6D1B8071C5137B6006F4CEC /* ani_E_2@2x.png */ = {isa = PBXFileReference; lastKnownFileType = image.png; path = "ani_E_2@2x.png"; sourceTree = "<group>"; };
		A6D1B8081C5137B6006F4CEC /* ani_F_1@2x.png */ = {isa = PBXFileReference; lastKnownFileType = image.png; path = "ani_F_1@2x.png"; sourceTree = "<group>"; };
		A6D1B8091C5137B6006F4CEC /* ani_F_2@2x.png */ = {isa = PBXFileReference; lastKnownFileType = image.png; path = "ani_F_2@2x.png"; sourceTree = "<group>"; };
		A6D1B80A1C5137B6006F4CEC /* ani_G_1@2x.png */ = {isa = PBXFileReference; lastKnownFileType = image.png; path = "ani_G_1@2x.png"; sourceTree = "<group>"; };
		A6D1B80B1C5137B6006F4CEC /* ani_G_2@2x.png */ = {isa = PBXFileReference; lastKnownFileType = image.png; path = "ani_G_2@2x.png"; sourceTree = "<group>"; };
		A6D1B80C1C5137B6006F4CEC /* ani_H_1@2x.png */ = {isa = PBXFileReference; lastKnownFileType = image.png; path = "ani_H_1@2x.png"; sourceTree = "<group>"; };
		A6D1B80D1C5137B6006F4CEC /* ani_H_2@2x.png */ = {isa = PBXFileReference; lastKnownFileType = image.png; path = "ani_H_2@2x.png"; sourceTree = "<group>"; };
		A6D1B80E1C5137B6006F4CEC /* ani_I_1@2x.png */ = {isa = PBXFileReference; lastKnownFileType = image.png; path = "ani_I_1@2x.png"; sourceTree = "<group>"; };
		A6D1B80F1C5137B6006F4CEC /* ani_I_2@2x.png */ = {isa = PBXFileReference; lastKnownFileType = image.png; path = "ani_I_2@2x.png"; sourceTree = "<group>"; };
		A6D1B8141C5137B6006F4CEC /* launch@2x.png */ = {isa = PBXFileReference; lastKnownFileType = image.png; path = "launch@2x.png"; sourceTree = "<group>"; };
		A6D1B8151C5137B6006F4CEC /* logo@2x.png */ = {isa = PBXFileReference; lastKnownFileType = image.png; path = "logo@2x.png"; sourceTree = "<group>"; };
		A6D1B8AA1C5137D4006F4CEC /* Icon */ = {isa = PBXFileReference; fileEncoding = 4; lastKnownFileType = text; path = "Icon"; sourceTree = "<group>"; };
		A6D1B8AB1C5137D4006F4CEC /* Track1.wav */ = {isa = PBXFileReference; lastKnownFileType = audio.wav; path = Track1.wav; sourceTree = "<group>"; };
		A6D1B8AC1C5137D4006F4CEC /* Track2.wav */ = {isa = PBXFileReference; lastKnownFileType = audio.wav; path = Track2.wav; sourceTree = "<group>"; };
		A6D1B8AD1C5137D4006F4CEC /* Track3.wav */ = {isa = PBXFileReference; lastKnownFileType = audio.wav; path = Track3.wav; sourceTree = "<group>"; };
		A6D1B8AE1C5137D4006F4CEC /* Track4.wav */ = {isa = PBXFileReference; lastKnownFileType = audio.wav; path = Track4.wav; sourceTree = "<group>"; };
		A6D1B8AF1C5137D4006F4CEC /* Track5.wav */ = {isa = PBXFileReference; lastKnownFileType = audio.wav; path = Track5.wav; sourceTree = "<group>"; };
		A6D1B8B01C5137D4006F4CEC /* Track6.wav */ = {isa = PBXFileReference; lastKnownFileType = audio.wav; path = Track6.wav; sourceTree = "<group>"; };
		A6D1B8B11C5137D4006F4CEC /* Track7.wav */ = {isa = PBXFileReference; lastKnownFileType = audio.wav; path = Track7.wav; sourceTree = "<group>"; };
		A6D1B8B21C5137D4006F4CEC /* Track8.wav */ = {isa = PBXFileReference; lastKnownFileType = audio.wav; path = Track8.wav; sourceTree = "<group>"; };
		A6D488591C2EBB4E00186A04 /* C.mp3 */ = {isa = PBXFileReference; lastKnownFileType = audio.mp3; path = C.mp3; sourceTree = "<group>"; };
		A6D4885B1C2ED8CE00186A04 /* FlowerShopViewController.h */ = {isa = PBXFileReference; fileEncoding = 4; lastKnownFileType = sourcecode.c.h; path = FlowerShopViewController.h; sourceTree = "<group>"; };
		A6D4885C1C2ED8CE00186A04 /* FlowerShopViewController.m */ = {isa = PBXFileReference; fileEncoding = 4; lastKnownFileType = sourcecode.c.objc; path = FlowerShopViewController.m; sourceTree = "<group>"; };
		A6DAB5D21C257320001CD22A /* GeneralViewController.h */ = {isa = PBXFileReference; fileEncoding = 4; lastKnownFileType = sourcecode.c.h; path = GeneralViewController.h; sourceTree = "<group>"; };
		A6DAB5D31C257320001CD22A /* GeneralViewController.m */ = {isa = PBXFileReference; fileEncoding = 4; lastKnownFileType = sourcecode.c.objc; path = GeneralViewController.m; sourceTree = "<group>"; };
		A6DAB5D51C25765F001CD22A /* CafeViewController.h */ = {isa = PBXFileReference; fileEncoding = 4; lastKnownFileType = sourcecode.c.h; path = CafeViewController.h; sourceTree = "<group>"; };
		A6DAB5D61C25765F001CD22A /* CafeViewController.m */ = {isa = PBXFileReference; fileEncoding = 4; lastKnownFileType = sourcecode.c.objc; path = CafeViewController.m; sourceTree = "<group>"; };
		A6DAB5D81C25AB2D001CD22A /* B.mp3 */ = {isa = PBXFileReference; lastKnownFileType = audio.mp3; path = B.mp3; sourceTree = "<group>"; };
		A6FABD921C3CFF1500CF3EE2 /* BushiViewController.h */ = {isa = PBXFileReference; fileEncoding = 4; lastKnownFileType = sourcecode.c.h; path = BushiViewController.h; sourceTree = "<group>"; };
		A6FABD931C3CFF1500CF3EE2 /* BushiViewController.m */ = {isa = PBXFileReference; fileEncoding = 4; lastKnownFileType = sourcecode.c.objc; path = BushiViewController.m; sourceTree = "<group>"; };
		A6FABD951C3D36C600CF3EE2 /* UIView+Glow.h */ = {isa = PBXFileReference; fileEncoding = 4; lastKnownFileType = sourcecode.c.h; path = "UIView+Glow.h"; sourceTree = "<group>"; };
		A6FABD961C3D36C600CF3EE2 /* UIView+Glow.m */ = {isa = PBXFileReference; fileEncoding = 4; lastKnownFileType = sourcecode.c.objc; path = "UIView+Glow.m"; sourceTree = "<group>"; };
		A6FABD991C3D407700CF3EE2 /* RecordViewController.h */ = {isa = PBXFileReference; fileEncoding = 4; lastKnownFileType = sourcecode.c.h; path = RecordViewController.h; sourceTree = "<group>"; };
		A6FABD9A1C3D407700CF3EE2 /* RecordViewController.m */ = {isa = PBXFileReference; fileEncoding = 4; lastKnownFileType = sourcecode.c.objc; path = RecordViewController.m; sourceTree = "<group>"; };
		A6FABD9C1C3E5FA000CF3EE2 /* dong.mp3 */ = {isa = PBXFileReference; lastKnownFileType = audio.mp3; path = dong.mp3; sourceTree = "<group>"; };
		A6FABDAB1C3E788B00CF3EE2 /* clean.mp3 */ = {isa = PBXFileReference; lastKnownFileType = audio.mp3; path = clean.mp3; sourceTree = "<group>"; };
		A6FABDAE1C3E801400CF3EE2 /* UIImageView+Rotate.h */ = {isa = PBXFileReference; fileEncoding = 4; lastKnownFileType = sourcecode.c.h; path = "UIImageView+Rotate.h"; sourceTree = "<group>"; };
		A6FABDAF1C3E801400CF3EE2 /* UIImageView+Rotate.m */ = {isa = PBXFileReference; fileEncoding = 4; lastKnownFileType = sourcecode.c.objc; path = "UIImageView+Rotate.m"; sourceTree = "<group>"; };
/* End PBXFileReference section */

/* Begin PBXFrameworksBuildPhase section */
		A6CC8EA01C24008200D9E9B1 /* Frameworks */ = {
			isa = PBXFrameworksBuildPhase;
			buildActionMask = 2147483647;
			files = (
				A6CFE9731C24A59200623DBB /* AVFoundation.framework in Frameworks */,
				A6CFE9711C24A58C00623DBB /* AudioToolbox.framework in Frameworks */,
			);
			runOnlyForDeploymentPostprocessing = 0;
		};
/* End PBXFrameworksBuildPhase section */

/* Begin PBXGroup section */
		A6CC8E9A1C24008200D9E9B1 = {
			isa = PBXGroup;
			children = (
				A6CC8EA51C24008200D9E9B1 /* CintinWork */,
				A6CC8EA41C24008200D9E9B1 /* Products */,
			);
			sourceTree = "<group>";
		};
		A6CC8EA41C24008200D9E9B1 /* Products */ = {
			isa = PBXGroup;
			children = (
				A6CC8EA31C24008200D9E9B1 /* 心弦之歌.app */,
			);
			name = Products;
			sourceTree = "<group>";
		};
		A6CC8EA51C24008200D9E9B1 /* CintinWork */ = {
			isa = PBXGroup;
			children = (
				A6D1B8A91C5137D4006F4CEC /* FullTrack */,
				A6D1B7741C5137B6006F4CEC /* image */,
				A6CFE9541C24997D00623DBB /* Mp3 */,
				A6CC8EAF1C24008200D9E9B1 /* Main.storyboard */,
				A6CC8EA91C24008200D9E9B1 /* AppDelegate.h */,
				A6CC8EAA1C24008200D9E9B1 /* AppDelegate.m */,
				A6CFE96D1C249D9700623DBB /* CintinGlobalData.h */,
				A6CFE96E1C249D9700623DBB /* CintinGlobalData.m */,
				A6DAB5D21C257320001CD22A /* GeneralViewController.h */,
				A6DAB5D31C257320001CD22A /* GeneralViewController.m */,
				A6042ADA1C326763004FA052 /* SingleSceneViewController.h */,
				A6042ADB1C326763004FA052 /* SingleSceneViewController.m */,
				A6CC8F211C24527700D9E9B1 /* CharacterViewController.h */,
				A6CC8F221C24527700D9E9B1 /* CharacterViewController.m */,
				A6CC8F141C24050800D9E9B1 /* OpenningViewController.h */,
				A6CC8F151C24050800D9E9B1 /* OpenningViewController.m */,
				A6CFE94C1C247A0400623DBB /* One5ViewController.h */,
				A6CFE94D1C247A0400623DBB /* One5ViewController.m */,
				A6CC8F1B1C2446BD00D9E9B1 /* ParkViewController.h */,
				A6CC8F1C1C2446BD00D9E9B1 /* ParkViewController.m */,
				A6CFE9511C2493B000623DBB /* StationViewController.h */,
				A6CFE9521C2493B000623DBB /* StationViewController.m */,
				A6DAB5D51C25765F001CD22A /* CafeViewController.h */,
				A6DAB5D61C25765F001CD22A /* CafeViewController.m */,
				A6D4885B1C2ED8CE00186A04 /* FlowerShopViewController.h */,
				A6D4885C1C2ED8CE00186A04 /* FlowerShopViewController.m */,
				A6FABD921C3CFF1500CF3EE2 /* BushiViewController.h */,
				A6FABD931C3CFF1500CF3EE2 /* BushiViewController.m */,
				A6FABD991C3D407700CF3EE2 /* RecordViewController.h */,
				A6FABD9A1C3D407700CF3EE2 /* RecordViewController.m */,
				A6FABD951C3D36C600CF3EE2 /* UIView+Glow.h */,
				A6FABD961C3D36C600CF3EE2 /* UIView+Glow.m */,
				A6FABDAE1C3E801400CF3EE2 /* UIImageView+Rotate.h */,
				A6FABDAF1C3E801400CF3EE2 /* UIImageView+Rotate.m */,
				A6CC8EA61C24008200D9E9B1 /* Supporting Files */,
			);
			path = CintinWork;
			sourceTree = "<group>";
		};
		A6CC8EA61C24008200D9E9B1 /* Supporting Files */ = {
			isa = PBXGroup;
			children = (
				A6CC8EA71C24008200D9E9B1 /* main.m */,
				A6CC8EB21C24008200D9E9B1 /* Assets.xcassets */,
				A6CC8EB71C24008200D9E9B1 /* Info.plist */,
				A6CFE9721C24A59200623DBB /* AVFoundation.framework */,
				A6CFE9701C24A58C00623DBB /* AudioToolbox.framework */,
			);
			name = "Supporting Files";
			sourceTree = "<group>";
		};
		A6CFE9541C24997D00623DBB /* Mp3 */ = {
			isa = PBXGroup;
			children = (
				A6042AD81C3163E1004FA052 /* openningBGM2.mp3 */,
				A6CFE9561C24997D00623DBB /* A.mp3 */,
				A6DAB5D81C25AB2D001CD22A /* B.mp3 */,
				A6D488591C2EBB4E00186A04 /* C.mp3 */,
				A6CFE95A1C24997D00623DBB /* D.mp3 */,
				A6CFE9581C24997D00623DBB /* E.mp3 */,
				A6CFE9571C24997D00623DBB /* F.mp3 */,
				A6CFE95D1C24997D00623DBB /* G.mp3 */,
				A6CFE95B1C24997D00623DBB /* H.mp3 */,
				A6CFE95C1C24997D00623DBB /* I.mp3 */,
				A6CFE95F1C24997D00623DBB /* J.mp3 */,
				A6FABDAB1C3E788B00CF3EE2 /* clean.mp3 */,
				A6FABD9C1C3E5FA000CF3EE2 /* dong.mp3 */,
			);
			path = Mp3;
			sourceTree = "<group>";
		};
		A6D1B7741C5137B6006F4CEC /* image */ = {
			isa = PBXGroup;
			children = (
				A6D1B7751C5137B6006F4CEC /* 0-cover */,
				A6D1B77D1C5137B6006F4CEC /* 1-1~1-5_openning */,
				A6D1B7931C5137B6006F4CEC /* 2-1-A-B_park */,
				A6D1B7A01C5137B6006F4CEC /* 3-1-C-D_street */,
				A6D1B7AA1C5137B6006F4CEC /* 4-1-E-F_cafe */,
				A6D1B7B21C5137B6006F4CEC /* 5-1-G-H_flowershop */,
				A6D1B7BA1C5137B6006F4CEC /* 6-1-I-J_bushi */,
				A6D1B7C11C5137B6006F4CEC /* 7-1-go_home */,
				A6D1B7C61C5137B6006F4CEC /* 8-1_room */,
				A6D1B7CA1C5137B6006F4CEC /* 8-2_end */,
				A6D1B7E11C5137B6006F4CEC /* buttons */,
				A6D1B7F31C5137B6006F4CEC /* char_nextpage */,
				A6D1B7FD1C5137B6006F4CEC /* charAnimation */,
				A6D1B8141C5137B6006F4CEC /* launch@2x.png */,
				A6D1B8151C5137B6006F4CEC /* logo@2x.png */,
			);
			path = image;
			sourceTree = "<group>";
		};
		A6D1B7751C5137B6006F4CEC /* 0-cover */ = {
			isa = PBXGroup;
			children = (
				A6D1B7761C5137B6006F4CEC /* 0_how@2x.png */,
				A6D1B7771C5137B6006F4CEC /* 0_intro@2x.jpg */,
				A6D1B7781C5137B6006F4CEC /* cover_1@2x.jpg */,
				A6D1B7791C5137B6006F4CEC /* cover_2@2x.jpg */,
				A6D1B77A1C5137B6006F4CEC /* cover_3@2x.jpg */,
				A6D1B77B1C5137B6006F4CEC /* cover_play@2x.png */,
				A6D1B77C1C5137B6006F4CEC /* Icon */,
			);
			path = "0-cover";
			sourceTree = "<group>";
		};
		A6D1B77D1C5137B6006F4CEC /* 1-1~1-5_openning */ = {
			isa = PBXGroup;
			children = (
				A6D1B77E1C5137B6006F4CEC /* 1-1@2x.png */,
				A6D1B77F1C5137B6006F4CEC /* 1-2@2x.png */,
				A6D1B7801C5137B6006F4CEC /* 1-3@2x.png */,
				A6D1B7811C5137B6006F4CEC /* 1-4_end@2x.png */,
				A6D1B7821C5137B6006F4CEC /* 1-4_long@2x.png */,
				A6D1B7831C5137B6006F4CEC /* 1-4_start@2x.png */,
				A6D1B7841C5137B6006F4CEC /* 1-5 */,
				A6D1B78C1C5137B6006F4CEC /* b1-1@2x.png */,
				A6D1B78D1C5137B6006F4CEC /* b1-2@2x.png */,
				A6D1B78E1C5137B6006F4CEC /* b1-3@2x.png */,
				A6D1B78F1C5137B6006F4CEC /* b1-4_end@2x.png */,
				A6D1B7901C5137B6006F4CEC /* b1-4_long@2x.png */,
				A6D1B7911C5137B6006F4CEC /* b1-4_start@2x.png */,
				A6D1B7921C5137B6006F4CEC /* Icon */,
			);
			path = "1-1~1-5_openning";
			sourceTree = "<group>";
		};
		A6D1B7841C5137B6006F4CEC /* 1-5 */ = {
			isa = PBXGroup;
			children = (
				A6D1B7851C5137B6006F4CEC /* 1-5_bg@2x.png */,
				A6D1B7861C5137B6006F4CEC /* 1-5_ol@2x.png */,
				A6D1B7871C5137B6006F4CEC /* 1-5_smoke2@2x.png */,
				A6D1B7881C5137B6006F4CEC /* 1-5_smoke3@2x.png */,
				A6D1B7891C5137B6006F4CEC /* 1-5_smoke@2x.png */,
				A6D1B78A1C5137B6006F4CEC /* 1-5_text@2x.png */,
				A6D1B78B1C5137B6006F4CEC /* Icon */,
			);
			path = "1-5";
			sourceTree = "<group>";
		};
		A6D1B7931C5137B6006F4CEC /* 2-1-A-B_park */ = {
			isa = PBXGroup;
			children = (
				A6D1B7941C5137B6006F4CEC /* 2-1_A.png */,
				A6D1B7951C5137B6006F4CEC /* 2-1_B.png */,
				A6D1B7961C5137B6006F4CEC /* 2-1_bg@2x.png */,
				A6D1B7971C5137B6006F4CEC /* 2-1_text1@2x.png */,
				A6D1B7981C5137B6006F4CEC /* 2-1_text2@2x.png */,
				A6D1B7991C5137B6006F4CEC /* 2-1_text3@2x.png */,
				A6D1B79A1C5137B6006F4CEC /* 2-1_text4@2x.png */,
				A6D1B79B1C5137B6006F4CEC /* 2-A@2x.png */,
				A6D1B79C1C5137B6006F4CEC /* 2-B@2x.png */,
				A6D1B79E1C5137B6006F4CEC /* note_1@2x.png */,
				A6D1B79F1C5137B6006F4CEC /* note_2@2x.png */,
			);
			path = "2-1-A-B_park";
			sourceTree = "<group>";
		};
		A6D1B7A01C5137B6006F4CEC /* 3-1-C-D_street */ = {
			isa = PBXGroup;
			children = (
				A6D1B7A11C5137B6006F4CEC /* 3-1_A@2x.png */,
				A6D1B7A21C5137B6006F4CEC /* 3-1_bg1@2x.png */,
				A6D1B7A31C5137B6006F4CEC /* 3-1_bg2@2x.png */,
				A6D1B7A41C5137B6006F4CEC /* 3-1_C@2x.png */,
				A6D1B7A51C5137B6006F4CEC /* 3-1_D@2x.png */,
				A6D1B7A61C5137B6006F4CEC /* 3-1_text@2x.png */,
				A6D1B7A71C5137B6006F4CEC /* 3-C@2x.png */,
				A6D1B7A81C5137B6006F4CEC /* 3-D@2x.png */,
				A6D1B7A91C5137B6006F4CEC /* Icon */,
			);
			path = "3-1-C-D_street";
			sourceTree = "<group>";
		};
		A6D1B7AA1C5137B6006F4CEC /* 4-1-E-F_cafe */ = {
			isa = PBXGroup;
			children = (
				A6D1B7AB1C5137B6006F4CEC /* 4-0@2x.png */,
				A6D1B7AC1C5137B6006F4CEC /* 4-1_bg@2x.png */,
				A6D1B7AD1C5137B6006F4CEC /* 4-1_E@2x.png */,
				A6D1B7AE1C5137B6006F4CEC /* 4-1_F@2x.png */,
				A6D1B7AF1C5137B6006F4CEC /* 4-E@2x.png */,
				A6D1B7B01C5137B6006F4CEC /* 4-F@2x.png */,
				A6D1B7B11C5137B6006F4CEC /* Icon */,
			);
			path = "4-1-E-F_cafe";
			sourceTree = "<group>";
		};
		A6D1B7B21C5137B6006F4CEC /* 5-1-G-H_flowershop */ = {
			isa = PBXGroup;
			children = (
				A6D1B7B31C5137B6006F4CEC /* 5-1_A@2x.png */,
				A6D1B7B41C5137B6006F4CEC /* 5-1_bg@2x.png */,
				A6D1B7B51C5137B6006F4CEC /* 5-1_G@2x.png */,
				A6D1B7B61C5137B6006F4CEC /* 5-1_H@2x.png */,
				A6D1B7B71C5137B6006F4CEC /* 5-G@2x.png */,
				A6D1B7B81C5137B6006F4CEC /* 5-H@2x.png */,
				A6D1B7B91C5137B6006F4CEC /* Icon */,
			);
			path = "5-1-G-H_flowershop";
			sourceTree = "<group>";
		};
		A6D1B7BA1C5137B6006F4CEC /* 6-1-I-J_bushi */ = {
			isa = PBXGroup;
			children = (
				A6D1B7BB1C5137B6006F4CEC /* 6-1@2x.png */,
				A6D1B7BC1C5137B6006F4CEC /* 6-1_I@2x.png */,
				A6D1B7BD1C5137B6006F4CEC /* 6-1_J@2x.png */,
				A6D1B7BE1C5137B6006F4CEC /* 6-I@2x.png */,
				A6D1B7BF1C5137B6006F4CEC /* 6-J@2x.png */,
				A6D1B7C01C5137B6006F4CEC /* Icon */,
			);
			path = "6-1-I-J_bushi";
			sourceTree = "<group>";
		};
		A6D1B7C11C5137B6006F4CEC /* 7-1-go_home */ = {
			isa = PBXGroup;
			children = (
				A6D1B7C21C5137B6006F4CEC /* 7-1_1@2x.png */,
				A6D1B7C31C5137B6006F4CEC /* 7-1_2@2x.png */,
				A6D1B7C41C5137B6006F4CEC /* 7-1_apt@2x.png */,
			);
			path = "7-1-go_home";
			sourceTree = "<group>";
		};
		A6D1B7C61C5137B6006F4CEC /* 8-1_room */ = {
			isa = PBXGroup;
			children = (
				A6D1B7C71C5137B6006F4CEC /* 8-1@2x.png */,
				A6D1B7C81C5137B6006F4CEC /* 8-1_record@2x.png */,
			);
			path = "8-1_room";
			sourceTree = "<group>";
		};
		A6D1B7CA1C5137B6006F4CEC /* 8-2_end */ = {
			isa = PBXGroup;
			children = (
				A6D1B7CB1C5137B6006F4CEC /* 8-1_text@2x.png */,
				A6D1B7CC1C5137B6006F4CEC /* 8-2_bg@2x.jpg */,
				A6D1B7CD1C5137B6006F4CEC /* bg_track1_1@2x.jpg */,
				A6D1B7CE1C5137B6006F4CEC /* bg_track1_2@2x.jpg */,
				A6D1B7CF1C5137B6006F4CEC /* bg_track2_1@2x.jpg */,
				A6D1B7D01C5137B6006F4CEC /* bg_track2_2@2x.jpg */,
				A6D1B7D11C5137B6006F4CEC /* bg_track3_1@2x.jpg */,
				A6D1B7D21C5137B6006F4CEC /* bg_track3_2@2x.jpg */,
				A6D1B7D31C5137B6006F4CEC /* bg_track4_1@2x.jpg */,
				A6D1B7D41C5137B6006F4CEC /* bg_track4_2@2x.jpg */,
				A6B8A5821C5288F100F8FB79 /* bg_track5_1@2x.jpg */,
				A6B8A5831C5288F100F8FB79 /* bg_track5_2@2x.jpg */,
				A6B8A5841C5288F100F8FB79 /* bg_track6_1@2x.jpg */,
				A6B8A5851C5288F100F8FB79 /* bg_track6_2@2x.jpg */,
				A6B8A5861C5288F100F8FB79 /* bg_track7_1@2x.jpg */,
				A6B8A5871C5288F100F8FB79 /* bg_track7_2@2x.jpg */,
				A6B8A5881C5288F100F8FB79 /* bg_track8_1@2x.jpg */,
				A6B8A5891C5288F100F8FB79 /* bg_track8_2@2x.jpg */,
				A6D1B7DE1C5137B6006F4CEC /* record@2x.png */,
				A6D1B7DF1C5137B6006F4CEC /* stylus_pause@2x.png */,
				A6D1B7E01C5137B6006F4CEC /* stylus_play@2x.png */,
			);
			path = "8-2_end";
			sourceTree = "<group>";
		};
		A6D1B7E11C5137B6006F4CEC /* buttons */ = {
			isa = PBXGroup;
			children = (
				A6D1B7E21C5137B6006F4CEC /* back@2x.png */,
				A6D1B7E31C5137B6006F4CEC /* close@2x.png */,
				A6D1B7E41C5137B6006F4CEC /* download@2x.png */,
				A6D1B7E51C5137B6006F4CEC /* hint@2x.png */,
				A6D1B7E61C5137B6006F4CEC /* hint_music@2x.png */,
				A6D1B7E71C5137B6006F4CEC /* home@2x.png */,
				A6D1B7E91C5137B6006F4CEC /* next@2x.png */,
				A6D1B7EA1C5137B6006F4CEC /* next_m-2@2x.png */,
				A6D1B7EB1C5137B6006F4CEC /* next_m@2x.png */,
				A6D1B7EC1C5137B6006F4CEC /* next_m_2@2x.png */,
				A6D1B7ED1C5137B6006F4CEC /* next_wide@2x.png */,
				A6D1B7EE1C5137B6006F4CEC /* pause@2x.png */,
				A6D1B7EF1C5137B6006F4CEC /* pause_press@2x.png */,
				A6D1B7F01C5137B6006F4CEC /* play@2x.png */,
				A6D1B7F11C5137B6006F4CEC /* play_press@2x.png */,
				A6D1B7F21C5137B6006F4CEC /* window@2x.png */,
			);
			path = buttons;
			sourceTree = "<group>";
		};
		A6D1B7F31C5137B6006F4CEC /* char_nextpage */ = {
			isa = PBXGroup;
			children = (
				A6D1B7F41C5137B6006F4CEC /* 3-C_add@2x.png */,
				A6D1B7F51C5137B6006F4CEC /* 3-D_add@2x.png */,
				A6D1B7F61C5137B6006F4CEC /* 4-E_add@2x.png */,
				A6D1B7F71C5137B6006F4CEC /* 4-F_add@2x.png */,
				A6D1B7F81C5137B6006F4CEC /* 5-G_add@2x.png */,
				A6D1B7F91C5137B6006F4CEC /* 5-H_add@2x.png */,
				A6D1B7FA1C5137B6006F4CEC /* 6-I_add@2x.png */,
				A6D1B7FB1C5137B6006F4CEC /* 6-J_add@2x.png */,
			);
			path = char_nextpage;
			sourceTree = "<group>";
		};
		A6D1B7FD1C5137B6006F4CEC /* charAnimation */ = {
			isa = PBXGroup;
			children = (
				A6B8A5921C52892600F8FB79 /* ani_A_1@2x.png */,
				A6B8A5931C52892600F8FB79 /* ani_A_2@2x.png */,
				A6D1B8001C5137B6006F4CEC /* ani_B_1@2x.png */,
				A6D1B8011C5137B6006F4CEC /* ani_B_2@2x.png */,
				A6D1B8021C5137B6006F4CEC /* ani_C_1@2x.png */,
				A6D1B8031C5137B6006F4CEC /* ani_C_2@2x.png */,
				A6D1B8041C5137B6006F4CEC /* ani_D_1@2x.png */,
				A6D1B8051C5137B6006F4CEC /* ani_D_2@2x.png */,
				A6D1B8061C5137B6006F4CEC /* ani_E_1@2x.png */,
				A6D1B8071C5137B6006F4CEC /* ani_E_2@2x.png */,
				A6D1B8081C5137B6006F4CEC /* ani_F_1@2x.png */,
				A6D1B8091C5137B6006F4CEC /* ani_F_2@2x.png */,
				A6D1B80A1C5137B6006F4CEC /* ani_G_1@2x.png */,
				A6D1B80B1C5137B6006F4CEC /* ani_G_2@2x.png */,
				A6D1B80C1C5137B6006F4CEC /* ani_H_1@2x.png */,
				A6D1B80D1C5137B6006F4CEC /* ani_H_2@2x.png */,
				A6D1B80E1C5137B6006F4CEC /* ani_I_1@2x.png */,
				A6D1B80F1C5137B6006F4CEC /* ani_I_2@2x.png */,
				A6B8A5961C52892E00F8FB79 /* ani_J_1@2x.png */,
				A6B8A5971C52892E00F8FB79 /* ani_J_2@2x.png */,
			);
			path = charAnimation;
			sourceTree = "<group>";
		};
		A6D1B8A91C5137D4006F4CEC /* FullTrack */ = {
			isa = PBXGroup;
			children = (
				A6D1B8AA1C5137D4006F4CEC /* Icon */,
				A6D1B8AB1C5137D4006F4CEC /* Track1.wav */,
				A6D1B8AC1C5137D4006F4CEC /* Track2.wav */,
				A6D1B8AD1C5137D4006F4CEC /* Track3.wav */,
				A6D1B8AE1C5137D4006F4CEC /* Track4.wav */,
				A6D1B8AF1C5137D4006F4CEC /* Track5.wav */,
				A6D1B8B01C5137D4006F4CEC /* Track6.wav */,
				A6D1B8B11C5137D4006F4CEC /* Track7.wav */,
				A6D1B8B21C5137D4006F4CEC /* Track8.wav */,
			);
			path = FullTrack;
			sourceTree = "<group>";
		};
/* End PBXGroup section */

/* Begin PBXNativeTarget section */
		A6CC8EA21C24008200D9E9B1 /* CintinWork */ = {
			isa = PBXNativeTarget;
			buildConfigurationList = A6CC8EBA1C24008200D9E9B1 /* Build configuration list for PBXNativeTarget "CintinWork" */;
			buildPhases = (
				A6CC8E9F1C24008200D9E9B1 /* Sources */,
				A6CC8EA01C24008200D9E9B1 /* Frameworks */,
				A6CC8EA11C24008200D9E9B1 /* Resources */,
			);
			buildRules = (
			);
			dependencies = (
			);
			name = CintinWork;
			productName = CintinWork;
			productReference = A6CC8EA31C24008200D9E9B1 /* 心弦之歌.app */;
			productType = "com.apple.product-type.application";
		};
/* End PBXNativeTarget section */

/* Begin PBXProject section */
		A6CC8E9B1C24008200D9E9B1 /* Project object */ = {
			isa = PBXProject;
			attributes = {
				LastUpgradeCheck = 0720;
				ORGANIZATIONNAME = "Cheng Chia Ting";
				TargetAttributes = {
					A6CC8EA21C24008200D9E9B1 = {
						CreatedOnToolsVersion = 7.2;
						DevelopmentTeam = 7SYKJV64VD;
					};
				};
			};
			buildConfigurationList = A6CC8E9E1C24008200D9E9B1 /* Build configuration list for PBXProject "CintinWork" */;
			compatibilityVersion = "Xcode 3.2";
			developmentRegion = English;
			hasScannedForEncodings = 0;
			knownRegions = (
				en,
				Base,
			);
			mainGroup = A6CC8E9A1C24008200D9E9B1;
			productRefGroup = A6CC8EA41C24008200D9E9B1 /* Products */;
			projectDirPath = "";
			projectRoot = "";
			targets = (
				A6CC8EA21C24008200D9E9B1 /* CintinWork */,
			);
		};
/* End PBXProject section */

/* Begin PBXResourcesBuildPhase section */
		A6CC8EA11C24008200D9E9B1 /* Resources */ = {
			isa = PBXResourcesBuildPhase;
			buildActionMask = 2147483647;
			files = (
				A6D1B8B41C5137D4006F4CEC /* Track1.wav in Resources */,
				A6D1B88B1C5137B6006F4CEC /* 4-F_add@2x.png in Resources */,
				A6D1B8A01C5137B6006F4CEC /* ani_H_2@2x.png in Resources */,
				A6CFE9661C24997D00623DBB /* H.mp3 in Resources */,
				A6B8A58F1C5288F100F8FB79 /* bg_track7_2@2x.jpg in Resources */,
				A6D1B8751C5137B6006F4CEC /* stylus_pause@2x.png in Resources */,
				A6D1B88E1C5137B6006F4CEC /* 6-I_add@2x.png in Resources */,
				A6D1B8821C5137B6006F4CEC /* next_wide@2x.png in Resources */,
				A6D1B8861C5137B6006F4CEC /* play_press@2x.png in Resources */,
				A6D1B8421C5137B6006F4CEC /* 3-1_text@2x.png in Resources */,
				A6D1B8A81C5137B6006F4CEC /* logo@2x.png in Resources */,
				A6D1B8211C5137B6006F4CEC /* 1-4_long@2x.png in Resources */,
				A6CC8EB31C24008200D9E9B1 /* Assets.xcassets in Resources */,
				A6D1B8231C5137B6006F4CEC /* 1-5_bg@2x.png in Resources */,
				A6D1B8501C5137B6006F4CEC /* 5-1_H@2x.png in Resources */,
				A6D1B8391C5137B6006F4CEC /* 2-B@2x.png in Resources */,
				A6D1B8801C5137B6006F4CEC /* next_m@2x.png in Resources */,
				A6D1B8441C5137B6006F4CEC /* 3-D@2x.png in Resources */,
				A6D1B8201C5137B6006F4CEC /* 1-4_end@2x.png in Resources */,
				A6D1B8831C5137B6006F4CEC /* pause@2x.png in Resources */,
				A6FABDAD1C3E788B00CF3EE2 /* clean.mp3 in Resources */,
				A6B8A58B1C5288F100F8FB79 /* bg_track5_2@2x.jpg in Resources */,
				A6D1B87B1C5137B6006F4CEC /* hint_music@2x.png in Resources */,
				A6D1B8651C5137B6006F4CEC /* bg_track2_1@2x.jpg in Resources */,
				A6B8A5911C5288F100F8FB79 /* bg_track8_2@2x.jpg in Resources */,
				A6D1B8951C5137B6006F4CEC /* ani_C_1@2x.png in Resources */,
				A6D1B88C1C5137B6006F4CEC /* 5-G_add@2x.png in Resources */,
				A6D1B88D1C5137B6006F4CEC /* 5-H_add@2x.png in Resources */,
				A6D1B84A1C5137B6006F4CEC /* 4-E@2x.png in Resources */,
				A6D1B89C1C5137B6006F4CEC /* ani_F_2@2x.png in Resources */,
				A6D1B8271C5137B6006F4CEC /* 1-5_smoke@2x.png in Resources */,
				A6D1B8191C5137B6006F4CEC /* cover_2@2x.jpg in Resources */,
				A6D1B8411C5137B6006F4CEC /* 3-1_D@2x.png in Resources */,
				A6D1B89F1C5137B6006F4CEC /* ani_H_1@2x.png in Resources */,
				A6D1B8491C5137B6006F4CEC /* 4-1_F@2x.png in Resources */,
				A6D1B8631C5137B6006F4CEC /* bg_track1_1@2x.jpg in Resources */,
				A6CFE9611C24997D00623DBB /* A.mp3 in Resources */,
				A6D1B8661C5137B6006F4CEC /* bg_track2_2@2x.jpg in Resources */,
				A6D1B8241C5137B6006F4CEC /* 1-5_ol@2x.png in Resources */,
				A6D1B85C1C5137B6006F4CEC /* 7-1_apt@2x.png in Resources */,
				A6D1B89E1C5137B6006F4CEC /* ani_G_2@2x.png in Resources */,
				A6D1B8851C5137B6006F4CEC /* play@2x.png in Resources */,
				A6D1B8691C5137B6006F4CEC /* bg_track4_1@2x.jpg in Resources */,
				A6D1B89A1C5137B6006F4CEC /* ani_E_2@2x.png in Resources */,
				A6D1B8761C5137B6006F4CEC /* stylus_play@2x.png in Resources */,
				A6D1B85A1C5137B6006F4CEC /* 7-1_1@2x.png in Resources */,
				A6D1B83F1C5137B6006F4CEC /* 3-1_bg2@2x.png in Resources */,
				A6D1B85B1C5137B6006F4CEC /* 7-1_2@2x.png in Resources */,
				A6D1B8471C5137B6006F4CEC /* 4-1_bg@2x.png in Resources */,
				A6CFE9631C24997D00623DBB /* E.mp3 in Resources */,
				A6D1B81D1C5137B6006F4CEC /* 1-1@2x.png in Resources */,
				A6B8A5941C52892600F8FB79 /* ani_A_1@2x.png in Resources */,
				A6D1B8881C5137B6006F4CEC /* 3-C_add@2x.png in Resources */,
				A6D1B8871C5137B6006F4CEC /* window@2x.png in Resources */,
				A6CFE9681C24997D00623DBB /* G.mp3 in Resources */,
				A6D1B8481C5137B6006F4CEC /* 4-1_E@2x.png in Resources */,
				A6D1B8981C5137B6006F4CEC /* ani_D_2@2x.png in Resources */,
				A6D1B8A71C5137B6006F4CEC /* launch@2x.png in Resources */,
				A6D1B83E1C5137B6006F4CEC /* 3-1_bg1@2x.png in Resources */,
				A6DAB5D91C25AB2D001CD22A /* B.mp3 in Resources */,
				A6D1B8341C5137B6006F4CEC /* 2-1_text1@2x.png in Resources */,
				A6D1B86A1C5137B6006F4CEC /* bg_track4_2@2x.jpg in Resources */,
				A6D1B82B1C5137B6006F4CEC /* b1-2@2x.png in Resources */,
				A6D1B85F1C5137B6006F4CEC /* 8-1_record@2x.png in Resources */,
				A6D1B8311C5137B6006F4CEC /* 2-1_A.png in Resources */,
				A6B8A58E1C5288F100F8FB79 /* bg_track7_1@2x.jpg in Resources */,
				A6D1B8BA1C5137D4006F4CEC /* Track7.wav in Resources */,
				A6CFE9651C24997D00623DBB /* D.mp3 in Resources */,
				A6D1B8581C5137B6006F4CEC /* 6-J@2x.png in Resources */,
				A6D1B8B61C5137D4006F4CEC /* Track3.wav in Resources */,
				A6B8A5991C52892E00F8FB79 /* ani_J_2@2x.png in Resources */,
				A6D1B8351C5137B6006F4CEC /* 2-1_text2@2x.png in Resources */,
				A6D1B8571C5137B6006F4CEC /* 6-I@2x.png in Resources */,
				A6D1B87E1C5137B6006F4CEC /* next@2x.png in Resources */,
				A6D1B8791C5137B6006F4CEC /* download@2x.png in Resources */,
				A6D1B8281C5137B6006F4CEC /* 1-5_text@2x.png in Resources */,
				A6D1B8781C5137B6006F4CEC /* close@2x.png in Resources */,
				A6D1B82A1C5137B6006F4CEC /* b1-1@2x.png in Resources */,
				A6D1B82F1C5137B6006F4CEC /* b1-4_start@2x.png in Resources */,
				A6D1B8B81C5137D4006F4CEC /* Track5.wav in Resources */,
				A6B8A58D1C5288F100F8FB79 /* bg_track6_2@2x.jpg in Resources */,
				A6D1B81E1C5137B6006F4CEC /* 1-2@2x.png in Resources */,
				A6D1B8371C5137B6006F4CEC /* 2-1_text4@2x.png in Resources */,
				A6D1B8B51C5137D4006F4CEC /* Track2.wav in Resources */,
				A6D1B8641C5137B6006F4CEC /* bg_track1_2@2x.jpg in Resources */,
				A6D1B83B1C5137B6006F4CEC /* note_1@2x.png in Resources */,
				A6D1B82C1C5137B6006F4CEC /* b1-3@2x.png in Resources */,
				A6042AD91C3163E1004FA052 /* openningBGM2.mp3 in Resources */,
				A6B8A5951C52892600F8FB79 /* ani_A_2@2x.png in Resources */,
				A6D1B8461C5137B6006F4CEC /* 4-0@2x.png in Resources */,
				A6D1B8251C5137B6006F4CEC /* 1-5_smoke2@2x.png in Resources */,
				A6D1B8261C5137B6006F4CEC /* 1-5_smoke3@2x.png in Resources */,
				A6D1B84E1C5137B6006F4CEC /* 5-1_bg@2x.png in Resources */,
				A6D1B8221C5137B6006F4CEC /* 1-4_start@2x.png in Resources */,
				A6D1B84B1C5137B6006F4CEC /* 4-F@2x.png in Resources */,
				A6D1B83D1C5137B6006F4CEC /* 3-1_A@2x.png in Resources */,
				A6D1B8331C5137B6006F4CEC /* 2-1_bg@2x.png in Resources */,
				A6D1B8841C5137B6006F4CEC /* pause_press@2x.png in Resources */,
				A6D1B8171C5137B6006F4CEC /* 0_intro@2x.jpg in Resources */,
				A6D1B87F1C5137B6006F4CEC /* next_m-2@2x.png in Resources */,
				A6D1B81F1C5137B6006F4CEC /* 1-3@2x.png in Resources */,
				A6D1B8561C5137B6006F4CEC /* 6-1_J@2x.png in Resources */,
				A6CFE96A1C24997D00623DBB /* J.mp3 in Resources */,
				A6D1B8401C5137B6006F4CEC /* 3-1_C@2x.png in Resources */,
				A6D1B84D1C5137B6006F4CEC /* 5-1_A@2x.png in Resources */,
				A6D1B8741C5137B6006F4CEC /* record@2x.png in Resources */,
				A6D1B87C1C5137B6006F4CEC /* home@2x.png in Resources */,
				A6B8A58A1C5288F100F8FB79 /* bg_track5_1@2x.jpg in Resources */,
				A6D1B8431C5137B6006F4CEC /* 3-C@2x.png in Resources */,
				A6D1B8381C5137B6006F4CEC /* 2-A@2x.png in Resources */,
				A6B8A5901C5288F100F8FB79 /* bg_track8_1@2x.jpg in Resources */,
				A6D1B8321C5137B6006F4CEC /* 2-1_B.png in Resources */,
				A6CFE9621C24997D00623DBB /* F.mp3 in Resources */,
				A6D1B8671C5137B6006F4CEC /* bg_track3_1@2x.jpg in Resources */,
				A6D1B84F1C5137B6006F4CEC /* 5-1_G@2x.png in Resources */,
				A6FABD9D1C3E5FA000CF3EE2 /* dong.mp3 in Resources */,
				A6B8A58C1C5288F100F8FB79 /* bg_track6_1@2x.jpg in Resources */,
				A6D1B82D1C5137B6006F4CEC /* b1-4_end@2x.png in Resources */,
				A6D1B87A1C5137B6006F4CEC /* hint@2x.png in Resources */,
				A6D1B89B1C5137B6006F4CEC /* ani_F_1@2x.png in Resources */,
				A6D1B8521C5137B6006F4CEC /* 5-H@2x.png in Resources */,
				A6D1B8611C5137B6006F4CEC /* 8-1_text@2x.png in Resources */,
				A6D4885A1C2EBB4E00186A04 /* C.mp3 in Resources */,
				A6D1B81A1C5137B6006F4CEC /* cover_3@2x.jpg in Resources */,
				A6D1B8181C5137B6006F4CEC /* cover_1@2x.jpg in Resources */,
				A6D1B88F1C5137B6006F4CEC /* 6-J_add@2x.png in Resources */,
				A6D1B82E1C5137B6006F4CEC /* b1-4_long@2x.png in Resources */,
				A6D1B8B71C5137D4006F4CEC /* Track4.wav in Resources */,
				A6D1B8991C5137B6006F4CEC /* ani_E_1@2x.png in Resources */,
				A6D1B88A1C5137B6006F4CEC /* 4-E_add@2x.png in Resources */,
				A6D1B8771C5137B6006F4CEC /* back@2x.png in Resources */,
				A6B8A5981C52892E00F8FB79 /* ani_J_1@2x.png in Resources */,
				A6D1B8361C5137B6006F4CEC /* 2-1_text3@2x.png in Resources */,
				A6D1B8931C5137B6006F4CEC /* ani_B_1@2x.png in Resources */,
				A6D1B8A21C5137B6006F4CEC /* ani_I_2@2x.png in Resources */,
				A6D1B8A11C5137B6006F4CEC /* ani_I_1@2x.png in Resources */,
				A6D1B8B91C5137D4006F4CEC /* Track6.wav in Resources */,
				A6D1B8551C5137B6006F4CEC /* 6-1_I@2x.png in Resources */,
				A6D1B8961C5137B6006F4CEC /* ani_C_2@2x.png in Resources */,
				A6D1B8891C5137B6006F4CEC /* 3-D_add@2x.png in Resources */,
				A6D1B8621C5137B6006F4CEC /* 8-2_bg@2x.jpg in Resources */,
				A6D1B8511C5137B6006F4CEC /* 5-G@2x.png in Resources */,
				A6CFE9671C24997D00623DBB /* I.mp3 in Resources */,
				A6D1B8811C5137B6006F4CEC /* next_m_2@2x.png in Resources */,
				A6D1B89D1C5137B6006F4CEC /* ani_G_1@2x.png in Resources */,
				A6042D5E1C3A8AFB004FA052 /* Main.storyboard in Resources */,
				A6D1B8941C5137B6006F4CEC /* ani_B_2@2x.png in Resources */,
				A6D1B81B1C5137B6006F4CEC /* cover_play@2x.png in Resources */,
				A6D1B83C1C5137B6006F4CEC /* note_2@2x.png in Resources */,
				A6D1B85E1C5137B6006F4CEC /* 8-1@2x.png in Resources */,
				A6D1B8161C5137B6006F4CEC /* 0_how@2x.png in Resources */,
				A6D1B8971C5137B6006F4CEC /* ani_D_1@2x.png in Resources */,
				A6D1B8681C5137B6006F4CEC /* bg_track3_2@2x.jpg in Resources */,
				A6D1B8541C5137B6006F4CEC /* 6-1@2x.png in Resources */,
				A6D1B8BB1C5137D4006F4CEC /* Track8.wav in Resources */,
			);
			runOnlyForDeploymentPostprocessing = 0;
		};
/* End PBXResourcesBuildPhase section */

/* Begin PBXSourcesBuildPhase section */
		A6CC8E9F1C24008200D9E9B1 /* Sources */ = {
			isa = PBXSourcesBuildPhase;
			buildActionMask = 2147483647;
			files = (
				A6CC8F161C24050800D9E9B1 /* OpenningViewController.m in Sources */,
				A6FABD941C3CFF1500CF3EE2 /* BushiViewController.m in Sources */,
				A6042ADC1C326763004FA052 /* SingleSceneViewController.m in Sources */,
				A6CFE9531C2493B000623DBB /* StationViewController.m in Sources */,
				A6D4885D1C2ED8CE00186A04 /* FlowerShopViewController.m in Sources */,
				A6FABDB01C3E801400CF3EE2 /* UIImageView+Rotate.m in Sources */,
				A6CC8F231C24527700D9E9B1 /* CharacterViewController.m in Sources */,
				A6CC8EAB1C24008200D9E9B1 /* AppDelegate.m in Sources */,
				A6DAB5D41C257320001CD22A /* GeneralViewController.m in Sources */,
				A6CFE94E1C247A0400623DBB /* One5ViewController.m in Sources */,
				A6FABD9B1C3D407800CF3EE2 /* RecordViewController.m in Sources */,
				A6CC8EA81C24008200D9E9B1 /* main.m in Sources */,
				A6DAB5D71C25765F001CD22A /* CafeViewController.m in Sources */,
				A6FABD971C3D36C600CF3EE2 /* UIView+Glow.m in Sources */,
				A6CC8F1D1C2446BD00D9E9B1 /* ParkViewController.m in Sources */,
				A6CFE96F1C249D9700623DBB /* CintinGlobalData.m in Sources */,
			);
			runOnlyForDeploymentPostprocessing = 0;
		};
/* End PBXSourcesBuildPhase section */

/* Begin PBXVariantGroup section */
		A6CC8EAF1C24008200D9E9B1 /* Main.storyboard */ = {
			isa = PBXVariantGroup;
			children = (
				A6CC8EB01C24008200D9E9B1 /* Base */,
			);
			name = Main.storyboard;
			sourceTree = "<group>";
		};
/* End PBXVariantGroup section */

/* Begin XCBuildConfiguration section */
		A6CC8EB81C24008200D9E9B1 /* Debug */ = {
			isa = XCBuildConfiguration;
			buildSettings = {
				ALWAYS_SEARCH_USER_PATHS = NO;
				CLANG_CXX_LANGUAGE_STANDARD = "gnu++0x";
				CLANG_CXX_LIBRARY = "libc++";
				CLANG_ENABLE_MODULES = YES;
				CLANG_ENABLE_OBJC_ARC = YES;
				CLANG_WARN_BOOL_CONVERSION = YES;
				CLANG_WARN_CONSTANT_CONVERSION = YES;
				CLANG_WARN_DIRECT_OBJC_ISA_USAGE = YES_ERROR;
				CLANG_WARN_EMPTY_BODY = YES;
				CLANG_WARN_ENUM_CONVERSION = YES;
				CLANG_WARN_INT_CONVERSION = YES;
				CLANG_WARN_OBJC_ROOT_CLASS = YES_ERROR;
				CLANG_WARN_UNREACHABLE_CODE = YES;
				CLANG_WARN__DUPLICATE_METHOD_MATCH = YES;
				"CODE_SIGN_IDENTITY[sdk=iphoneos*]" = "iPhone Developer";
				COPY_PHASE_STRIP = NO;
				DEBUG_INFORMATION_FORMAT = dwarf;
				ENABLE_STRICT_OBJC_MSGSEND = YES;
				ENABLE_TESTABILITY = YES;
				GCC_C_LANGUAGE_STANDARD = gnu99;
				GCC_DYNAMIC_NO_PIC = NO;
				GCC_NO_COMMON_BLOCKS = YES;
				GCC_OPTIMIZATION_LEVEL = 0;
				GCC_PREPROCESSOR_DEFINITIONS = (
					"DEBUG=1",
					"$(inherited)",
				);
				GCC_WARN_64_TO_32_BIT_CONVERSION = YES;
				GCC_WARN_ABOUT_RETURN_TYPE = YES_ERROR;
				GCC_WARN_UNDECLARED_SELECTOR = YES;
				GCC_WARN_UNINITIALIZED_AUTOS = YES_AGGRESSIVE;
				GCC_WARN_UNUSED_FUNCTION = YES;
				GCC_WARN_UNUSED_VARIABLE = YES;
				IPHONEOS_DEPLOYMENT_TARGET = 9.2;
				MTL_ENABLE_DEBUG_INFO = YES;
				ONLY_ACTIVE_ARCH = YES;
				PRODUCT_NAME = "心弦之歌2";
				SDKROOT = iphoneos;
			};
			name = Debug;
		};
		A6CC8EB91C24008200D9E9B1 /* Release */ = {
			isa = XCBuildConfiguration;
			buildSettings = {
				ALWAYS_SEARCH_USER_PATHS = NO;
				CLANG_CXX_LANGUAGE_STANDARD = "gnu++0x";
				CLANG_CXX_LIBRARY = "libc++";
				CLANG_ENABLE_MODULES = YES;
				CLANG_ENABLE_OBJC_ARC = YES;
				CLANG_WARN_BOOL_CONVERSION = YES;
				CLANG_WARN_CONSTANT_CONVERSION = YES;
				CLANG_WARN_DIRECT_OBJC_ISA_USAGE = YES_ERROR;
				CLANG_WARN_EMPTY_BODY = YES;
				CLANG_WARN_ENUM_CONVERSION = YES;
				CLANG_WARN_INT_CONVERSION = YES;
				CLANG_WARN_OBJC_ROOT_CLASS = YES_ERROR;
				CLANG_WARN_UNREACHABLE_CODE = YES;
				CLANG_WARN__DUPLICATE_METHOD_MATCH = YES;
				"CODE_SIGN_IDENTITY[sdk=iphoneos*]" = "iPhone Developer";
				COPY_PHASE_STRIP = NO;
				DEBUG_INFORMATION_FORMAT = "dwarf-with-dsym";
				ENABLE_NS_ASSERTIONS = NO;
				ENABLE_STRICT_OBJC_MSGSEND = YES;
				GCC_C_LANGUAGE_STANDARD = gnu99;
				GCC_NO_COMMON_BLOCKS = YES;
				GCC_WARN_64_TO_32_BIT_CONVERSION = YES;
				GCC_WARN_ABOUT_RETURN_TYPE = YES_ERROR;
				GCC_WARN_UNDECLARED_SELECTOR = YES;
				GCC_WARN_UNINITIALIZED_AUTOS = YES_AGGRESSIVE;
				GCC_WARN_UNUSED_FUNCTION = YES;
				GCC_WARN_UNUSED_VARIABLE = YES;
				IPHONEOS_DEPLOYMENT_TARGET = 9.2;
				MTL_ENABLE_DEBUG_INFO = NO;
				PRODUCT_NAME = "心弦之歌2";
				SDKROOT = iphoneos;
				VALIDATE_PRODUCT = YES;
			};
			name = Release;
		};
		A6CC8EBB1C24008200D9E9B1 /* Debug */ = {
			isa = XCBuildConfiguration;
			buildSettings = {
				ASSETCATALOG_COMPILER_APPICON_NAME = AppIcon;
				ASSETCATALOG_COMPILER_LAUNCHIMAGE_NAME = LaunchImage;
				CODE_SIGN_IDENTITY = "iPhone Developer";
				INFOPLIST_FILE = CintinWork/Info.plist;
				LD_RUNPATH_SEARCH_PATHS = "$(inherited) @executable_path/Frameworks";
				PRODUCT_BUNDLE_IDENTIFIER = ChengChiaTing.CintinWork2;
				PRODUCT_NAME = "心弦之歌";
				TARGETED_DEVICE_FAMILY = 2;
			};
			name = Debug;
		};
		A6CC8EBC1C24008200D9E9B1 /* Release */ = {
			isa = XCBuildConfiguration;
			buildSettings = {
				ASSETCATALOG_COMPILER_APPICON_NAME = AppIcon;
				ASSETCATALOG_COMPILER_LAUNCHIMAGE_NAME = LaunchImage;
				CODE_SIGN_IDENTITY = "iPhone Developer";
				INFOPLIST_FILE = CintinWork/Info.plist;
				LD_RUNPATH_SEARCH_PATHS = "$(inherited) @executable_path/Frameworks";
				PRODUCT_BUNDLE_IDENTIFIER = ChengChiaTing.CintinWork2;
				PRODUCT_NAME = "心弦之歌";
				TARGETED_DEVICE_FAMILY = 2;
			};
			name = Release;
		};
/* End XCBuildConfiguration section */

/* Begin XCConfigurationList section */
		A6CC8E9E1C24008200D9E9B1 /* Build configuration list for PBXProject "CintinWork" */ = {
			isa = XCConfigurationList;
			buildConfigurations = (
				A6CC8EB81C24008200D9E9B1 /* Debug */,
				A6CC8EB91C24008200D9E9B1 /* Release */,
			);
			defaultConfigurationIsVisible = 0;
			defaultConfigurationName = Release;
		};
		A6CC8EBA1C24008200D9E9B1 /* Build configuration list for PBXNativeTarget "CintinWork" */ = {
			isa = XCConfigurationList;
			buildConfigurations = (
				A6CC8EBB1C24008200D9E9B1 /* Debug */,
				A6CC8EBC1C24008200D9E9B1 /* Release */,
			);
			defaultConfigurationIsVisible = 0;
			defaultConfigurationName = Release;
		};
/* End XCConfigurationList section */
	};
	rootObject = A6CC8E9B1C24008200D9E9B1 /* Project object */;
}
